
Microsoft Visual Studio Solution File, Format Version 12.00
# Visual Studio Version 16
VisualStudioVersion = 16.0.29613.14
MinimumVisualStudioVersion = 10.0.40219.1
Project("{8BC9CEB8-8B4A-11D0-8D11-00A0C91BC942}") = "1.1", "1.1\place1.vcxproj", "{2DDB80C0-E096-44B0-A088-9B8AFFFB6543}"
EndProject
Project("{8BC9CEB8-8B4A-11D0-8D11-00A0C91BC942}") = "1.2", "1.2\place2.vcxproj", "{537AB6FE-CEE1-4FD2-B368-B91171B6E9CE}"
EndProject
Project("{8BC9CEB8-8B4A-11D0-8D11-00A0C91BC942}") = "1.3", "1.3\place3.vcxproj", "{BB1F6D00-FBA7-414B-A616-B405751C8954}"
EndProject
Project("{8BC9CEB8-8B4A-11D0-8D11-00A0C91BC942}") = "1.4", "1.4\1.4.vcxproj", "{0835560F-2ABA-4696-A1B7-5D0796065931}"
EndProject
Project("{8BC9CEB8-8B4A-11D0-8D11-00A0C91BC942}") = "1.5", "1.5\1.5.vcxproj", "{1C415270-7FAB-482B-854C-45083D91D0BB}"
EndProject
Project("{8BC9CEB8-8B4A-11D0-8D11-00A0C91BC942}") = "2.1", "2.1\2.1.vcxproj", "{41AC3785-1118-4D4F-97E7-755B174244A5}"
EndProject
Project("{8BC9CEB8-8B4A-11D0-8D11-00A0C91BC942}") = "2.3", "2.3\2.3.vcxproj", "{690B0DC6-28B2-4CC7-A3F9-221801176AF9}"
EndProject
Project("{8BC9CEB8-8B4A-11D0-8D11-00A0C91BC942}") = "2.4", "2.4\2.4.vcxproj", "{1DAFAF2A-FEEB-44A8-B44A-66BF2235277D}"
EndProject
Project("{8BC9CEB8-8B4A-11D0-8D11-00A0C91BC942}") = "2.2", "2.2\2.2.vcxproj", "{F9DB330D-F19A-412B-945F-A93F5B01678E}"
EndProject
Project("{8BC9CEB8-8B4A-11D0-8D11-00A0C91BC942}") = "2.5", "2.5\2.5.vcxproj", "{5A9442AD-2BD1-41F2-ABDB-67F1943C054A}"
EndProject
Project("{8BC9CEB8-8B4A-11D0-8D11-00A0C91BC942}") = "2.6", "2.6\2.6.vcxproj", "{4F05634A-C22E-4AE6-850B-2EA45DE482F7}"
EndProject
Project("{8BC9CEB8-8B4A-11D0-8D11-00A0C91BC942}") = "1.6", "1.6\1.6.vcxproj", "{39B4FB9D-18AF-4F0B-A418-54948E79FFF6}"
EndProject
Project("{8BC9CEB8-8B4A-11D0-8D11-00A0C91BC942}") = "2.7", "2.7\2.7.vcxproj", "{6178DFCB-EF8F-46DB-AA43-87DDFFF2A733}"
EndProject
Project("{8BC9CEB8-8B4A-11D0-8D11-00A0C91BC942}") = "1.7", "1.7\1.7.vcxproj", "{3A0A6BCD-0B91-44F5-BACD-DB9C7525A076}"
EndProject
Project("{8BC9CEB8-8B4A-11D0-8D11-00A0C91BC942}") = "3.3", "3.3\3.3.vcxproj", "{D19A36BF-89EE-4C50-97AD-456599502C19}"
EndProject
Project("{8BC9CEB8-8B4A-11D0-8D11-00A0C91BC942}") = "3.6", "3.6\3.6.vcxproj", "{C9D3FF50-677A-438A-AEF5-D5BB4BA822C9}"
EndProject
Project("{8BC9CEB8-8B4A-11D0-8D11-00A0C91BC942}") = "3.1", "3.1\3.1.vcxproj", "{F0025A7B-AFAD-4E35-ADB4-1044392AFB57}"
EndProject
Project("{8BC9CEB8-8B4A-11D0-8D11-00A0C91BC942}") = "3.7", "3.7\3.7.vcxproj", "{23261083-FC56-44A4-B9A9-7FDF74D6C227}"
EndProject
Project("{8BC9CEB8-8B4A-11D0-8D11-00A0C91BC942}") = "3.5", "3.5\3.5.vcxproj", "{E69F1BDD-1960-4F47-9204-FB9F553CE759}"
EndProject
Project("{8BC9CEB8-8B4A-11D0-8D11-00A0C91BC942}") = "3.4", "3.4\3.4.vcxproj", "{62F6E966-FDE0-4CE3-8ED8-CEB7517BC283}"
EndProject
Project("{8BC9CEB8-8B4A-11D0-8D11-00A0C91BC942}") = "4.1", "4.1\4.1.vcxproj", "{6E605DF6-73DD-43D7-B9B1-848E0215D8D2}"
EndProject
Project("{8BC9CEB8-8B4A-11D0-8D11-00A0C91BC942}") = "4.3", "4.3\4.3.vcxproj", "{243E2959-8712-4FB0-9AF1-A9AFD361DA43}"
EndProject
Project("{8BC9CEB8-8B4A-11D0-8D11-00A0C91BC942}") = "4.2", "4.2\4.2.vcxproj", "{83DE2A6C-B105-4A91-94C8-199E19627A82}"
EndProject
Project("{8BC9CEB8-8B4A-11D0-8D11-00A0C91BC942}") = "4.6", "4.6\4.6.vcxproj", "{1950A240-EEA1-4E55-9FC9-AF0EB249F326}"
EndProject
Project("{8BC9CEB8-8B4A-11D0-8D11-00A0C91BC942}") = "4.5", "4.5\4.5.vcxproj", "{C3E5EC82-3EC2-4AFF-9B0B-5B839CF36C1F}"
EndProject
Project("{8BC9CEB8-8B4A-11D0-8D11-00A0C91BC942}") = "4.4", "4.4\4.4.vcxproj", "{D30849BE-E4CD-48DC-A539-53502AE15A00}"
EndProject
Project("{8BC9CEB8-8B4A-11D0-8D11-00A0C91BC942}") = "5.3", "5.3\5.3.vcxproj", "{9859DFE6-9BDC-4E6E-ADE4-14D6456102A1}"
EndProject
Project("{8BC9CEB8-8B4A-11D0-8D11-00A0C91BC942}") = "5.7", "5.7\5.7.vcxproj", "{339A1047-5554-4CBD-989B-53F59F0D2786}"
EndProject
Project("{8BC9CEB8-8B4A-11D0-8D11-00A0C91BC942}") = "5.4", "5.4\5.4.vcxproj", "{B9F0F0B9-2484-4690-B51F-CAF3B1A64A59}"
EndProject
Project("{8BC9CEB8-8B4A-11D0-8D11-00A0C91BC942}") = "5.1", "5.1\5.1.vcxproj", "{7AC090C3-24BE-4002-A4D2-56396715ACCB}"
EndProject
Project("{8BC9CEB8-8B4A-11D0-8D11-00A0C91BC942}") = "5.5", "5.5\5.5.vcxproj", "{C0824D10-2041-4709-9292-52BC93D857FC}"
EndProject
Project("{8BC9CEB8-8B4A-11D0-8D11-00A0C91BC942}") = "5.6", "5.6\5.6.vcxproj", "{46522C05-C145-476D-A9D2-141BA9574AA5}"
EndProject
Project("{8BC9CEB8-8B4A-11D0-8D11-00A0C91BC942}") = "5.2", "5.2\5.2.vcxproj", "{02124144-6BD0-4490-827C-11BBE3E1644C}"
EndProject
Project("{8BC9CEB8-8B4A-11D0-8D11-00A0C91BC942}") = "3.2", "3.2\3.2.vcxproj", "{33792E3A-70E6-40AE-AE33-A44617B289FA}"
EndProject
Project("{8BC9CEB8-8B4A-11D0-8D11-00A0C91BC942}") = "6.1", "6.1\6.1.vcxproj", "{92B3901E-3527-42E2-AAA1-B026667D19D7}"
EndProject
Project("{8BC9CEB8-8B4A-11D0-8D11-00A0C91BC942}") = "6.2", "6.2\6.2.vcxproj", "{EF7D3CD8-75DE-4E91-8BA9-F8DCF7C6BB1A}"
EndProject
Project("{8BC9CEB8-8B4A-11D0-8D11-00A0C91BC942}") = "6.3", "6.3\6.3.vcxproj", "{31D197A3-4FAA-4727-8655-59F32D7E7C94}"
EndProject
Global
	GlobalSection(SolutionConfigurationPlatforms) = preSolution
		Debug|x64 = Debug|x64
		Debug|x86 = Debug|x86
		Release|x64 = Release|x64
		Release|x86 = Release|x86
	EndGlobalSection
	GlobalSection(ProjectConfigurationPlatforms) = postSolution
		{2DDB80C0-E096-44B0-A088-9B8AFFFB6543}.Debug|x64.ActiveCfg = Debug|x64
		{2DDB80C0-E096-44B0-A088-9B8AFFFB6543}.Debug|x64.Build.0 = Debug|x64
		{2DDB80C0-E096-44B0-A088-9B8AFFFB6543}.Debug|x86.ActiveCfg = Debug|Win32
		{2DDB80C0-E096-44B0-A088-9B8AFFFB6543}.Debug|x86.Build.0 = Debug|Win32
		{2DDB80C0-E096-44B0-A088-9B8AFFFB6543}.Release|x64.ActiveCfg = Release|x64
		{2DDB80C0-E096-44B0-A088-9B8AFFFB6543}.Release|x64.Build.0 = Release|x64
		{2DDB80C0-E096-44B0-A088-9B8AFFFB6543}.Release|x86.ActiveCfg = Release|Win32
		{2DDB80C0-E096-44B0-A088-9B8AFFFB6543}.Release|x86.Build.0 = Release|Win32
		{537AB6FE-CEE1-4FD2-B368-B91171B6E9CE}.Debug|x64.ActiveCfg = Debug|x64
		{537AB6FE-CEE1-4FD2-B368-B91171B6E9CE}.Debug|x64.Build.0 = Debug|x64
		{537AB6FE-CEE1-4FD2-B368-B91171B6E9CE}.Debug|x86.ActiveCfg = Debug|Win32
		{537AB6FE-CEE1-4FD2-B368-B91171B6E9CE}.Debug|x86.Build.0 = Debug|Win32
		{537AB6FE-CEE1-4FD2-B368-B91171B6E9CE}.Release|x64.ActiveCfg = Release|x64
		{537AB6FE-CEE1-4FD2-B368-B91171B6E9CE}.Release|x64.Build.0 = Release|x64
		{537AB6FE-CEE1-4FD2-B368-B91171B6E9CE}.Release|x86.ActiveCfg = Release|Win32
		{537AB6FE-CEE1-4FD2-B368-B91171B6E9CE}.Release|x86.Build.0 = Release|Win32
		{BB1F6D00-FBA7-414B-A616-B405751C8954}.Debug|x64.ActiveCfg = Debug|x64
		{BB1F6D00-FBA7-414B-A616-B405751C8954}.Debug|x64.Build.0 = Debug|x64
		{BB1F6D00-FBA7-414B-A616-B405751C8954}.Debug|x86.ActiveCfg = Debug|Win32
		{BB1F6D00-FBA7-414B-A616-B405751C8954}.Debug|x86.Build.0 = Debug|Win32
		{BB1F6D00-FBA7-414B-A616-B405751C8954}.Release|x64.ActiveCfg = Release|x64
		{BB1F6D00-FBA7-414B-A616-B405751C8954}.Release|x64.Build.0 = Release|x64
		{BB1F6D00-FBA7-414B-A616-B405751C8954}.Release|x86.ActiveCfg = Release|Win32
		{BB1F6D00-FBA7-414B-A616-B405751C8954}.Release|x86.Build.0 = Release|Win32
		{0835560F-2ABA-4696-A1B7-5D0796065931}.Debug|x64.ActiveCfg = Debug|x64
		{0835560F-2ABA-4696-A1B7-5D0796065931}.Debug|x64.Build.0 = Debug|x64
		{0835560F-2ABA-4696-A1B7-5D0796065931}.Debug|x86.ActiveCfg = Debug|Win32
		{0835560F-2ABA-4696-A1B7-5D0796065931}.Debug|x86.Build.0 = Debug|Win32
		{0835560F-2ABA-4696-A1B7-5D0796065931}.Release|x64.ActiveCfg = Release|x64
		{0835560F-2ABA-4696-A1B7-5D0796065931}.Release|x64.Build.0 = Release|x64
		{0835560F-2ABA-4696-A1B7-5D0796065931}.Release|x86.ActiveCfg = Release|Win32
		{0835560F-2ABA-4696-A1B7-5D0796065931}.Release|x86.Build.0 = Release|Win32
		{1C415270-7FAB-482B-854C-45083D91D0BB}.Debug|x64.ActiveCfg = Debug|x64
		{1C415270-7FAB-482B-854C-45083D91D0BB}.Debug|x64.Build.0 = Debug|x64
		{1C415270-7FAB-482B-854C-45083D91D0BB}.Debug|x86.ActiveCfg = Debug|Win32
		{1C415270-7FAB-482B-854C-45083D91D0BB}.Debug|x86.Build.0 = Debug|Win32
		{1C415270-7FAB-482B-854C-45083D91D0BB}.Release|x64.ActiveCfg = Release|x64
		{1C415270-7FAB-482B-854C-45083D91D0BB}.Release|x64.Build.0 = Release|x64
		{1C415270-7FAB-482B-854C-45083D91D0BB}.Release|x86.ActiveCfg = Release|Win32
		{1C415270-7FAB-482B-854C-45083D91D0BB}.Release|x86.Build.0 = Release|Win32
		{41AC3785-1118-4D4F-97E7-755B174244A5}.Debug|x64.ActiveCfg = Debug|x64
		{41AC3785-1118-4D4F-97E7-755B174244A5}.Debug|x64.Build.0 = Debug|x64
		{41AC3785-1118-4D4F-97E7-755B174244A5}.Debug|x86.ActiveCfg = Debug|Win32
		{41AC3785-1118-4D4F-97E7-755B174244A5}.Debug|x86.Build.0 = Debug|Win32
		{41AC3785-1118-4D4F-97E7-755B174244A5}.Release|x64.ActiveCfg = Release|x64
		{41AC3785-1118-4D4F-97E7-755B174244A5}.Release|x64.Build.0 = Release|x64
		{41AC3785-1118-4D4F-97E7-755B174244A5}.Release|x86.ActiveCfg = Release|Win32
		{41AC3785-1118-4D4F-97E7-755B174244A5}.Release|x86.Build.0 = Release|Win32
		{690B0DC6-28B2-4CC7-A3F9-221801176AF9}.Debug|x64.ActiveCfg = Debug|x64
		{690B0DC6-28B2-4CC7-A3F9-221801176AF9}.Debug|x64.Build.0 = Debug|x64
		{690B0DC6-28B2-4CC7-A3F9-221801176AF9}.Debug|x86.ActiveCfg = Debug|Win32
		{690B0DC6-28B2-4CC7-A3F9-221801176AF9}.Debug|x86.Build.0 = Debug|Win32
		{690B0DC6-28B2-4CC7-A3F9-221801176AF9}.Release|x64.ActiveCfg = Release|x64
		{690B0DC6-28B2-4CC7-A3F9-221801176AF9}.Release|x64.Build.0 = Release|x64
		{690B0DC6-28B2-4CC7-A3F9-221801176AF9}.Release|x86.ActiveCfg = Release|Win32
		{690B0DC6-28B2-4CC7-A3F9-221801176AF9}.Release|x86.Build.0 = Release|Win32
		{1DAFAF2A-FEEB-44A8-B44A-66BF2235277D}.Debug|x64.ActiveCfg = Debug|x64
		{1DAFAF2A-FEEB-44A8-B44A-66BF2235277D}.Debug|x64.Build.0 = Debug|x64
		{1DAFAF2A-FEEB-44A8-B44A-66BF2235277D}.Debug|x86.ActiveCfg = Debug|Win32
		{1DAFAF2A-FEEB-44A8-B44A-66BF2235277D}.Debug|x86.Build.0 = Debug|Win32
		{1DAFAF2A-FEEB-44A8-B44A-66BF2235277D}.Release|x64.ActiveCfg = Release|x64
		{1DAFAF2A-FEEB-44A8-B44A-66BF2235277D}.Release|x64.Build.0 = Release|x64
		{1DAFAF2A-FEEB-44A8-B44A-66BF2235277D}.Release|x86.ActiveCfg = Release|Win32
		{1DAFAF2A-FEEB-44A8-B44A-66BF2235277D}.Release|x86.Build.0 = Release|Win32
		{F9DB330D-F19A-412B-945F-A93F5B01678E}.Debug|x64.ActiveCfg = Debug|x64
		{F9DB330D-F19A-412B-945F-A93F5B01678E}.Debug|x64.Build.0 = Debug|x64
		{F9DB330D-F19A-412B-945F-A93F5B01678E}.Debug|x86.ActiveCfg = Debug|Win32
		{F9DB330D-F19A-412B-945F-A93F5B01678E}.Debug|x86.Build.0 = Debug|Win32
		{F9DB330D-F19A-412B-945F-A93F5B01678E}.Release|x64.ActiveCfg = Release|x64
		{F9DB330D-F19A-412B-945F-A93F5B01678E}.Release|x64.Build.0 = Release|x64
		{F9DB330D-F19A-412B-945F-A93F5B01678E}.Release|x86.ActiveCfg = Release|Win32
		{F9DB330D-F19A-412B-945F-A93F5B01678E}.Release|x86.Build.0 = Release|Win32
		{5A9442AD-2BD1-41F2-ABDB-67F1943C054A}.Debug|x64.ActiveCfg = Debug|x64
		{5A9442AD-2BD1-41F2-ABDB-67F1943C054A}.Debug|x64.Build.0 = Debug|x64
		{5A9442AD-2BD1-41F2-ABDB-67F1943C054A}.Debug|x86.ActiveCfg = Debug|Win32
		{5A9442AD-2BD1-41F2-ABDB-67F1943C054A}.Debug|x86.Build.0 = Debug|Win32
		{5A9442AD-2BD1-41F2-ABDB-67F1943C054A}.Release|x64.ActiveCfg = Release|x64
		{5A9442AD-2BD1-41F2-ABDB-67F1943C054A}.Release|x64.Build.0 = Release|x64
		{5A9442AD-2BD1-41F2-ABDB-67F1943C054A}.Release|x86.ActiveCfg = Release|Win32
		{5A9442AD-2BD1-41F2-ABDB-67F1943C054A}.Release|x86.Build.0 = Release|Win32
		{4F05634A-C22E-4AE6-850B-2EA45DE482F7}.Debug|x64.ActiveCfg = Debug|x64
		{4F05634A-C22E-4AE6-850B-2EA45DE482F7}.Debug|x64.Build.0 = Debug|x64
		{4F05634A-C22E-4AE6-850B-2EA45DE482F7}.Debug|x86.ActiveCfg = Debug|Win32
		{4F05634A-C22E-4AE6-850B-2EA45DE482F7}.Debug|x86.Build.0 = Debug|Win32
		{4F05634A-C22E-4AE6-850B-2EA45DE482F7}.Release|x64.ActiveCfg = Release|x64
		{4F05634A-C22E-4AE6-850B-2EA45DE482F7}.Release|x64.Build.0 = Release|x64
		{4F05634A-C22E-4AE6-850B-2EA45DE482F7}.Release|x86.ActiveCfg = Release|Win32
		{4F05634A-C22E-4AE6-850B-2EA45DE482F7}.Release|x86.Build.0 = Release|Win32
		{39B4FB9D-18AF-4F0B-A418-54948E79FFF6}.Debug|x64.ActiveCfg = Debug|x64
		{39B4FB9D-18AF-4F0B-A418-54948E79FFF6}.Debug|x64.Build.0 = Debug|x64
		{39B4FB9D-18AF-4F0B-A418-54948E79FFF6}.Debug|x86.ActiveCfg = Debug|Win32
		{39B4FB9D-18AF-4F0B-A418-54948E79FFF6}.Debug|x86.Build.0 = Debug|Win32
		{39B4FB9D-18AF-4F0B-A418-54948E79FFF6}.Release|x64.ActiveCfg = Release|x64
		{39B4FB9D-18AF-4F0B-A418-54948E79FFF6}.Release|x64.Build.0 = Release|x64
		{39B4FB9D-18AF-4F0B-A418-54948E79FFF6}.Release|x86.ActiveCfg = Release|Win32
		{39B4FB9D-18AF-4F0B-A418-54948E79FFF6}.Release|x86.Build.0 = Release|Win32
		{6178DFCB-EF8F-46DB-AA43-87DDFFF2A733}.Debug|x64.ActiveCfg = Debug|x64
		{6178DFCB-EF8F-46DB-AA43-87DDFFF2A733}.Debug|x64.Build.0 = Debug|x64
		{6178DFCB-EF8F-46DB-AA43-87DDFFF2A733}.Debug|x86.ActiveCfg = Debug|Win32
		{6178DFCB-EF8F-46DB-AA43-87DDFFF2A733}.Debug|x86.Build.0 = Debug|Win32
		{6178DFCB-EF8F-46DB-AA43-87DDFFF2A733}.Release|x64.ActiveCfg = Release|x64
		{6178DFCB-EF8F-46DB-AA43-87DDFFF2A733}.Release|x64.Build.0 = Release|x64
		{6178DFCB-EF8F-46DB-AA43-87DDFFF2A733}.Release|x86.ActiveCfg = Release|Win32
		{6178DFCB-EF8F-46DB-AA43-87DDFFF2A733}.Release|x86.Build.0 = Release|Win32
		{3A0A6BCD-0B91-44F5-BACD-DB9C7525A076}.Debug|x64.ActiveCfg = Debug|x64
		{3A0A6BCD-0B91-44F5-BACD-DB9C7525A076}.Debug|x64.Build.0 = Debug|x64
		{3A0A6BCD-0B91-44F5-BACD-DB9C7525A076}.Debug|x86.ActiveCfg = Debug|Win32
		{3A0A6BCD-0B91-44F5-BACD-DB9C7525A076}.Debug|x86.Build.0 = Debug|Win32
		{3A0A6BCD-0B91-44F5-BACD-DB9C7525A076}.Release|x64.ActiveCfg = Release|x64
		{3A0A6BCD-0B91-44F5-BACD-DB9C7525A076}.Release|x64.Build.0 = Release|x64
		{3A0A6BCD-0B91-44F5-BACD-DB9C7525A076}.Release|x86.ActiveCfg = Release|Win32
		{3A0A6BCD-0B91-44F5-BACD-DB9C7525A076}.Release|x86.Build.0 = Release|Win32
		{D19A36BF-89EE-4C50-97AD-456599502C19}.Debug|x64.ActiveCfg = Debug|x64
		{D19A36BF-89EE-4C50-97AD-456599502C19}.Debug|x64.Build.0 = Debug|x64
		{D19A36BF-89EE-4C50-97AD-456599502C19}.Debug|x86.ActiveCfg = Debug|Win32
		{D19A36BF-89EE-4C50-97AD-456599502C19}.Debug|x86.Build.0 = Debug|Win32
		{D19A36BF-89EE-4C50-97AD-456599502C19}.Release|x64.ActiveCfg = Release|x64
		{D19A36BF-89EE-4C50-97AD-456599502C19}.Release|x64.Build.0 = Release|x64
		{D19A36BF-89EE-4C50-97AD-456599502C19}.Release|x86.ActiveCfg = Release|Win32
		{D19A36BF-89EE-4C50-97AD-456599502C19}.Release|x86.Build.0 = Release|Win32
		{C9D3FF50-677A-438A-AEF5-D5BB4BA822C9}.Debug|x64.ActiveCfg = Debug|x64
		{C9D3FF50-677A-438A-AEF5-D5BB4BA822C9}.Debug|x64.Build.0 = Debug|x64
		{C9D3FF50-677A-438A-AEF5-D5BB4BA822C9}.Debug|x86.ActiveCfg = Debug|Win32
		{C9D3FF50-677A-438A-AEF5-D5BB4BA822C9}.Debug|x86.Build.0 = Debug|Win32
		{C9D3FF50-677A-438A-AEF5-D5BB4BA822C9}.Release|x64.ActiveCfg = Release|x64
		{C9D3FF50-677A-438A-AEF5-D5BB4BA822C9}.Release|x64.Build.0 = Release|x64
		{C9D3FF50-677A-438A-AEF5-D5BB4BA822C9}.Release|x86.ActiveCfg = Release|Win32
		{C9D3FF50-677A-438A-AEF5-D5BB4BA822C9}.Release|x86.Build.0 = Release|Win32
		{F0025A7B-AFAD-4E35-ADB4-1044392AFB57}.Debug|x64.ActiveCfg = Debug|x64
		{F0025A7B-AFAD-4E35-ADB4-1044392AFB57}.Debug|x64.Build.0 = Debug|x64
		{F0025A7B-AFAD-4E35-ADB4-1044392AFB57}.Debug|x86.ActiveCfg = Debug|Win32
		{F0025A7B-AFAD-4E35-ADB4-1044392AFB57}.Debug|x86.Build.0 = Debug|Win32
		{F0025A7B-AFAD-4E35-ADB4-1044392AFB57}.Release|x64.ActiveCfg = Release|x64
		{F0025A7B-AFAD-4E35-ADB4-1044392AFB57}.Release|x64.Build.0 = Release|x64
		{F0025A7B-AFAD-4E35-ADB4-1044392AFB57}.Release|x86.ActiveCfg = Release|Win32
		{F0025A7B-AFAD-4E35-ADB4-1044392AFB57}.Release|x86.Build.0 = Release|Win32
		{23261083-FC56-44A4-B9A9-7FDF74D6C227}.Debug|x64.ActiveCfg = Debug|x64
		{23261083-FC56-44A4-B9A9-7FDF74D6C227}.Debug|x64.Build.0 = Debug|x64
		{23261083-FC56-44A4-B9A9-7FDF74D6C227}.Debug|x86.ActiveCfg = Debug|Win32
		{23261083-FC56-44A4-B9A9-7FDF74D6C227}.Debug|x86.Build.0 = Debug|Win32
		{23261083-FC56-44A4-B9A9-7FDF74D6C227}.Release|x64.ActiveCfg = Release|x64
		{23261083-FC56-44A4-B9A9-7FDF74D6C227}.Release|x64.Build.0 = Release|x64
		{23261083-FC56-44A4-B9A9-7FDF74D6C227}.Release|x86.ActiveCfg = Release|Win32
		{23261083-FC56-44A4-B9A9-7FDF74D6C227}.Release|x86.Build.0 = Release|Win32
		{E69F1BDD-1960-4F47-9204-FB9F553CE759}.Debug|x64.ActiveCfg = Debug|x64
		{E69F1BDD-1960-4F47-9204-FB9F553CE759}.Debug|x64.Build.0 = Debug|x64
		{E69F1BDD-1960-4F47-9204-FB9F553CE759}.Debug|x86.ActiveCfg = Debug|Win32
		{E69F1BDD-1960-4F47-9204-FB9F553CE759}.Debug|x86.Build.0 = Debug|Win32
		{E69F1BDD-1960-4F47-9204-FB9F553CE759}.Release|x64.ActiveCfg = Release|x64
		{E69F1BDD-1960-4F47-9204-FB9F553CE759}.Release|x64.Build.0 = Release|x64
		{E69F1BDD-1960-4F47-9204-FB9F553CE759}.Release|x86.ActiveCfg = Release|Win32
		{E69F1BDD-1960-4F47-9204-FB9F553CE759}.Release|x86.Build.0 = Release|Win32
		{62F6E966-FDE0-4CE3-8ED8-CEB7517BC283}.Debug|x64.ActiveCfg = Debug|x64
		{62F6E966-FDE0-4CE3-8ED8-CEB7517BC283}.Debug|x64.Build.0 = Debug|x64
		{62F6E966-FDE0-4CE3-8ED8-CEB7517BC283}.Debug|x86.ActiveCfg = Debug|Win32
		{62F6E966-FDE0-4CE3-8ED8-CEB7517BC283}.Debug|x86.Build.0 = Debug|Win32
		{62F6E966-FDE0-4CE3-8ED8-CEB7517BC283}.Release|x64.ActiveCfg = Release|x64
		{62F6E966-FDE0-4CE3-8ED8-CEB7517BC283}.Release|x64.Build.0 = Release|x64
		{62F6E966-FDE0-4CE3-8ED8-CEB7517BC283}.Release|x86.ActiveCfg = Release|Win32
		{62F6E966-FDE0-4CE3-8ED8-CEB7517BC283}.Release|x86.Build.0 = Release|Win32
		{6E605DF6-73DD-43D7-B9B1-848E0215D8D2}.Debug|x64.ActiveCfg = Debug|x64
		{6E605DF6-73DD-43D7-B9B1-848E0215D8D2}.Debug|x64.Build.0 = Debug|x64
		{6E605DF6-73DD-43D7-B9B1-848E0215D8D2}.Debug|x86.ActiveCfg = Debug|Win32
		{6E605DF6-73DD-43D7-B9B1-848E0215D8D2}.Debug|x86.Build.0 = Debug|Win32
		{6E605DF6-73DD-43D7-B9B1-848E0215D8D2}.Release|x64.ActiveCfg = Release|x64
		{6E605DF6-73DD-43D7-B9B1-848E0215D8D2}.Release|x64.Build.0 = Release|x64
		{6E605DF6-73DD-43D7-B9B1-848E0215D8D2}.Release|x86.ActiveCfg = Release|Win32
		{6E605DF6-73DD-43D7-B9B1-848E0215D8D2}.Release|x86.Build.0 = Release|Win32
		{243E2959-8712-4FB0-9AF1-A9AFD361DA43}.Debug|x64.ActiveCfg = Debug|x64
		{243E2959-8712-4FB0-9AF1-A9AFD361DA43}.Debug|x64.Build.0 = Debug|x64
		{243E2959-8712-4FB0-9AF1-A9AFD361DA43}.Debug|x86.ActiveCfg = Debug|Win32
		{243E2959-8712-4FB0-9AF1-A9AFD361DA43}.Debug|x86.Build.0 = Debug|Win32
		{243E2959-8712-4FB0-9AF1-A9AFD361DA43}.Release|x64.ActiveCfg = Release|x64
		{243E2959-8712-4FB0-9AF1-A9AFD361DA43}.Release|x64.Build.0 = Release|x64
		{243E2959-8712-4FB0-9AF1-A9AFD361DA43}.Release|x86.ActiveCfg = Release|Win32
		{243E2959-8712-4FB0-9AF1-A9AFD361DA43}.Release|x86.Build.0 = Release|Win32
		{83DE2A6C-B105-4A91-94C8-199E19627A82}.Debug|x64.ActiveCfg = Debug|x64
		{83DE2A6C-B105-4A91-94C8-199E19627A82}.Debug|x64.Build.0 = Debug|x64
		{83DE2A6C-B105-4A91-94C8-199E19627A82}.Debug|x86.ActiveCfg = Debug|Win32
		{83DE2A6C-B105-4A91-94C8-199E19627A82}.Debug|x86.Build.0 = Debug|Win32
		{83DE2A6C-B105-4A91-94C8-199E19627A82}.Release|x64.ActiveCfg = Release|x64
		{83DE2A6C-B105-4A91-94C8-199E19627A82}.Release|x64.Build.0 = Release|x64
		{83DE2A6C-B105-4A91-94C8-199E19627A82}.Release|x86.ActiveCfg = Release|Win32
		{83DE2A6C-B105-4A91-94C8-199E19627A82}.Release|x86.Build.0 = Release|Win32
		{1950A240-EEA1-4E55-9FC9-AF0EB249F326}.Debug|x64.ActiveCfg = Debug|x64
		{1950A240-EEA1-4E55-9FC9-AF0EB249F326}.Debug|x64.Build.0 = Debug|x64
		{1950A240-EEA1-4E55-9FC9-AF0EB249F326}.Debug|x86.ActiveCfg = Debug|Win32
		{1950A240-EEA1-4E55-9FC9-AF0EB249F326}.Debug|x86.Build.0 = Debug|Win32
		{1950A240-EEA1-4E55-9FC9-AF0EB249F326}.Release|x64.ActiveCfg = Release|x64
		{1950A240-EEA1-4E55-9FC9-AF0EB249F326}.Release|x64.Build.0 = Release|x64
		{1950A240-EEA1-4E55-9FC9-AF0EB249F326}.Release|x86.ActiveCfg = Release|Win32
		{1950A240-EEA1-4E55-9FC9-AF0EB249F326}.Release|x86.Build.0 = Release|Win32
		{C3E5EC82-3EC2-4AFF-9B0B-5B839CF36C1F}.Debug|x64.ActiveCfg = Debug|x64
		{C3E5EC82-3EC2-4AFF-9B0B-5B839CF36C1F}.Debug|x64.Build.0 = Debug|x64
		{C3E5EC82-3EC2-4AFF-9B0B-5B839CF36C1F}.Debug|x86.ActiveCfg = Debug|Win32
		{C3E5EC82-3EC2-4AFF-9B0B-5B839CF36C1F}.Debug|x86.Build.0 = Debug|Win32
		{C3E5EC82-3EC2-4AFF-9B0B-5B839CF36C1F}.Release|x64.ActiveCfg = Release|x64
		{C3E5EC82-3EC2-4AFF-9B0B-5B839CF36C1F}.Release|x64.Build.0 = Release|x64
		{C3E5EC82-3EC2-4AFF-9B0B-5B839CF36C1F}.Release|x86.ActiveCfg = Release|Win32
		{C3E5EC82-3EC2-4AFF-9B0B-5B839CF36C1F}.Release|x86.Build.0 = Release|Win32
		{D30849BE-E4CD-48DC-A539-53502AE15A00}.Debug|x64.ActiveCfg = Debug|x64
		{D30849BE-E4CD-48DC-A539-53502AE15A00}.Debug|x64.Build.0 = Debug|x64
		{D30849BE-E4CD-48DC-A539-53502AE15A00}.Debug|x86.ActiveCfg = Debug|Win32
		{D30849BE-E4CD-48DC-A539-53502AE15A00}.Debug|x86.Build.0 = Debug|Win32
		{D30849BE-E4CD-48DC-A539-53502AE15A00}.Release|x64.ActiveCfg = Release|x64
		{D30849BE-E4CD-48DC-A539-53502AE15A00}.Release|x64.Build.0 = Release|x64
		{D30849BE-E4CD-48DC-A539-53502AE15A00}.Release|x86.ActiveCfg = Release|Win32
		{D30849BE-E4CD-48DC-A539-53502AE15A00}.Release|x86.Build.0 = Release|Win32
		{9859DFE6-9BDC-4E6E-ADE4-14D6456102A1}.Debug|x64.ActiveCfg = Debug|x64
		{9859DFE6-9BDC-4E6E-ADE4-14D6456102A1}.Debug|x64.Build.0 = Debug|x64
		{9859DFE6-9BDC-4E6E-ADE4-14D6456102A1}.Debug|x86.ActiveCfg = Debug|Win32
		{9859DFE6-9BDC-4E6E-ADE4-14D6456102A1}.Debug|x86.Build.0 = Debug|Win32
		{9859DFE6-9BDC-4E6E-ADE4-14D6456102A1}.Release|x64.ActiveCfg = Release|x64
		{9859DFE6-9BDC-4E6E-ADE4-14D6456102A1}.Release|x64.Build.0 = Release|x64
		{9859DFE6-9BDC-4E6E-ADE4-14D6456102A1}.Release|x86.ActiveCfg = Release|Win32
		{9859DFE6-9BDC-4E6E-ADE4-14D6456102A1}.Release|x86.Build.0 = Release|Win32
		{339A1047-5554-4CBD-989B-53F59F0D2786}.Debug|x64.ActiveCfg = Debug|x64
		{339A1047-5554-4CBD-989B-53F59F0D2786}.Debug|x64.Build.0 = Debug|x64
		{339A1047-5554-4CBD-989B-53F59F0D2786}.Debug|x86.ActiveCfg = Debug|Win32
		{339A1047-5554-4CBD-989B-53F59F0D2786}.Debug|x86.Build.0 = Debug|Win32
		{339A1047-5554-4CBD-989B-53F59F0D2786}.Release|x64.ActiveCfg = Release|x64
		{339A1047-5554-4CBD-989B-53F59F0D2786}.Release|x64.Build.0 = Release|x64
		{339A1047-5554-4CBD-989B-53F59F0D2786}.Release|x86.ActiveCfg = Release|Win32
		{339A1047-5554-4CBD-989B-53F59F0D2786}.Release|x86.Build.0 = Release|Win32
		{B9F0F0B9-2484-4690-B51F-CAF3B1A64A59}.Debug|x64.ActiveCfg = Debug|x64
		{B9F0F0B9-2484-4690-B51F-CAF3B1A64A59}.Debug|x64.Build.0 = Debug|x64
		{B9F0F0B9-2484-4690-B51F-CAF3B1A64A59}.Debug|x86.ActiveCfg = Debug|Win32
		{B9F0F0B9-2484-4690-B51F-CAF3B1A64A59}.Debug|x86.Build.0 = Debug|Win32
		{B9F0F0B9-2484-4690-B51F-CAF3B1A64A59}.Release|x64.ActiveCfg = Release|x64
		{B9F0F0B9-2484-4690-B51F-CAF3B1A64A59}.Release|x64.Build.0 = Release|x64
		{B9F0F0B9-2484-4690-B51F-CAF3B1A64A59}.Release|x86.ActiveCfg = Release|Win32
		{B9F0F0B9-2484-4690-B51F-CAF3B1A64A59}.Release|x86.Build.0 = Release|Win32
		{7AC090C3-24BE-4002-A4D2-56396715ACCB}.Debug|x64.ActiveCfg = Debug|x64
		{7AC090C3-24BE-4002-A4D2-56396715ACCB}.Debug|x64.Build.0 = Debug|x64
		{7AC090C3-24BE-4002-A4D2-56396715ACCB}.Debug|x86.ActiveCfg = Debug|Win32
		{7AC090C3-24BE-4002-A4D2-56396715ACCB}.Debug|x86.Build.0 = Debug|Win32
		{7AC090C3-24BE-4002-A4D2-56396715ACCB}.Release|x64.ActiveCfg = Release|x64
		{7AC090C3-24BE-4002-A4D2-56396715ACCB}.Release|x64.Build.0 = Release|x64
		{7AC090C3-24BE-4002-A4D2-56396715ACCB}.Release|x86.ActiveCfg = Release|Win32
		{7AC090C3-24BE-4002-A4D2-56396715ACCB}.Release|x86.Build.0 = Release|Win32
		{C0824D10-2041-4709-9292-52BC93D857FC}.Debug|x64.ActiveCfg = Debug|x64
		{C0824D10-2041-4709-9292-52BC93D857FC}.Debug|x64.Build.0 = Debug|x64
		{C0824D10-2041-4709-9292-52BC93D857FC}.Debug|x86.ActiveCfg = Debug|Win32
		{C0824D10-2041-4709-9292-52BC93D857FC}.Debug|x86.Build.0 = Debug|Win32
		{C0824D10-2041-4709-9292-52BC93D857FC}.Release|x64.ActiveCfg = Release|x64
		{C0824D10-2041-4709-9292-52BC93D857FC}.Release|x64.Build.0 = Release|x64
		{C0824D10-2041-4709-9292-52BC93D857FC}.Release|x86.ActiveCfg = Release|Win32
		{C0824D10-2041-4709-9292-52BC93D857FC}.Release|x86.Build.0 = Release|Win32
		{46522C05-C145-476D-A9D2-141BA9574AA5}.Debug|x64.ActiveCfg = Debug|x64
		{46522C05-C145-476D-A9D2-141BA9574AA5}.Debug|x64.Build.0 = Debug|x64
		{46522C05-C145-476D-A9D2-141BA9574AA5}.Debug|x86.ActiveCfg = Debug|Win32
		{46522C05-C145-476D-A9D2-141BA9574AA5}.Debug|x86.Build.0 = Debug|Win32
		{46522C05-C145-476D-A9D2-141BA9574AA5}.Release|x64.ActiveCfg = Release|x64
		{46522C05-C145-476D-A9D2-141BA9574AA5}.Release|x64.Build.0 = Release|x64
		{46522C05-C145-476D-A9D2-141BA9574AA5}.Release|x86.ActiveCfg = Release|Win32
		{46522C05-C145-476D-A9D2-141BA9574AA5}.Release|x86.Build.0 = Release|Win32
		{02124144-6BD0-4490-827C-11BBE3E1644C}.Debug|x64.ActiveCfg = Debug|x64
		{02124144-6BD0-4490-827C-11BBE3E1644C}.Debug|x64.Build.0 = Debug|x64
		{02124144-6BD0-4490-827C-11BBE3E1644C}.Debug|x86.ActiveCfg = Debug|Win32
		{02124144-6BD0-4490-827C-11BBE3E1644C}.Debug|x86.Build.0 = Debug|Win32
		{02124144-6BD0-4490-827C-11BBE3E1644C}.Release|x64.ActiveCfg = Release|x64
		{02124144-6BD0-4490-827C-11BBE3E1644C}.Release|x64.Build.0 = Release|x64
		{02124144-6BD0-4490-827C-11BBE3E1644C}.Release|x86.ActiveCfg = Release|Win32
		{02124144-6BD0-4490-827C-11BBE3E1644C}.Release|x86.Build.0 = Release|Win32
		{33792E3A-70E6-40AE-AE33-A44617B289FA}.Debug|x64.ActiveCfg = Debug|x64
		{33792E3A-70E6-40AE-AE33-A44617B289FA}.Debug|x64.Build.0 = Debug|x64
		{33792E3A-70E6-40AE-AE33-A44617B289FA}.Debug|x86.ActiveCfg = Debug|Win32
		{33792E3A-70E6-40AE-AE33-A44617B289FA}.Debug|x86.Build.0 = Debug|Win32
		{33792E3A-70E6-40AE-AE33-A44617B289FA}.Release|x64.ActiveCfg = Release|x64
		{33792E3A-70E6-40AE-AE33-A44617B289FA}.Release|x64.Build.0 = Release|x64
		{33792E3A-70E6-40AE-AE33-A44617B289FA}.Release|x86.ActiveCfg = Release|Win32
		{33792E3A-70E6-40AE-AE33-A44617B289FA}.Release|x86.Build.0 = Release|Win32
		{92B3901E-3527-42E2-AAA1-B026667D19D7}.Debug|x64.ActiveCfg = Debug|x64
		{92B3901E-3527-42E2-AAA1-B026667D19D7}.Debug|x64.Build.0 = Debug|x64
		{92B3901E-3527-42E2-AAA1-B026667D19D7}.Debug|x86.ActiveCfg = Debug|Win32
		{92B3901E-3527-42E2-AAA1-B026667D19D7}.Debug|x86.Build.0 = Debug|Win32
		{92B3901E-3527-42E2-AAA1-B026667D19D7}.Release|x64.ActiveCfg = Release|x64
		{92B3901E-3527-42E2-AAA1-B026667D19D7}.Release|x64.Build.0 = Release|x64
		{92B3901E-3527-42E2-AAA1-B026667D19D7}.Release|x86.ActiveCfg = Release|Win32
		{92B3901E-3527-42E2-AAA1-B026667D19D7}.Release|x86.Build.0 = Release|Win32
		{EF7D3CD8-75DE-4E91-8BA9-F8DCF7C6BB1A}.Debug|x64.ActiveCfg = Debug|x64
		{EF7D3CD8-75DE-4E91-8BA9-F8DCF7C6BB1A}.Debug|x64.Build.0 = Debug|x64
		{EF7D3CD8-75DE-4E91-8BA9-F8DCF7C6BB1A}.Debug|x86.ActiveCfg = Debug|Win32
		{EF7D3CD8-75DE-4E91-8BA9-F8DCF7C6BB1A}.Debug|x86.Build.0 = Debug|Win32
		{EF7D3CD8-75DE-4E91-8BA9-F8DCF7C6BB1A}.Release|x64.ActiveCfg = Release|x64
		{EF7D3CD8-75DE-4E91-8BA9-F8DCF7C6BB1A}.Release|x64.Build.0 = Release|x64
		{EF7D3CD8-75DE-4E91-8BA9-F8DCF7C6BB1A}.Release|x86.ActiveCfg = Release|Win32
		{EF7D3CD8-75DE-4E91-8BA9-F8DCF7C6BB1A}.Release|x86.Build.0 = Release|Win32
		{31D197A3-4FAA-4727-8655-59F32D7E7C94}.Debug|x64.ActiveCfg = Debug|x64
		{31D197A3-4FAA-4727-8655-59F32D7E7C94}.Debug|x64.Build.0 = Debug|x64
		{31D197A3-4FAA-4727-8655-59F32D7E7C94}.Debug|x86.ActiveCfg = Debug|Win32
		{31D197A3-4FAA-4727-8655-59F32D7E7C94}.Debug|x86.Build.0 = Debug|Win32
		{31D197A3-4FAA-4727-8655-59F32D7E7C94}.Release|x64.ActiveCfg = Release|x64
		{31D197A3-4FAA-4727-8655-59F32D7E7C94}.Release|x64.Build.0 = Release|x64
		{31D197A3-4FAA-4727-8655-59F32D7E7C94}.Release|x86.ActiveCfg = Release|Win32
		{31D197A3-4FAA-4727-8655-59F32D7E7C94}.Release|x86.Build.0 = Release|Win32
	EndGlobalSection
	GlobalSection(SolutionProperties) = preSolution
		HideSolutionNode = FALSE
	EndGlobalSection
	GlobalSection(ExtensibilityGlobals) = postSolution
		SolutionGuid = {0D00D7AE-86A1-431D-83BB-7E92F38CB1F6}
	EndGlobalSection
EndGlobal
