
Microsoft Visual Studio Solution File, Format Version 12.00
# Visual Studio Version 16
VisualStudioVersion = 16.0.28917.182
MinimumVisualStudioVersion = 10.0.40219.1
Project("{8BC9CEB8-8B4A-11D0-8D11-00A0C91BC942}") = "StarLeague", "StarLeague\StarLeague.vcxproj", "{56580126-8F7C-4899-B8C1-920AD74EE822}"
EndProject
Project("{8BC9CEB8-8B4A-11D0-8D11-00A0C91BC942}") = "2", "2\2.vcxproj", "{EE829687-5880-4698-8D82-ADE3CCEEE29C}"
EndProject
Project("{8BC9CEB8-8B4A-11D0-8D11-00A0C91BC942}") = "3", "3\3.vcxproj", "{BBAD5471-4D72-4BB9-B438-80BACB8EC510}"
EndProject
Project("{8BC9CEB8-8B4A-11D0-8D11-00A0C91BC942}") = "4", "4\4.vcxproj", "{DC8C532E-54FB-4A84-95DC-E4F32675372E}"
EndProject
Project("{8BC9CEB8-8B4A-11D0-8D11-00A0C91BC942}") = "Necklace DP", "Necklace DP\Necklace DP.vcxproj", "{4D2A689A-DE9E-419B-B44A-78D2888BE669}"
EndProject
Project("{8BC9CEB8-8B4A-11D0-8D11-00A0C91BC942}") = "cowcross2slidingwindow", "cowcross2slidingwindow\cowcross2slidingwindow.vcxproj", "{10B85E72-B79A-4671-B09E-277581CECE63}"
EndProject
Project("{8BC9CEB8-8B4A-11D0-8D11-00A0C91BC942}") = "castle", "castle\castle.vcxproj", "{C8AF98DF-53F0-438D-87EC-6D98F133FBDB}"
EndProject
Project("{8BC9CEB8-8B4A-11D0-8D11-00A0C91BC942}") = "roadpaths", "roadpaths\roadpaths.vcxproj", "{61256264-F57F-423C-87E2-3C2A13DCD8C8}"
EndProject
Project("{8BC9CEB8-8B4A-11D0-8D11-00A0C91BC942}") = "balancedteams", "balancedteams\balancedteams.vcxproj", "{517BE8E3-5841-4DA2-B414-FD7A2062731C}"
EndProject
Project("{8BC9CEB8-8B4A-11D0-8D11-00A0C91BC942}") = "trough", "trough\trough.vcxproj", "{D3D288FD-82FD-4AF3-832F-47EFC22AB798}"
EndProject
Project("{8BC9CEB8-8B4A-11D0-8D11-00A0C91BC942}") = "cow cotillion", "LIFO\LIFO.vcxproj", "{9D58AC2C-E85B-439B-9C15-41FCEE49B418}"
EndProject
Project("{8BC9CEB8-8B4A-11D0-8D11-00A0C91BC942}") = "3 Parantheses", "cowcotillion\cowcotillion.vcxproj", "{34B3A657-FECB-4613-84C4-2CE4A4EFD23F}"
EndProject
Project("{8BC9CEB8-8B4A-11D0-8D11-00A0C91BC942}") = "badhairday", "badhairday\badhairday.vcxproj", "{F27A3F6E-A188-4D87-8527-555514C1C624}"
EndProject
Project("{8BC9CEB8-8B4A-11D0-8D11-00A0C91BC942}") = "cowline", "cowline\cowline.vcxproj", "{A10532B1-4C4F-492E-803F-2FE708BBCF97}"
EndProject
Project("{8BC9CEB8-8B4A-11D0-8D11-00A0C91BC942}") = "deskserving", "deskserving\deskserving.vcxproj", "{14E521E1-4960-4D78-8C22-2813CE6D7A0A}"
EndProject
Project("{8BC9CEB8-8B4A-11D0-8D11-00A0C91BC942}") = "queries", "queries\queries.vcxproj", "{DA9BD3FE-B735-4520-9A7D-50426955A3A3}"
EndProject
Project("{8BC9CEB8-8B4A-11D0-8D11-00A0C91BC942}") = "partyinvitations", "partyinvitations\partyinvitations.vcxproj", "{1110D882-1520-408D-9CC0-967763066E0D}"
EndProject
Project("{8BC9CEB8-8B4A-11D0-8D11-00A0C91BC942}") = "perimeter", "perimeter\perimeter.vcxproj", "{51EA5D51-6797-42ED-8834-47AFCDBE6F0F}"
EndProject
Project("{8BC9CEB8-8B4A-11D0-8D11-00A0C91BC942}") = "citystate", "citystate\citystate.vcxproj", "{C83D320A-47B9-4BAB-B0A2-1F1C5377D12D}"
EndProject
Project("{8BC9CEB8-8B4A-11D0-8D11-00A0C91BC942}") = "photo", "photo\photo.vcxproj", "{7843676F-6D04-480F-ABB6-9EDF3E9F9C5F}"
EndProject
Project("{8BC9CEB8-8B4A-11D0-8D11-00A0C91BC942}") = "fighters", "fighters\fighters.vcxproj", "{27BFB235-E708-4345-8844-40931EE3582C}"
EndProject
Project("{8BC9CEB8-8B4A-11D0-8D11-00A0C91BC942}") = "cowdance", "cowdance\cowdance.vcxproj", "{C2A99B67-08A4-45BB-8F11-720723A7C1D0}"
EndProject
Project("{8BC9CEB8-8B4A-11D0-8D11-00A0C91BC942}") = "painting the fence", "painting the fence\painting the fence.vcxproj", "{D15344A2-1240-4BFF-8397-8FB08C9F7F4B}"
EndProject
Project("{8BC9CEB8-8B4A-11D0-8D11-00A0C91BC942}") = "cityhorizon", "cityhorizon\cityhorizon.vcxproj", "{BFF9E83E-D99A-411E-9D8D-975D641EE560}"
EndProject
Project("{8BC9CEB8-8B4A-11D0-8D11-00A0C91BC942}") = "cowlineup", "cowlineup\cowlineup.vcxproj", "{E96FEC38-F044-44AE-88D5-B6AC77D7DDA7}"
EndProject
Project("{8BC9CEB8-8B4A-11D0-8D11-00A0C91BC942}") = "daisychain", "daisychain\daisychain.vcxproj", "{6D808A1B-F261-4F97-9FF9-6AA1C718FDC3}"
EndProject
Project("{8BC9CEB8-8B4A-11D0-8D11-00A0C91BC942}") = "meetingtime", "meetingtime\meetingtime.vcxproj", "{C7261CCA-D1D0-4EBC-8F13-87FDCA8B2FCD}"
EndProject
Project("{8BC9CEB8-8B4A-11D0-8D11-00A0C91BC942}") = "pathfinding", "pathfinding\pathfinding.vcxproj", "{9D4004B3-0EAC-4F92-9138-B7FF309D0D30}"
EndProject
Project("{8BC9CEB8-8B4A-11D0-8D11-00A0C91BC942}") = "milkscheduling", "milkscheduling\milkscheduling.vcxproj", "{94A92804-E610-48E7-BAC7-59352F789F12}"
EndProject
Project("{8BC9CEB8-8B4A-11D0-8D11-00A0C91BC942}") = "moocast", "moocast\moocast.vcxproj", "{F7979A27-933C-4C76-A4E5-037E5221F79E}"
EndProject
Project("{8BC9CEB8-8B4A-11D0-8D11-00A0C91BC942}") = "frame up", "frame up\frame up.vcxproj", "{B397DEE2-F70A-42A6-9BFD-6EB30C03386E}"
EndProject
Project("{8BC9CEB8-8B4A-11D0-8D11-00A0C91BC942}") = "agrinet", "agrinet\agrinet.vcxproj", "{0F0AA3FA-FB37-4E84-BD42-1A44BD0ED30D}"
EndProject
Project("{8BC9CEB8-8B4A-11D0-8D11-00A0C91BC942}") = "superbull", "superbull\superbull.vcxproj", "{F0E4DF20-416F-4AC7-9E40-70B3DFEBF531}"
EndProject
Project("{8BC9CEB8-8B4A-11D0-8D11-00A0C91BC942}") = "waterfield", "waterfield\waterfield.vcxproj", "{CF1E0796-9DD9-49B8-9E91-7E4154F9C5A8}"
EndProject
Project("{8BC9CEB8-8B4A-11D0-8D11-00A0C91BC942}") = "rexam1", "rexam1\rexam1.vcxproj", "{CF620D27-77B6-4FA1-A9B5-649165521BEE}"
EndProject
Project("{8BC9CEB8-8B4A-11D0-8D11-00A0C91BC942}") = "rexam2", "rexam2\rexam2.vcxproj", "{5C4DB251-ED89-4318-9CC2-CB61329ECF2E}"
EndProject
Project("{8BC9CEB8-8B4A-11D0-8D11-00A0C91BC942}") = "rexam3", "rexam3\rexam3.vcxproj", "{AF2FAC73-3560-44A8-8B64-2ED8D97A86D7}"
EndProject
Project("{8BC9CEB8-8B4A-11D0-8D11-00A0C91BC942}") = "rexam4", "rexam4\rexam4.vcxproj", "{ADBE1F9B-09B9-4537-B993-0C81B764E137}"
EndProject
Project("{8BC9CEB8-8B4A-11D0-8D11-00A0C91BC942}") = "heatwave", "heatwave\heatwave.vcxproj", "{4C831DB6-D587-450C-A442-020A437C6FF5}"
EndProject
Project("{8BC9CEB8-8B4A-11D0-8D11-00A0C91BC942}") = "roadblock", "roadblock\roadblock.vcxproj", "{BB36349E-06DF-41B4-B12D-F3995D27005B}"
EndProject
Project("{8BC9CEB8-8B4A-11D0-8D11-00A0C91BC942}") = "cowrouting", "cowrouting\cowrouting.vcxproj", "{B2E5E239-5C19-4605-8BC9-E88BACF989F8}"
EndProject
Project("{8BC9CEB8-8B4A-11D0-8D11-00A0C91BC942}") = "jobhunt", "jobhunt\jobhunt.vcxproj", "{226C0B09-4698-42A2-BC45-185009ED5A50}"
EndProject
Project("{8BC9CEB8-8B4A-11D0-8D11-00A0C91BC942}") = "FLOYDWARSHALL", "floydwarshall\floydwarshall.vcxproj", "{1CB5C97E-30EE-4B8E-ADC2-576F1FAA6D17}"
EndProject
Project("{8BC9CEB8-8B4A-11D0-8D11-00A0C91BC942}") = "bestspot", "bestspot\bestspot.vcxproj", "{F242904B-4D7D-451C-865F-E61CEB984BCA}"
EndProject
Project("{8BC9CEB8-8B4A-11D0-8D11-00A0C91BC942}") = "BFSUNWEIGHTEDSP", "BFSUnweightedShortPath\BFSUnweightedShortPath.vcxproj", "{2C833657-AAB9-4C61-AE84-DAC328BE3C2B}"
EndProject
Project("{8BC9CEB8-8B4A-11D0-8D11-00A0C91BC942}") = "PRIMSMST", "PRIMSMST\PRIMSMST.vcxproj", "{5D85E0F3-CF1F-4D51-BE5A-FCF41D1F67C7}"
EndProject
Project("{8BC9CEB8-8B4A-11D0-8D11-00A0C91BC942}") = "piggyback", "piggyback\piggyback.vcxproj", "{6971C5F6-EDC8-4569-B093-2AD53A7D9FFC}"
EndProject
Project("{8BC9CEB8-8B4A-11D0-8D11-00A0C91BC942}") = "pkgdeliver", "pkgdeliver\pkgdeliver.vcxproj", "{191E6161-1046-4A17-9C2D-716561BB8939}"
EndProject
Project("{8BC9CEB8-8B4A-11D0-8D11-00A0C91BC942}") = "HEAP DIJKSTRA", "dijkstra w pq\dijkstra w pq.vcxproj", "{00DDAACE-565A-4D53-A5C9-A95362D539DB}"
EndProject
Project("{8BC9CEB8-8B4A-11D0-8D11-00A0C91BC942}") = "appledeliver", "appledeliver\appledeliver.vcxproj", "{2AD547E8-B9B3-469C-9DB4-FD2D575396CB}"
EndProject
Project("{8BC9CEB8-8B4A-11D0-8D11-00A0C91BC942}") = "cowpicnic", "cowpicnic\cowpicnic.vcxproj", "{49C0E8B8-582D-4A29-9971-B92645D2643E}"
EndProject
Project("{8BC9CEB8-8B4A-11D0-8D11-00A0C91BC942}") = "vacplanning", "vacplanning\vacplanning.vcxproj", "{0D323E67-57E8-4F45-B750-6D5AFC78D1FC}"
EndProject
Project("{8BC9CEB8-8B4A-11D0-8D11-00A0C91BC942}") = "r2exam1", "r2exam1\r2exam1.vcxproj", "{B6C1EF1D-7641-42F3-8C53-50067475FD72}"
EndProject
Project("{8BC9CEB8-8B4A-11D0-8D11-00A0C91BC942}") = "r2exam2", "r2exam2\r2exam2.vcxproj", "{1B7AF012-0923-4798-8896-3BAD5EB9CA77}"
EndProject
Project("{8BC9CEB8-8B4A-11D0-8D11-00A0C91BC942}") = "r2exam3", "r2exam3\r2exam3.vcxproj", "{F5AFEB25-6281-4F51-9E3D-FD5CE6A854FA}"
EndProject
Project("{8BC9CEB8-8B4A-11D0-8D11-00A0C91BC942}") = "moutain watching", "moutain watching\moutain watching.vcxproj", "{9621DA7E-5D96-45D1-A812-DAA0C9EE6836}"
EndProject
Project("{8BC9CEB8-8B4A-11D0-8D11-00A0C91BC942}") = "tribonacci", "tribonacci\tribonacci.vcxproj", "{3DC81503-F1F9-4F9B-9EBF-18D8E1B72ED9}"
EndProject
Project("{8BC9CEB8-8B4A-11D0-8D11-00A0C91BC942}") = "ugly numbers", "ugly numbers\ugly numbers.vcxproj", "{B4F92847-3A03-48A8-8A83-FC14A8728ADB}"
EndProject
Project("{8BC9CEB8-8B4A-11D0-8D11-00A0C91BC942}") = "thetriangle", "thetriangle\thetriangle.vcxproj", "{B1D69035-5DAA-4D04-8345-2055C90F4C30}"
EndProject
Project("{8BC9CEB8-8B4A-11D0-8D11-00A0C91BC942}") = "mincostpath", "mincostpath\mincostpath.vcxproj", "{887D4CD8-B7E8-488F-BFF4-67F83CED872F}"
EndProject
Project("{8BC9CEB8-8B4A-11D0-8D11-00A0C91BC942}") = "lgestincrsubsquence", "lgestincrsubsquence\lgestincrsubsquence.vcxproj", "{C1861DD1-09E7-4F95-AC5F-C4109A723E23}"
EndProject
Project("{8BC9CEB8-8B4A-11D0-8D11-00A0C91BC942}") = "buildingbridges", "buildingbridges\buildingbridges.vcxproj", "{EE17C32D-A722-4ACC-9535-1EFF373BEEC4}"
EndProject
Project("{8BC9CEB8-8B4A-11D0-8D11-00A0C91BC942}") = "boxstacking", "boxstacking\boxstacking.vcxproj", "{32A9BD79-3AEA-4F1A-B4CE-6D92DD69E0FA}"
EndProject
Project("{8BC9CEB8-8B4A-11D0-8D11-00A0C91BC942}") = "cowhopscotch", "cowhopscotch\cowhopscotch.vcxproj", "{30F5E820-978E-456B-BE45-65197289615D}"
EndProject
Project("{8BC9CEB8-8B4A-11D0-8D11-00A0C91BC942}") = "subsetsum", "subsetsum\subsetsum.vcxproj", "{3BAA493B-BA96-461D-844D-8E952E590722}"
EndProject
Project("{8BC9CEB8-8B4A-11D0-8D11-00A0C91BC942}") = "makingchange", "makingchange\makingchange.vcxproj", "{A5AD152C-25A3-4033-AE5E-2D195CB5D9EF}"
EndProject
Project("{8BC9CEB8-8B4A-11D0-8D11-00A0C91BC942}") = "dividegold", "dividegold\dividegold.vcxproj", "{507115C7-62EA-435D-8C38-21321BF96BBA}"
EndProject
Project("{8BC9CEB8-8B4A-11D0-8D11-00A0C91BC942}") = "knapsack", "knapsack\knapsack.vcxproj", "{D9F720BB-7B7C-436F-BC66-021F54793EFB}"
EndProject
Project("{8BC9CEB8-8B4A-11D0-8D11-00A0C91BC942}") = "stamps", "stamps\stamps.vcxproj", "{F91B991B-05A1-4B07-A3BD-FF459528C4B1}"
EndProject
Project("{8BC9CEB8-8B4A-11D0-8D11-00A0C91BC942}") = "lgstcmnsubstr", "lgstcmnsubstr\lgstcmnsubstr.vcxproj", "{541D241B-9F26-488D-9C21-C8F1505D7760}"
EndProject
Project("{8BC9CEB8-8B4A-11D0-8D11-00A0C91BC942}") = "lgstcmmnsubsqc", "lgstcmmnsubsqc\lgstcmmnsubsqc.vcxproj", "{C812B810-A8E0-4775-8252-612570AA34B8}"
EndProject
Project("{8BC9CEB8-8B4A-11D0-8D11-00A0C91BC942}") = "editdist", "editdist\editdist.vcxproj", "{27F8326D-476E-42D0-AAB8-EE6A7D901EAB}"
EndProject
Project("{8BC9CEB8-8B4A-11D0-8D11-00A0C91BC942}") = "landscaping", "landscaping\landscaping.vcxproj", "{2BFB7675-0B6C-41D1-8408-73C8D4B5B664}"
EndProject
Project("{8BC9CEB8-8B4A-11D0-8D11-00A0C91BC942}") = "game", "game\game.vcxproj", "{A94B1BE8-F6B3-4418-943C-8FB96E94B6BB}"
EndProject
Project("{8BC9CEB8-8B4A-11D0-8D11-00A0C91BC942}") = "knapsack2", "knapsack2\knapsack2.vcxproj", "{AC0107DB-1744-45E7-B1CC-0BE30DDBD303}"
EndProject
Project("{8BC9CEB8-8B4A-11D0-8D11-00A0C91BC942}") = "incrsubsqnce2", "incrsubsqnce\incrsubsqnce.vcxproj", "{FC8129C1-5B99-4350-A3D9-36099FE2B793}"
EndProject
Project("{8BC9CEB8-8B4A-11D0-8D11-00A0C91BC942}") = "fencemaking", "fencemaking\fencemaking.vcxproj", "{DA7DDE8A-2D8D-4D54-9E98-4A59492781B6}"
EndProject
Project("{8BC9CEB8-8B4A-11D0-8D11-00A0C91BC942}") = "cowsandbulls", "cowsandbulls\cowsandbulls.vcxproj", "{D7500865-40AE-4CF4-A429-A75FB9EE6A0C}"
EndProject
Project("{8BC9CEB8-8B4A-11D0-8D11-00A0C91BC942}") = "marathon", "marathon\marathon.vcxproj", "{F12049F4-9622-4638-AE9F-E6010DE135D2}"
EndProject
Project("{8BC9CEB8-8B4A-11D0-8D11-00A0C91BC942}") = "subsetsum2", "subsetsum2\subsetsum2.vcxproj", "{F051B57D-6630-44B5-94B4-A7898EF945BC}"
EndProject
Project("{8BC9CEB8-8B4A-11D0-8D11-00A0C91BC942}") = "dp1", "dp1\dp1.vcxproj", "{EE6E3924-25E8-44E4-A53D-21CB7DA79CA4}"
EndProject
Project("{8BC9CEB8-8B4A-11D0-8D11-00A0C91BC942}") = "dp2", "dp2\dp2.vcxproj", "{19EADDEF-3302-4CF5-8F57-F017359D69EB}"
EndProject
Project("{8BC9CEB8-8B4A-11D0-8D11-00A0C91BC942}") = "dp3", "dp3\dp3.vcxproj", "{64E26B9C-6DDC-4FB1-A8F9-0D018FD2E138}"
EndProject
Project("{8BC9CEB8-8B4A-11D0-8D11-00A0C91BC942}") = "banner", "banner\banner.vcxproj", "{A7987CD9-F0D7-46EA-A99F-EA2E901AE926}"
EndProject
Project("{8BC9CEB8-8B4A-11D0-8D11-00A0C91BC942}") = "efence", "efence\efence.vcxproj", "{57E59665-8151-405E-BEDB-D065D60AB4D6}"
EndProject
Project("{8BC9CEB8-8B4A-11D0-8D11-00A0C91BC942}") = "crazyfence", "polyarea\polyarea.vcxproj", "{E8525E55-BC9A-417E-927A-C04D62E9A5FA}"
EndProject
Project("{8BC9CEB8-8B4A-11D0-8D11-00A0C91BC942}") = "polygonarea", "polygonarea\polygonarea.vcxproj", "{1CB047A2-B7EA-4675-B689-EDB4DBFB02AC}"
EndProject
Project("{8BC9CEB8-8B4A-11D0-8D11-00A0C91BC942}") = "barnrepair", "barnrepiar\barnrepiar.vcxproj", "{28A016A9-92E3-4A18-8DD8-8EEA9F974646}"
EndProject
Project("{8BC9CEB8-8B4A-11D0-8D11-00A0C91BC942}") = "maxsubarrprod", "maxsubarrprod\maxsubarrprod.vcxproj", "{A13E48F1-1E9A-45ED-994F-9A7EF7721219}"
EndProject
Project("{8BC9CEB8-8B4A-11D0-8D11-00A0C91BC942}") = "selfishgrazing", "selfishgrazing\selfishgrazing.vcxproj", "{675DBE98-7BAD-4A4A-83B6-603F4BB0C3E6}"
EndProject
Project("{8BC9CEB8-8B4A-11D0-8D11-00A0C91BC942}") = "wafflechop", "greedygame\greedygame.vcxproj", "{9F7BA91E-0402-49D5-AF2D-7F0434E2339C}"
EndProject
Project("{8BC9CEB8-8B4A-11D0-8D11-00A0C91BC942}") = "gregame", "gregame\gregame.vcxproj", "{6379B0FE-893B-4DFB-AA09-2EF59A519A77}"
EndProject
Project("{8BC9CEB8-8B4A-11D0-8D11-00A0C91BC942}") = "bcowline", "bcowline\bcowline.vcxproj", "{C51CEC90-4870-463F-B789-39D84D2939AB}"
EndProject
Project("{8BC9CEB8-8B4A-11D0-8D11-00A0C91BC942}") = "eatingtogether", "eatingtogether\eatingtogether.vcxproj", "{7A582E72-7231-4598-8C04-118F5077D424}"
EndProject
Project("{8BC9CEB8-8B4A-11D0-8D11-00A0C91BC942}") = "graphlock", "graphlock\graphlock.vcxproj", "{A1A16BE7-E05C-4771-8245-FB9B3D6A3B00}"
EndProject
Global
	GlobalSection(SolutionConfigurationPlatforms) = preSolution
		Debug|x64 = Debug|x64
		Debug|x86 = Debug|x86
		Release|x64 = Release|x64
		Release|x86 = Release|x86
	EndGlobalSection
	GlobalSection(ProjectConfigurationPlatforms) = postSolution
		{56580126-8F7C-4899-B8C1-920AD74EE822}.Debug|x64.ActiveCfg = Debug|x64
		{56580126-8F7C-4899-B8C1-920AD74EE822}.Debug|x64.Build.0 = Debug|x64
		{56580126-8F7C-4899-B8C1-920AD74EE822}.Debug|x86.ActiveCfg = Debug|Win32
		{56580126-8F7C-4899-B8C1-920AD74EE822}.Debug|x86.Build.0 = Debug|Win32
		{56580126-8F7C-4899-B8C1-920AD74EE822}.Release|x64.ActiveCfg = Release|x64
		{56580126-8F7C-4899-B8C1-920AD74EE822}.Release|x64.Build.0 = Release|x64
		{56580126-8F7C-4899-B8C1-920AD74EE822}.Release|x86.ActiveCfg = Release|Win32
		{56580126-8F7C-4899-B8C1-920AD74EE822}.Release|x86.Build.0 = Release|Win32
		{EE829687-5880-4698-8D82-ADE3CCEEE29C}.Debug|x64.ActiveCfg = Debug|x64
		{EE829687-5880-4698-8D82-ADE3CCEEE29C}.Debug|x64.Build.0 = Debug|x64
		{EE829687-5880-4698-8D82-ADE3CCEEE29C}.Debug|x86.ActiveCfg = Debug|Win32
		{EE829687-5880-4698-8D82-ADE3CCEEE29C}.Debug|x86.Build.0 = Debug|Win32
		{EE829687-5880-4698-8D82-ADE3CCEEE29C}.Release|x64.ActiveCfg = Release|x64
		{EE829687-5880-4698-8D82-ADE3CCEEE29C}.Release|x64.Build.0 = Release|x64
		{EE829687-5880-4698-8D82-ADE3CCEEE29C}.Release|x86.ActiveCfg = Release|Win32
		{EE829687-5880-4698-8D82-ADE3CCEEE29C}.Release|x86.Build.0 = Release|Win32
		{BBAD5471-4D72-4BB9-B438-80BACB8EC510}.Debug|x64.ActiveCfg = Debug|x64
		{BBAD5471-4D72-4BB9-B438-80BACB8EC510}.Debug|x64.Build.0 = Debug|x64
		{BBAD5471-4D72-4BB9-B438-80BACB8EC510}.Debug|x86.ActiveCfg = Debug|Win32
		{BBAD5471-4D72-4BB9-B438-80BACB8EC510}.Debug|x86.Build.0 = Debug|Win32
		{BBAD5471-4D72-4BB9-B438-80BACB8EC510}.Release|x64.ActiveCfg = Release|x64
		{BBAD5471-4D72-4BB9-B438-80BACB8EC510}.Release|x64.Build.0 = Release|x64
		{BBAD5471-4D72-4BB9-B438-80BACB8EC510}.Release|x86.ActiveCfg = Release|Win32
		{BBAD5471-4D72-4BB9-B438-80BACB8EC510}.Release|x86.Build.0 = Release|Win32
		{DC8C532E-54FB-4A84-95DC-E4F32675372E}.Debug|x64.ActiveCfg = Debug|x64
		{DC8C532E-54FB-4A84-95DC-E4F32675372E}.Debug|x64.Build.0 = Debug|x64
		{DC8C532E-54FB-4A84-95DC-E4F32675372E}.Debug|x86.ActiveCfg = Debug|Win32
		{DC8C532E-54FB-4A84-95DC-E4F32675372E}.Debug|x86.Build.0 = Debug|Win32
		{DC8C532E-54FB-4A84-95DC-E4F32675372E}.Release|x64.ActiveCfg = Release|x64
		{DC8C532E-54FB-4A84-95DC-E4F32675372E}.Release|x64.Build.0 = Release|x64
		{DC8C532E-54FB-4A84-95DC-E4F32675372E}.Release|x86.ActiveCfg = Release|Win32
		{DC8C532E-54FB-4A84-95DC-E4F32675372E}.Release|x86.Build.0 = Release|Win32
		{4D2A689A-DE9E-419B-B44A-78D2888BE669}.Debug|x64.ActiveCfg = Debug|x64
		{4D2A689A-DE9E-419B-B44A-78D2888BE669}.Debug|x64.Build.0 = Debug|x64
		{4D2A689A-DE9E-419B-B44A-78D2888BE669}.Debug|x86.ActiveCfg = Debug|Win32
		{4D2A689A-DE9E-419B-B44A-78D2888BE669}.Debug|x86.Build.0 = Debug|Win32
		{4D2A689A-DE9E-419B-B44A-78D2888BE669}.Release|x64.ActiveCfg = Release|x64
		{4D2A689A-DE9E-419B-B44A-78D2888BE669}.Release|x64.Build.0 = Release|x64
		{4D2A689A-DE9E-419B-B44A-78D2888BE669}.Release|x86.ActiveCfg = Release|Win32
		{4D2A689A-DE9E-419B-B44A-78D2888BE669}.Release|x86.Build.0 = Release|Win32
		{10B85E72-B79A-4671-B09E-277581CECE63}.Debug|x64.ActiveCfg = Debug|x64
		{10B85E72-B79A-4671-B09E-277581CECE63}.Debug|x64.Build.0 = Debug|x64
		{10B85E72-B79A-4671-B09E-277581CECE63}.Debug|x86.ActiveCfg = Debug|Win32
		{10B85E72-B79A-4671-B09E-277581CECE63}.Debug|x86.Build.0 = Debug|Win32
		{10B85E72-B79A-4671-B09E-277581CECE63}.Release|x64.ActiveCfg = Release|x64
		{10B85E72-B79A-4671-B09E-277581CECE63}.Release|x64.Build.0 = Release|x64
		{10B85E72-B79A-4671-B09E-277581CECE63}.Release|x86.ActiveCfg = Release|Win32
		{10B85E72-B79A-4671-B09E-277581CECE63}.Release|x86.Build.0 = Release|Win32
		{C8AF98DF-53F0-438D-87EC-6D98F133FBDB}.Debug|x64.ActiveCfg = Debug|x64
		{C8AF98DF-53F0-438D-87EC-6D98F133FBDB}.Debug|x64.Build.0 = Debug|x64
		{C8AF98DF-53F0-438D-87EC-6D98F133FBDB}.Debug|x86.ActiveCfg = Debug|Win32
		{C8AF98DF-53F0-438D-87EC-6D98F133FBDB}.Debug|x86.Build.0 = Debug|Win32
		{C8AF98DF-53F0-438D-87EC-6D98F133FBDB}.Release|x64.ActiveCfg = Release|x64
		{C8AF98DF-53F0-438D-87EC-6D98F133FBDB}.Release|x64.Build.0 = Release|x64
		{C8AF98DF-53F0-438D-87EC-6D98F133FBDB}.Release|x86.ActiveCfg = Release|Win32
		{C8AF98DF-53F0-438D-87EC-6D98F133FBDB}.Release|x86.Build.0 = Release|Win32
		{61256264-F57F-423C-87E2-3C2A13DCD8C8}.Debug|x64.ActiveCfg = Debug|x64
		{61256264-F57F-423C-87E2-3C2A13DCD8C8}.Debug|x64.Build.0 = Debug|x64
		{61256264-F57F-423C-87E2-3C2A13DCD8C8}.Debug|x86.ActiveCfg = Debug|Win32
		{61256264-F57F-423C-87E2-3C2A13DCD8C8}.Debug|x86.Build.0 = Debug|Win32
		{61256264-F57F-423C-87E2-3C2A13DCD8C8}.Release|x64.ActiveCfg = Release|x64
		{61256264-F57F-423C-87E2-3C2A13DCD8C8}.Release|x64.Build.0 = Release|x64
		{61256264-F57F-423C-87E2-3C2A13DCD8C8}.Release|x86.ActiveCfg = Release|Win32
		{61256264-F57F-423C-87E2-3C2A13DCD8C8}.Release|x86.Build.0 = Release|Win32
		{517BE8E3-5841-4DA2-B414-FD7A2062731C}.Debug|x64.ActiveCfg = Debug|x64
		{517BE8E3-5841-4DA2-B414-FD7A2062731C}.Debug|x64.Build.0 = Debug|x64
		{517BE8E3-5841-4DA2-B414-FD7A2062731C}.Debug|x86.ActiveCfg = Debug|Win32
		{517BE8E3-5841-4DA2-B414-FD7A2062731C}.Debug|x86.Build.0 = Debug|Win32
		{517BE8E3-5841-4DA2-B414-FD7A2062731C}.Release|x64.ActiveCfg = Release|x64
		{517BE8E3-5841-4DA2-B414-FD7A2062731C}.Release|x64.Build.0 = Release|x64
		{517BE8E3-5841-4DA2-B414-FD7A2062731C}.Release|x86.ActiveCfg = Release|Win32
		{517BE8E3-5841-4DA2-B414-FD7A2062731C}.Release|x86.Build.0 = Release|Win32
		{D3D288FD-82FD-4AF3-832F-47EFC22AB798}.Debug|x64.ActiveCfg = Debug|x64
		{D3D288FD-82FD-4AF3-832F-47EFC22AB798}.Debug|x64.Build.0 = Debug|x64
		{D3D288FD-82FD-4AF3-832F-47EFC22AB798}.Debug|x86.ActiveCfg = Debug|Win32
		{D3D288FD-82FD-4AF3-832F-47EFC22AB798}.Debug|x86.Build.0 = Debug|Win32
		{D3D288FD-82FD-4AF3-832F-47EFC22AB798}.Release|x64.ActiveCfg = Release|x64
		{D3D288FD-82FD-4AF3-832F-47EFC22AB798}.Release|x64.Build.0 = Release|x64
		{D3D288FD-82FD-4AF3-832F-47EFC22AB798}.Release|x86.ActiveCfg = Release|Win32
		{D3D288FD-82FD-4AF3-832F-47EFC22AB798}.Release|x86.Build.0 = Release|Win32
		{9D58AC2C-E85B-439B-9C15-41FCEE49B418}.Debug|x64.ActiveCfg = Debug|x64
		{9D58AC2C-E85B-439B-9C15-41FCEE49B418}.Debug|x64.Build.0 = Debug|x64
		{9D58AC2C-E85B-439B-9C15-41FCEE49B418}.Debug|x86.ActiveCfg = Debug|Win32
		{9D58AC2C-E85B-439B-9C15-41FCEE49B418}.Debug|x86.Build.0 = Debug|Win32
		{9D58AC2C-E85B-439B-9C15-41FCEE49B418}.Release|x64.ActiveCfg = Release|x64
		{9D58AC2C-E85B-439B-9C15-41FCEE49B418}.Release|x64.Build.0 = Release|x64
		{9D58AC2C-E85B-439B-9C15-41FCEE49B418}.Release|x86.ActiveCfg = Release|Win32
		{9D58AC2C-E85B-439B-9C15-41FCEE49B418}.Release|x86.Build.0 = Release|Win32
		{34B3A657-FECB-4613-84C4-2CE4A4EFD23F}.Debug|x64.ActiveCfg = Debug|x64
		{34B3A657-FECB-4613-84C4-2CE4A4EFD23F}.Debug|x64.Build.0 = Debug|x64
		{34B3A657-FECB-4613-84C4-2CE4A4EFD23F}.Debug|x86.ActiveCfg = Debug|Win32
		{34B3A657-FECB-4613-84C4-2CE4A4EFD23F}.Debug|x86.Build.0 = Debug|Win32
		{34B3A657-FECB-4613-84C4-2CE4A4EFD23F}.Release|x64.ActiveCfg = Release|x64
		{34B3A657-FECB-4613-84C4-2CE4A4EFD23F}.Release|x64.Build.0 = Release|x64
		{34B3A657-FECB-4613-84C4-2CE4A4EFD23F}.Release|x86.ActiveCfg = Release|Win32
		{34B3A657-FECB-4613-84C4-2CE4A4EFD23F}.Release|x86.Build.0 = Release|Win32
		{F27A3F6E-A188-4D87-8527-555514C1C624}.Debug|x64.ActiveCfg = Debug|x64
		{F27A3F6E-A188-4D87-8527-555514C1C624}.Debug|x64.Build.0 = Debug|x64
		{F27A3F6E-A188-4D87-8527-555514C1C624}.Debug|x86.ActiveCfg = Debug|Win32
		{F27A3F6E-A188-4D87-8527-555514C1C624}.Debug|x86.Build.0 = Debug|Win32
		{F27A3F6E-A188-4D87-8527-555514C1C624}.Release|x64.ActiveCfg = Release|x64
		{F27A3F6E-A188-4D87-8527-555514C1C624}.Release|x64.Build.0 = Release|x64
		{F27A3F6E-A188-4D87-8527-555514C1C624}.Release|x86.ActiveCfg = Release|Win32
		{F27A3F6E-A188-4D87-8527-555514C1C624}.Release|x86.Build.0 = Release|Win32
		{A10532B1-4C4F-492E-803F-2FE708BBCF97}.Debug|x64.ActiveCfg = Debug|x64
		{A10532B1-4C4F-492E-803F-2FE708BBCF97}.Debug|x64.Build.0 = Debug|x64
		{A10532B1-4C4F-492E-803F-2FE708BBCF97}.Debug|x86.ActiveCfg = Debug|Win32
		{A10532B1-4C4F-492E-803F-2FE708BBCF97}.Debug|x86.Build.0 = Debug|Win32
		{A10532B1-4C4F-492E-803F-2FE708BBCF97}.Release|x64.ActiveCfg = Release|x64
		{A10532B1-4C4F-492E-803F-2FE708BBCF97}.Release|x64.Build.0 = Release|x64
		{A10532B1-4C4F-492E-803F-2FE708BBCF97}.Release|x86.ActiveCfg = Release|Win32
		{A10532B1-4C4F-492E-803F-2FE708BBCF97}.Release|x86.Build.0 = Release|Win32
		{14E521E1-4960-4D78-8C22-2813CE6D7A0A}.Debug|x64.ActiveCfg = Debug|x64
		{14E521E1-4960-4D78-8C22-2813CE6D7A0A}.Debug|x64.Build.0 = Debug|x64
		{14E521E1-4960-4D78-8C22-2813CE6D7A0A}.Debug|x86.ActiveCfg = Debug|Win32
		{14E521E1-4960-4D78-8C22-2813CE6D7A0A}.Debug|x86.Build.0 = Debug|Win32
		{14E521E1-4960-4D78-8C22-2813CE6D7A0A}.Release|x64.ActiveCfg = Release|x64
		{14E521E1-4960-4D78-8C22-2813CE6D7A0A}.Release|x64.Build.0 = Release|x64
		{14E521E1-4960-4D78-8C22-2813CE6D7A0A}.Release|x86.ActiveCfg = Release|Win32
		{14E521E1-4960-4D78-8C22-2813CE6D7A0A}.Release|x86.Build.0 = Release|Win32
		{DA9BD3FE-B735-4520-9A7D-50426955A3A3}.Debug|x64.ActiveCfg = Debug|x64
		{DA9BD3FE-B735-4520-9A7D-50426955A3A3}.Debug|x64.Build.0 = Debug|x64
		{DA9BD3FE-B735-4520-9A7D-50426955A3A3}.Debug|x86.ActiveCfg = Debug|Win32
		{DA9BD3FE-B735-4520-9A7D-50426955A3A3}.Debug|x86.Build.0 = Debug|Win32
		{DA9BD3FE-B735-4520-9A7D-50426955A3A3}.Release|x64.ActiveCfg = Release|x64
		{DA9BD3FE-B735-4520-9A7D-50426955A3A3}.Release|x64.Build.0 = Release|x64
		{DA9BD3FE-B735-4520-9A7D-50426955A3A3}.Release|x86.ActiveCfg = Release|Win32
		{DA9BD3FE-B735-4520-9A7D-50426955A3A3}.Release|x86.Build.0 = Release|Win32
		{1110D882-1520-408D-9CC0-967763066E0D}.Debug|x64.ActiveCfg = Debug|x64
		{1110D882-1520-408D-9CC0-967763066E0D}.Debug|x64.Build.0 = Debug|x64
		{1110D882-1520-408D-9CC0-967763066E0D}.Debug|x86.ActiveCfg = Debug|Win32
		{1110D882-1520-408D-9CC0-967763066E0D}.Debug|x86.Build.0 = Debug|Win32
		{1110D882-1520-408D-9CC0-967763066E0D}.Release|x64.ActiveCfg = Release|x64
		{1110D882-1520-408D-9CC0-967763066E0D}.Release|x64.Build.0 = Release|x64
		{1110D882-1520-408D-9CC0-967763066E0D}.Release|x86.ActiveCfg = Release|Win32
		{1110D882-1520-408D-9CC0-967763066E0D}.Release|x86.Build.0 = Release|Win32
		{51EA5D51-6797-42ED-8834-47AFCDBE6F0F}.Debug|x64.ActiveCfg = Debug|x64
		{51EA5D51-6797-42ED-8834-47AFCDBE6F0F}.Debug|x64.Build.0 = Debug|x64
		{51EA5D51-6797-42ED-8834-47AFCDBE6F0F}.Debug|x86.ActiveCfg = Debug|Win32
		{51EA5D51-6797-42ED-8834-47AFCDBE6F0F}.Debug|x86.Build.0 = Debug|Win32
		{51EA5D51-6797-42ED-8834-47AFCDBE6F0F}.Release|x64.ActiveCfg = Release|x64
		{51EA5D51-6797-42ED-8834-47AFCDBE6F0F}.Release|x64.Build.0 = Release|x64
		{51EA5D51-6797-42ED-8834-47AFCDBE6F0F}.Release|x86.ActiveCfg = Release|Win32
		{51EA5D51-6797-42ED-8834-47AFCDBE6F0F}.Release|x86.Build.0 = Release|Win32
		{C83D320A-47B9-4BAB-B0A2-1F1C5377D12D}.Debug|x64.ActiveCfg = Debug|x64
		{C83D320A-47B9-4BAB-B0A2-1F1C5377D12D}.Debug|x64.Build.0 = Debug|x64
		{C83D320A-47B9-4BAB-B0A2-1F1C5377D12D}.Debug|x86.ActiveCfg = Debug|Win32
		{C83D320A-47B9-4BAB-B0A2-1F1C5377D12D}.Debug|x86.Build.0 = Debug|Win32
		{C83D320A-47B9-4BAB-B0A2-1F1C5377D12D}.Release|x64.ActiveCfg = Release|x64
		{C83D320A-47B9-4BAB-B0A2-1F1C5377D12D}.Release|x64.Build.0 = Release|x64
		{C83D320A-47B9-4BAB-B0A2-1F1C5377D12D}.Release|x86.ActiveCfg = Release|Win32
		{C83D320A-47B9-4BAB-B0A2-1F1C5377D12D}.Release|x86.Build.0 = Release|Win32
		{7843676F-6D04-480F-ABB6-9EDF3E9F9C5F}.Debug|x64.ActiveCfg = Debug|x64
		{7843676F-6D04-480F-ABB6-9EDF3E9F9C5F}.Debug|x64.Build.0 = Debug|x64
		{7843676F-6D04-480F-ABB6-9EDF3E9F9C5F}.Debug|x86.ActiveCfg = Debug|Win32
		{7843676F-6D04-480F-ABB6-9EDF3E9F9C5F}.Debug|x86.Build.0 = Debug|Win32
		{7843676F-6D04-480F-ABB6-9EDF3E9F9C5F}.Release|x64.ActiveCfg = Release|x64
		{7843676F-6D04-480F-ABB6-9EDF3E9F9C5F}.Release|x64.Build.0 = Release|x64
		{7843676F-6D04-480F-ABB6-9EDF3E9F9C5F}.Release|x86.ActiveCfg = Release|Win32
		{7843676F-6D04-480F-ABB6-9EDF3E9F9C5F}.Release|x86.Build.0 = Release|Win32
		{27BFB235-E708-4345-8844-40931EE3582C}.Debug|x64.ActiveCfg = Debug|x64
		{27BFB235-E708-4345-8844-40931EE3582C}.Debug|x64.Build.0 = Debug|x64
		{27BFB235-E708-4345-8844-40931EE3582C}.Debug|x86.ActiveCfg = Debug|Win32
		{27BFB235-E708-4345-8844-40931EE3582C}.Debug|x86.Build.0 = Debug|Win32
		{27BFB235-E708-4345-8844-40931EE3582C}.Release|x64.ActiveCfg = Release|x64
		{27BFB235-E708-4345-8844-40931EE3582C}.Release|x64.Build.0 = Release|x64
		{27BFB235-E708-4345-8844-40931EE3582C}.Release|x86.ActiveCfg = Release|Win32
		{27BFB235-E708-4345-8844-40931EE3582C}.Release|x86.Build.0 = Release|Win32
		{C2A99B67-08A4-45BB-8F11-720723A7C1D0}.Debug|x64.ActiveCfg = Debug|x64
		{C2A99B67-08A4-45BB-8F11-720723A7C1D0}.Debug|x64.Build.0 = Debug|x64
		{C2A99B67-08A4-45BB-8F11-720723A7C1D0}.Debug|x86.ActiveCfg = Debug|Win32
		{C2A99B67-08A4-45BB-8F11-720723A7C1D0}.Debug|x86.Build.0 = Debug|Win32
		{C2A99B67-08A4-45BB-8F11-720723A7C1D0}.Release|x64.ActiveCfg = Release|x64
		{C2A99B67-08A4-45BB-8F11-720723A7C1D0}.Release|x64.Build.0 = Release|x64
		{C2A99B67-08A4-45BB-8F11-720723A7C1D0}.Release|x86.ActiveCfg = Release|Win32
		{C2A99B67-08A4-45BB-8F11-720723A7C1D0}.Release|x86.Build.0 = Release|Win32
		{D15344A2-1240-4BFF-8397-8FB08C9F7F4B}.Debug|x64.ActiveCfg = Debug|x64
		{D15344A2-1240-4BFF-8397-8FB08C9F7F4B}.Debug|x64.Build.0 = Debug|x64
		{D15344A2-1240-4BFF-8397-8FB08C9F7F4B}.Debug|x86.ActiveCfg = Debug|Win32
		{D15344A2-1240-4BFF-8397-8FB08C9F7F4B}.Debug|x86.Build.0 = Debug|Win32
		{D15344A2-1240-4BFF-8397-8FB08C9F7F4B}.Release|x64.ActiveCfg = Release|x64
		{D15344A2-1240-4BFF-8397-8FB08C9F7F4B}.Release|x64.Build.0 = Release|x64
		{D15344A2-1240-4BFF-8397-8FB08C9F7F4B}.Release|x86.ActiveCfg = Release|Win32
		{D15344A2-1240-4BFF-8397-8FB08C9F7F4B}.Release|x86.Build.0 = Release|Win32
		{BFF9E83E-D99A-411E-9D8D-975D641EE560}.Debug|x64.ActiveCfg = Debug|x64
		{BFF9E83E-D99A-411E-9D8D-975D641EE560}.Debug|x64.Build.0 = Debug|x64
		{BFF9E83E-D99A-411E-9D8D-975D641EE560}.Debug|x86.ActiveCfg = Debug|Win32
		{BFF9E83E-D99A-411E-9D8D-975D641EE560}.Debug|x86.Build.0 = Debug|Win32
		{BFF9E83E-D99A-411E-9D8D-975D641EE560}.Release|x64.ActiveCfg = Release|x64
		{BFF9E83E-D99A-411E-9D8D-975D641EE560}.Release|x64.Build.0 = Release|x64
		{BFF9E83E-D99A-411E-9D8D-975D641EE560}.Release|x86.ActiveCfg = Release|Win32
		{BFF9E83E-D99A-411E-9D8D-975D641EE560}.Release|x86.Build.0 = Release|Win32
		{E96FEC38-F044-44AE-88D5-B6AC77D7DDA7}.Debug|x64.ActiveCfg = Debug|x64
		{E96FEC38-F044-44AE-88D5-B6AC77D7DDA7}.Debug|x64.Build.0 = Debug|x64
		{E96FEC38-F044-44AE-88D5-B6AC77D7DDA7}.Debug|x86.ActiveCfg = Debug|Win32
		{E96FEC38-F044-44AE-88D5-B6AC77D7DDA7}.Debug|x86.Build.0 = Debug|Win32
		{E96FEC38-F044-44AE-88D5-B6AC77D7DDA7}.Release|x64.ActiveCfg = Release|x64
		{E96FEC38-F044-44AE-88D5-B6AC77D7DDA7}.Release|x64.Build.0 = Release|x64
		{E96FEC38-F044-44AE-88D5-B6AC77D7DDA7}.Release|x86.ActiveCfg = Release|Win32
		{E96FEC38-F044-44AE-88D5-B6AC77D7DDA7}.Release|x86.Build.0 = Release|Win32
		{6D808A1B-F261-4F97-9FF9-6AA1C718FDC3}.Debug|x64.ActiveCfg = Debug|x64
		{6D808A1B-F261-4F97-9FF9-6AA1C718FDC3}.Debug|x64.Build.0 = Debug|x64
		{6D808A1B-F261-4F97-9FF9-6AA1C718FDC3}.Debug|x86.ActiveCfg = Debug|Win32
		{6D808A1B-F261-4F97-9FF9-6AA1C718FDC3}.Debug|x86.Build.0 = Debug|Win32
		{6D808A1B-F261-4F97-9FF9-6AA1C718FDC3}.Release|x64.ActiveCfg = Release|x64
		{6D808A1B-F261-4F97-9FF9-6AA1C718FDC3}.Release|x64.Build.0 = Release|x64
		{6D808A1B-F261-4F97-9FF9-6AA1C718FDC3}.Release|x86.ActiveCfg = Release|Win32
		{6D808A1B-F261-4F97-9FF9-6AA1C718FDC3}.Release|x86.Build.0 = Release|Win32
		{C7261CCA-D1D0-4EBC-8F13-87FDCA8B2FCD}.Debug|x64.ActiveCfg = Debug|x64
		{C7261CCA-D1D0-4EBC-8F13-87FDCA8B2FCD}.Debug|x64.Build.0 = Debug|x64
		{C7261CCA-D1D0-4EBC-8F13-87FDCA8B2FCD}.Debug|x86.ActiveCfg = Debug|Win32
		{C7261CCA-D1D0-4EBC-8F13-87FDCA8B2FCD}.Debug|x86.Build.0 = Debug|Win32
		{C7261CCA-D1D0-4EBC-8F13-87FDCA8B2FCD}.Release|x64.ActiveCfg = Release|x64
		{C7261CCA-D1D0-4EBC-8F13-87FDCA8B2FCD}.Release|x64.Build.0 = Release|x64
		{C7261CCA-D1D0-4EBC-8F13-87FDCA8B2FCD}.Release|x86.ActiveCfg = Release|Win32
		{C7261CCA-D1D0-4EBC-8F13-87FDCA8B2FCD}.Release|x86.Build.0 = Release|Win32
		{9D4004B3-0EAC-4F92-9138-B7FF309D0D30}.Debug|x64.ActiveCfg = Debug|x64
		{9D4004B3-0EAC-4F92-9138-B7FF309D0D30}.Debug|x64.Build.0 = Debug|x64
		{9D4004B3-0EAC-4F92-9138-B7FF309D0D30}.Debug|x86.ActiveCfg = Debug|Win32
		{9D4004B3-0EAC-4F92-9138-B7FF309D0D30}.Debug|x86.Build.0 = Debug|Win32
		{9D4004B3-0EAC-4F92-9138-B7FF309D0D30}.Release|x64.ActiveCfg = Release|x64
		{9D4004B3-0EAC-4F92-9138-B7FF309D0D30}.Release|x64.Build.0 = Release|x64
		{9D4004B3-0EAC-4F92-9138-B7FF309D0D30}.Release|x86.ActiveCfg = Release|Win32
		{9D4004B3-0EAC-4F92-9138-B7FF309D0D30}.Release|x86.Build.0 = Release|Win32
		{94A92804-E610-48E7-BAC7-59352F789F12}.Debug|x64.ActiveCfg = Debug|x64
		{94A92804-E610-48E7-BAC7-59352F789F12}.Debug|x64.Build.0 = Debug|x64
		{94A92804-E610-48E7-BAC7-59352F789F12}.Debug|x86.ActiveCfg = Debug|Win32
		{94A92804-E610-48E7-BAC7-59352F789F12}.Debug|x86.Build.0 = Debug|Win32
		{94A92804-E610-48E7-BAC7-59352F789F12}.Release|x64.ActiveCfg = Release|x64
		{94A92804-E610-48E7-BAC7-59352F789F12}.Release|x64.Build.0 = Release|x64
		{94A92804-E610-48E7-BAC7-59352F789F12}.Release|x86.ActiveCfg = Release|Win32
		{94A92804-E610-48E7-BAC7-59352F789F12}.Release|x86.Build.0 = Release|Win32
		{F7979A27-933C-4C76-A4E5-037E5221F79E}.Debug|x64.ActiveCfg = Debug|x64
		{F7979A27-933C-4C76-A4E5-037E5221F79E}.Debug|x64.Build.0 = Debug|x64
		{F7979A27-933C-4C76-A4E5-037E5221F79E}.Debug|x86.ActiveCfg = Debug|Win32
		{F7979A27-933C-4C76-A4E5-037E5221F79E}.Debug|x86.Build.0 = Debug|Win32
		{F7979A27-933C-4C76-A4E5-037E5221F79E}.Release|x64.ActiveCfg = Release|x64
		{F7979A27-933C-4C76-A4E5-037E5221F79E}.Release|x64.Build.0 = Release|x64
		{F7979A27-933C-4C76-A4E5-037E5221F79E}.Release|x86.ActiveCfg = Release|Win32
		{F7979A27-933C-4C76-A4E5-037E5221F79E}.Release|x86.Build.0 = Release|Win32
		{B397DEE2-F70A-42A6-9BFD-6EB30C03386E}.Debug|x64.ActiveCfg = Debug|x64
		{B397DEE2-F70A-42A6-9BFD-6EB30C03386E}.Debug|x64.Build.0 = Debug|x64
		{B397DEE2-F70A-42A6-9BFD-6EB30C03386E}.Debug|x86.ActiveCfg = Debug|Win32
		{B397DEE2-F70A-42A6-9BFD-6EB30C03386E}.Debug|x86.Build.0 = Debug|Win32
		{B397DEE2-F70A-42A6-9BFD-6EB30C03386E}.Release|x64.ActiveCfg = Release|x64
		{B397DEE2-F70A-42A6-9BFD-6EB30C03386E}.Release|x64.Build.0 = Release|x64
		{B397DEE2-F70A-42A6-9BFD-6EB30C03386E}.Release|x86.ActiveCfg = Release|Win32
		{B397DEE2-F70A-42A6-9BFD-6EB30C03386E}.Release|x86.Build.0 = Release|Win32
		{0F0AA3FA-FB37-4E84-BD42-1A44BD0ED30D}.Debug|x64.ActiveCfg = Debug|x64
		{0F0AA3FA-FB37-4E84-BD42-1A44BD0ED30D}.Debug|x64.Build.0 = Debug|x64
		{0F0AA3FA-FB37-4E84-BD42-1A44BD0ED30D}.Debug|x86.ActiveCfg = Debug|Win32
		{0F0AA3FA-FB37-4E84-BD42-1A44BD0ED30D}.Debug|x86.Build.0 = Debug|Win32
		{0F0AA3FA-FB37-4E84-BD42-1A44BD0ED30D}.Release|x64.ActiveCfg = Release|x64
		{0F0AA3FA-FB37-4E84-BD42-1A44BD0ED30D}.Release|x64.Build.0 = Release|x64
		{0F0AA3FA-FB37-4E84-BD42-1A44BD0ED30D}.Release|x86.ActiveCfg = Release|Win32
		{0F0AA3FA-FB37-4E84-BD42-1A44BD0ED30D}.Release|x86.Build.0 = Release|Win32
		{F0E4DF20-416F-4AC7-9E40-70B3DFEBF531}.Debug|x64.ActiveCfg = Debug|x64
		{F0E4DF20-416F-4AC7-9E40-70B3DFEBF531}.Debug|x64.Build.0 = Debug|x64
		{F0E4DF20-416F-4AC7-9E40-70B3DFEBF531}.Debug|x86.ActiveCfg = Debug|Win32
		{F0E4DF20-416F-4AC7-9E40-70B3DFEBF531}.Debug|x86.Build.0 = Debug|Win32
		{F0E4DF20-416F-4AC7-9E40-70B3DFEBF531}.Release|x64.ActiveCfg = Release|x64
		{F0E4DF20-416F-4AC7-9E40-70B3DFEBF531}.Release|x64.Build.0 = Release|x64
		{F0E4DF20-416F-4AC7-9E40-70B3DFEBF531}.Release|x86.ActiveCfg = Release|Win32
		{F0E4DF20-416F-4AC7-9E40-70B3DFEBF531}.Release|x86.Build.0 = Release|Win32
		{CF1E0796-9DD9-49B8-9E91-7E4154F9C5A8}.Debug|x64.ActiveCfg = Debug|x64
		{CF1E0796-9DD9-49B8-9E91-7E4154F9C5A8}.Debug|x64.Build.0 = Debug|x64
		{CF1E0796-9DD9-49B8-9E91-7E4154F9C5A8}.Debug|x86.ActiveCfg = Debug|Win32
		{CF1E0796-9DD9-49B8-9E91-7E4154F9C5A8}.Debug|x86.Build.0 = Debug|Win32
		{CF1E0796-9DD9-49B8-9E91-7E4154F9C5A8}.Release|x64.ActiveCfg = Release|x64
		{CF1E0796-9DD9-49B8-9E91-7E4154F9C5A8}.Release|x64.Build.0 = Release|x64
		{CF1E0796-9DD9-49B8-9E91-7E4154F9C5A8}.Release|x86.ActiveCfg = Release|Win32
		{CF1E0796-9DD9-49B8-9E91-7E4154F9C5A8}.Release|x86.Build.0 = Release|Win32
		{CF620D27-77B6-4FA1-A9B5-649165521BEE}.Debug|x64.ActiveCfg = Debug|x64
		{CF620D27-77B6-4FA1-A9B5-649165521BEE}.Debug|x64.Build.0 = Debug|x64
		{CF620D27-77B6-4FA1-A9B5-649165521BEE}.Debug|x86.ActiveCfg = Debug|Win32
		{CF620D27-77B6-4FA1-A9B5-649165521BEE}.Debug|x86.Build.0 = Debug|Win32
		{CF620D27-77B6-4FA1-A9B5-649165521BEE}.Release|x64.ActiveCfg = Release|x64
		{CF620D27-77B6-4FA1-A9B5-649165521BEE}.Release|x64.Build.0 = Release|x64
		{CF620D27-77B6-4FA1-A9B5-649165521BEE}.Release|x86.ActiveCfg = Release|Win32
		{CF620D27-77B6-4FA1-A9B5-649165521BEE}.Release|x86.Build.0 = Release|Win32
		{5C4DB251-ED89-4318-9CC2-CB61329ECF2E}.Debug|x64.ActiveCfg = Debug|x64
		{5C4DB251-ED89-4318-9CC2-CB61329ECF2E}.Debug|x64.Build.0 = Debug|x64
		{5C4DB251-ED89-4318-9CC2-CB61329ECF2E}.Debug|x86.ActiveCfg = Debug|Win32
		{5C4DB251-ED89-4318-9CC2-CB61329ECF2E}.Debug|x86.Build.0 = Debug|Win32
		{5C4DB251-ED89-4318-9CC2-CB61329ECF2E}.Release|x64.ActiveCfg = Release|x64
		{5C4DB251-ED89-4318-9CC2-CB61329ECF2E}.Release|x64.Build.0 = Release|x64
		{5C4DB251-ED89-4318-9CC2-CB61329ECF2E}.Release|x86.ActiveCfg = Release|Win32
		{5C4DB251-ED89-4318-9CC2-CB61329ECF2E}.Release|x86.Build.0 = Release|Win32
		{AF2FAC73-3560-44A8-8B64-2ED8D97A86D7}.Debug|x64.ActiveCfg = Debug|x64
		{AF2FAC73-3560-44A8-8B64-2ED8D97A86D7}.Debug|x64.Build.0 = Debug|x64
		{AF2FAC73-3560-44A8-8B64-2ED8D97A86D7}.Debug|x86.ActiveCfg = Debug|Win32
		{AF2FAC73-3560-44A8-8B64-2ED8D97A86D7}.Debug|x86.Build.0 = Debug|Win32
		{AF2FAC73-3560-44A8-8B64-2ED8D97A86D7}.Release|x64.ActiveCfg = Release|x64
		{AF2FAC73-3560-44A8-8B64-2ED8D97A86D7}.Release|x64.Build.0 = Release|x64
		{AF2FAC73-3560-44A8-8B64-2ED8D97A86D7}.Release|x86.ActiveCfg = Release|Win32
		{AF2FAC73-3560-44A8-8B64-2ED8D97A86D7}.Release|x86.Build.0 = Release|Win32
		{ADBE1F9B-09B9-4537-B993-0C81B764E137}.Debug|x64.ActiveCfg = Debug|x64
		{ADBE1F9B-09B9-4537-B993-0C81B764E137}.Debug|x64.Build.0 = Debug|x64
		{ADBE1F9B-09B9-4537-B993-0C81B764E137}.Debug|x86.ActiveCfg = Debug|Win32
		{ADBE1F9B-09B9-4537-B993-0C81B764E137}.Debug|x86.Build.0 = Debug|Win32
		{ADBE1F9B-09B9-4537-B993-0C81B764E137}.Release|x64.ActiveCfg = Release|x64
		{ADBE1F9B-09B9-4537-B993-0C81B764E137}.Release|x64.Build.0 = Release|x64
		{ADBE1F9B-09B9-4537-B993-0C81B764E137}.Release|x86.ActiveCfg = Release|Win32
		{ADBE1F9B-09B9-4537-B993-0C81B764E137}.Release|x86.Build.0 = Release|Win32
		{4C831DB6-D587-450C-A442-020A437C6FF5}.Debug|x64.ActiveCfg = Debug|x64
		{4C831DB6-D587-450C-A442-020A437C6FF5}.Debug|x64.Build.0 = Debug|x64
		{4C831DB6-D587-450C-A442-020A437C6FF5}.Debug|x86.ActiveCfg = Debug|Win32
		{4C831DB6-D587-450C-A442-020A437C6FF5}.Debug|x86.Build.0 = Debug|Win32
		{4C831DB6-D587-450C-A442-020A437C6FF5}.Release|x64.ActiveCfg = Release|x64
		{4C831DB6-D587-450C-A442-020A437C6FF5}.Release|x64.Build.0 = Release|x64
		{4C831DB6-D587-450C-A442-020A437C6FF5}.Release|x86.ActiveCfg = Release|Win32
		{4C831DB6-D587-450C-A442-020A437C6FF5}.Release|x86.Build.0 = Release|Win32
		{BB36349E-06DF-41B4-B12D-F3995D27005B}.Debug|x64.ActiveCfg = Debug|x64
		{BB36349E-06DF-41B4-B12D-F3995D27005B}.Debug|x64.Build.0 = Debug|x64
		{BB36349E-06DF-41B4-B12D-F3995D27005B}.Debug|x86.ActiveCfg = Debug|Win32
		{BB36349E-06DF-41B4-B12D-F3995D27005B}.Debug|x86.Build.0 = Debug|Win32
		{BB36349E-06DF-41B4-B12D-F3995D27005B}.Release|x64.ActiveCfg = Release|x64
		{BB36349E-06DF-41B4-B12D-F3995D27005B}.Release|x64.Build.0 = Release|x64
		{BB36349E-06DF-41B4-B12D-F3995D27005B}.Release|x86.ActiveCfg = Release|Win32
		{BB36349E-06DF-41B4-B12D-F3995D27005B}.Release|x86.Build.0 = Release|Win32
		{B2E5E239-5C19-4605-8BC9-E88BACF989F8}.Debug|x64.ActiveCfg = Debug|x64
		{B2E5E239-5C19-4605-8BC9-E88BACF989F8}.Debug|x64.Build.0 = Debug|x64
		{B2E5E239-5C19-4605-8BC9-E88BACF989F8}.Debug|x86.ActiveCfg = Debug|Win32
		{B2E5E239-5C19-4605-8BC9-E88BACF989F8}.Debug|x86.Build.0 = Debug|Win32
		{B2E5E239-5C19-4605-8BC9-E88BACF989F8}.Release|x64.ActiveCfg = Release|x64
		{B2E5E239-5C19-4605-8BC9-E88BACF989F8}.Release|x64.Build.0 = Release|x64
		{B2E5E239-5C19-4605-8BC9-E88BACF989F8}.Release|x86.ActiveCfg = Release|Win32
		{B2E5E239-5C19-4605-8BC9-E88BACF989F8}.Release|x86.Build.0 = Release|Win32
		{226C0B09-4698-42A2-BC45-185009ED5A50}.Debug|x64.ActiveCfg = Debug|x64
		{226C0B09-4698-42A2-BC45-185009ED5A50}.Debug|x64.Build.0 = Debug|x64
		{226C0B09-4698-42A2-BC45-185009ED5A50}.Debug|x86.ActiveCfg = Debug|Win32
		{226C0B09-4698-42A2-BC45-185009ED5A50}.Debug|x86.Build.0 = Debug|Win32
		{226C0B09-4698-42A2-BC45-185009ED5A50}.Release|x64.ActiveCfg = Release|x64
		{226C0B09-4698-42A2-BC45-185009ED5A50}.Release|x64.Build.0 = Release|x64
		{226C0B09-4698-42A2-BC45-185009ED5A50}.Release|x86.ActiveCfg = Release|Win32
		{226C0B09-4698-42A2-BC45-185009ED5A50}.Release|x86.Build.0 = Release|Win32
		{1CB5C97E-30EE-4B8E-ADC2-576F1FAA6D17}.Debug|x64.ActiveCfg = Debug|x64
		{1CB5C97E-30EE-4B8E-ADC2-576F1FAA6D17}.Debug|x64.Build.0 = Debug|x64
		{1CB5C97E-30EE-4B8E-ADC2-576F1FAA6D17}.Debug|x86.ActiveCfg = Debug|Win32
		{1CB5C97E-30EE-4B8E-ADC2-576F1FAA6D17}.Debug|x86.Build.0 = Debug|Win32
		{1CB5C97E-30EE-4B8E-ADC2-576F1FAA6D17}.Release|x64.ActiveCfg = Release|x64
		{1CB5C97E-30EE-4B8E-ADC2-576F1FAA6D17}.Release|x64.Build.0 = Release|x64
		{1CB5C97E-30EE-4B8E-ADC2-576F1FAA6D17}.Release|x86.ActiveCfg = Release|Win32
		{1CB5C97E-30EE-4B8E-ADC2-576F1FAA6D17}.Release|x86.Build.0 = Release|Win32
		{F242904B-4D7D-451C-865F-E61CEB984BCA}.Debug|x64.ActiveCfg = Debug|x64
		{F242904B-4D7D-451C-865F-E61CEB984BCA}.Debug|x64.Build.0 = Debug|x64
		{F242904B-4D7D-451C-865F-E61CEB984BCA}.Debug|x86.ActiveCfg = Debug|Win32
		{F242904B-4D7D-451C-865F-E61CEB984BCA}.Debug|x86.Build.0 = Debug|Win32
		{F242904B-4D7D-451C-865F-E61CEB984BCA}.Release|x64.ActiveCfg = Release|x64
		{F242904B-4D7D-451C-865F-E61CEB984BCA}.Release|x64.Build.0 = Release|x64
		{F242904B-4D7D-451C-865F-E61CEB984BCA}.Release|x86.ActiveCfg = Release|Win32
		{F242904B-4D7D-451C-865F-E61CEB984BCA}.Release|x86.Build.0 = Release|Win32
		{2C833657-AAB9-4C61-AE84-DAC328BE3C2B}.Debug|x64.ActiveCfg = Debug|x64
		{2C833657-AAB9-4C61-AE84-DAC328BE3C2B}.Debug|x64.Build.0 = Debug|x64
		{2C833657-AAB9-4C61-AE84-DAC328BE3C2B}.Debug|x86.ActiveCfg = Debug|Win32
		{2C833657-AAB9-4C61-AE84-DAC328BE3C2B}.Debug|x86.Build.0 = Debug|Win32
		{2C833657-AAB9-4C61-AE84-DAC328BE3C2B}.Release|x64.ActiveCfg = Release|x64
		{2C833657-AAB9-4C61-AE84-DAC328BE3C2B}.Release|x64.Build.0 = Release|x64
		{2C833657-AAB9-4C61-AE84-DAC328BE3C2B}.Release|x86.ActiveCfg = Release|Win32
		{2C833657-AAB9-4C61-AE84-DAC328BE3C2B}.Release|x86.Build.0 = Release|Win32
		{5D85E0F3-CF1F-4D51-BE5A-FCF41D1F67C7}.Debug|x64.ActiveCfg = Debug|x64
		{5D85E0F3-CF1F-4D51-BE5A-FCF41D1F67C7}.Debug|x64.Build.0 = Debug|x64
		{5D85E0F3-CF1F-4D51-BE5A-FCF41D1F67C7}.Debug|x86.ActiveCfg = Debug|Win32
		{5D85E0F3-CF1F-4D51-BE5A-FCF41D1F67C7}.Debug|x86.Build.0 = Debug|Win32
		{5D85E0F3-CF1F-4D51-BE5A-FCF41D1F67C7}.Release|x64.ActiveCfg = Release|x64
		{5D85E0F3-CF1F-4D51-BE5A-FCF41D1F67C7}.Release|x64.Build.0 = Release|x64
		{5D85E0F3-CF1F-4D51-BE5A-FCF41D1F67C7}.Release|x86.ActiveCfg = Release|Win32
		{5D85E0F3-CF1F-4D51-BE5A-FCF41D1F67C7}.Release|x86.Build.0 = Release|Win32
		{6971C5F6-EDC8-4569-B093-2AD53A7D9FFC}.Debug|x64.ActiveCfg = Debug|x64
		{6971C5F6-EDC8-4569-B093-2AD53A7D9FFC}.Debug|x64.Build.0 = Debug|x64
		{6971C5F6-EDC8-4569-B093-2AD53A7D9FFC}.Debug|x86.ActiveCfg = Debug|Win32
		{6971C5F6-EDC8-4569-B093-2AD53A7D9FFC}.Debug|x86.Build.0 = Debug|Win32
		{6971C5F6-EDC8-4569-B093-2AD53A7D9FFC}.Release|x64.ActiveCfg = Release|x64
		{6971C5F6-EDC8-4569-B093-2AD53A7D9FFC}.Release|x64.Build.0 = Release|x64
		{6971C5F6-EDC8-4569-B093-2AD53A7D9FFC}.Release|x86.ActiveCfg = Release|Win32
		{6971C5F6-EDC8-4569-B093-2AD53A7D9FFC}.Release|x86.Build.0 = Release|Win32
		{191E6161-1046-4A17-9C2D-716561BB8939}.Debug|x64.ActiveCfg = Debug|x64
		{191E6161-1046-4A17-9C2D-716561BB8939}.Debug|x64.Build.0 = Debug|x64
		{191E6161-1046-4A17-9C2D-716561BB8939}.Debug|x86.ActiveCfg = Debug|Win32
		{191E6161-1046-4A17-9C2D-716561BB8939}.Debug|x86.Build.0 = Debug|Win32
		{191E6161-1046-4A17-9C2D-716561BB8939}.Release|x64.ActiveCfg = Release|x64
		{191E6161-1046-4A17-9C2D-716561BB8939}.Release|x64.Build.0 = Release|x64
		{191E6161-1046-4A17-9C2D-716561BB8939}.Release|x86.ActiveCfg = Release|Win32
		{191E6161-1046-4A17-9C2D-716561BB8939}.Release|x86.Build.0 = Release|Win32
		{00DDAACE-565A-4D53-A5C9-A95362D539DB}.Debug|x64.ActiveCfg = Debug|x64
		{00DDAACE-565A-4D53-A5C9-A95362D539DB}.Debug|x64.Build.0 = Debug|x64
		{00DDAACE-565A-4D53-A5C9-A95362D539DB}.Debug|x86.ActiveCfg = Debug|Win32
		{00DDAACE-565A-4D53-A5C9-A95362D539DB}.Debug|x86.Build.0 = Debug|Win32
		{00DDAACE-565A-4D53-A5C9-A95362D539DB}.Release|x64.ActiveCfg = Release|x64
		{00DDAACE-565A-4D53-A5C9-A95362D539DB}.Release|x64.Build.0 = Release|x64
		{00DDAACE-565A-4D53-A5C9-A95362D539DB}.Release|x86.ActiveCfg = Release|Win32
		{00DDAACE-565A-4D53-A5C9-A95362D539DB}.Release|x86.Build.0 = Release|Win32
		{2AD547E8-B9B3-469C-9DB4-FD2D575396CB}.Debug|x64.ActiveCfg = Debug|x64
		{2AD547E8-B9B3-469C-9DB4-FD2D575396CB}.Debug|x64.Build.0 = Debug|x64
		{2AD547E8-B9B3-469C-9DB4-FD2D575396CB}.Debug|x86.ActiveCfg = Debug|Win32
		{2AD547E8-B9B3-469C-9DB4-FD2D575396CB}.Debug|x86.Build.0 = Debug|Win32
		{2AD547E8-B9B3-469C-9DB4-FD2D575396CB}.Release|x64.ActiveCfg = Release|x64
		{2AD547E8-B9B3-469C-9DB4-FD2D575396CB}.Release|x64.Build.0 = Release|x64
		{2AD547E8-B9B3-469C-9DB4-FD2D575396CB}.Release|x86.ActiveCfg = Release|Win32
		{2AD547E8-B9B3-469C-9DB4-FD2D575396CB}.Release|x86.Build.0 = Release|Win32
		{49C0E8B8-582D-4A29-9971-B92645D2643E}.Debug|x64.ActiveCfg = Debug|x64
		{49C0E8B8-582D-4A29-9971-B92645D2643E}.Debug|x64.Build.0 = Debug|x64
		{49C0E8B8-582D-4A29-9971-B92645D2643E}.Debug|x86.ActiveCfg = Debug|Win32
		{49C0E8B8-582D-4A29-9971-B92645D2643E}.Debug|x86.Build.0 = Debug|Win32
		{49C0E8B8-582D-4A29-9971-B92645D2643E}.Release|x64.ActiveCfg = Release|x64
		{49C0E8B8-582D-4A29-9971-B92645D2643E}.Release|x64.Build.0 = Release|x64
		{49C0E8B8-582D-4A29-9971-B92645D2643E}.Release|x86.ActiveCfg = Release|Win32
		{49C0E8B8-582D-4A29-9971-B92645D2643E}.Release|x86.Build.0 = Release|Win32
		{0D323E67-57E8-4F45-B750-6D5AFC78D1FC}.Debug|x64.ActiveCfg = Debug|x64
		{0D323E67-57E8-4F45-B750-6D5AFC78D1FC}.Debug|x64.Build.0 = Debug|x64
		{0D323E67-57E8-4F45-B750-6D5AFC78D1FC}.Debug|x86.ActiveCfg = Debug|Win32
		{0D323E67-57E8-4F45-B750-6D5AFC78D1FC}.Debug|x86.Build.0 = Debug|Win32
		{0D323E67-57E8-4F45-B750-6D5AFC78D1FC}.Release|x64.ActiveCfg = Release|x64
		{0D323E67-57E8-4F45-B750-6D5AFC78D1FC}.Release|x64.Build.0 = Release|x64
		{0D323E67-57E8-4F45-B750-6D5AFC78D1FC}.Release|x86.ActiveCfg = Release|Win32
		{0D323E67-57E8-4F45-B750-6D5AFC78D1FC}.Release|x86.Build.0 = Release|Win32
		{B6C1EF1D-7641-42F3-8C53-50067475FD72}.Debug|x64.ActiveCfg = Debug|x64
		{B6C1EF1D-7641-42F3-8C53-50067475FD72}.Debug|x64.Build.0 = Debug|x64
		{B6C1EF1D-7641-42F3-8C53-50067475FD72}.Debug|x86.ActiveCfg = Debug|Win32
		{B6C1EF1D-7641-42F3-8C53-50067475FD72}.Debug|x86.Build.0 = Debug|Win32
		{B6C1EF1D-7641-42F3-8C53-50067475FD72}.Release|x64.ActiveCfg = Release|x64
		{B6C1EF1D-7641-42F3-8C53-50067475FD72}.Release|x64.Build.0 = Release|x64
		{B6C1EF1D-7641-42F3-8C53-50067475FD72}.Release|x86.ActiveCfg = Release|Win32
		{B6C1EF1D-7641-42F3-8C53-50067475FD72}.Release|x86.Build.0 = Release|Win32
		{1B7AF012-0923-4798-8896-3BAD5EB9CA77}.Debug|x64.ActiveCfg = Debug|x64
		{1B7AF012-0923-4798-8896-3BAD5EB9CA77}.Debug|x64.Build.0 = Debug|x64
		{1B7AF012-0923-4798-8896-3BAD5EB9CA77}.Debug|x86.ActiveCfg = Debug|Win32
		{1B7AF012-0923-4798-8896-3BAD5EB9CA77}.Debug|x86.Build.0 = Debug|Win32
		{1B7AF012-0923-4798-8896-3BAD5EB9CA77}.Release|x64.ActiveCfg = Release|x64
		{1B7AF012-0923-4798-8896-3BAD5EB9CA77}.Release|x64.Build.0 = Release|x64
		{1B7AF012-0923-4798-8896-3BAD5EB9CA77}.Release|x86.ActiveCfg = Release|Win32
		{1B7AF012-0923-4798-8896-3BAD5EB9CA77}.Release|x86.Build.0 = Release|Win32
		{F5AFEB25-6281-4F51-9E3D-FD5CE6A854FA}.Debug|x64.ActiveCfg = Debug|x64
		{F5AFEB25-6281-4F51-9E3D-FD5CE6A854FA}.Debug|x64.Build.0 = Debug|x64
		{F5AFEB25-6281-4F51-9E3D-FD5CE6A854FA}.Debug|x86.ActiveCfg = Debug|Win32
		{F5AFEB25-6281-4F51-9E3D-FD5CE6A854FA}.Debug|x86.Build.0 = Debug|Win32
		{F5AFEB25-6281-4F51-9E3D-FD5CE6A854FA}.Release|x64.ActiveCfg = Release|x64
		{F5AFEB25-6281-4F51-9E3D-FD5CE6A854FA}.Release|x64.Build.0 = Release|x64
		{F5AFEB25-6281-4F51-9E3D-FD5CE6A854FA}.Release|x86.ActiveCfg = Release|Win32
		{F5AFEB25-6281-4F51-9E3D-FD5CE6A854FA}.Release|x86.Build.0 = Release|Win32
		{9621DA7E-5D96-45D1-A812-DAA0C9EE6836}.Debug|x64.ActiveCfg = Debug|x64
		{9621DA7E-5D96-45D1-A812-DAA0C9EE6836}.Debug|x64.Build.0 = Debug|x64
		{9621DA7E-5D96-45D1-A812-DAA0C9EE6836}.Debug|x86.ActiveCfg = Debug|Win32
		{9621DA7E-5D96-45D1-A812-DAA0C9EE6836}.Debug|x86.Build.0 = Debug|Win32
		{9621DA7E-5D96-45D1-A812-DAA0C9EE6836}.Release|x64.ActiveCfg = Release|x64
		{9621DA7E-5D96-45D1-A812-DAA0C9EE6836}.Release|x64.Build.0 = Release|x64
		{9621DA7E-5D96-45D1-A812-DAA0C9EE6836}.Release|x86.ActiveCfg = Release|Win32
		{9621DA7E-5D96-45D1-A812-DAA0C9EE6836}.Release|x86.Build.0 = Release|Win32
		{3DC81503-F1F9-4F9B-9EBF-18D8E1B72ED9}.Debug|x64.ActiveCfg = Debug|x64
		{3DC81503-F1F9-4F9B-9EBF-18D8E1B72ED9}.Debug|x64.Build.0 = Debug|x64
		{3DC81503-F1F9-4F9B-9EBF-18D8E1B72ED9}.Debug|x86.ActiveCfg = Debug|Win32
		{3DC81503-F1F9-4F9B-9EBF-18D8E1B72ED9}.Debug|x86.Build.0 = Debug|Win32
		{3DC81503-F1F9-4F9B-9EBF-18D8E1B72ED9}.Release|x64.ActiveCfg = Release|x64
		{3DC81503-F1F9-4F9B-9EBF-18D8E1B72ED9}.Release|x64.Build.0 = Release|x64
		{3DC81503-F1F9-4F9B-9EBF-18D8E1B72ED9}.Release|x86.ActiveCfg = Release|Win32
		{3DC81503-F1F9-4F9B-9EBF-18D8E1B72ED9}.Release|x86.Build.0 = Release|Win32
		{B4F92847-3A03-48A8-8A83-FC14A8728ADB}.Debug|x64.ActiveCfg = Debug|x64
		{B4F92847-3A03-48A8-8A83-FC14A8728ADB}.Debug|x64.Build.0 = Debug|x64
		{B4F92847-3A03-48A8-8A83-FC14A8728ADB}.Debug|x86.ActiveCfg = Debug|Win32
		{B4F92847-3A03-48A8-8A83-FC14A8728ADB}.Debug|x86.Build.0 = Debug|Win32
		{B4F92847-3A03-48A8-8A83-FC14A8728ADB}.Release|x64.ActiveCfg = Release|x64
		{B4F92847-3A03-48A8-8A83-FC14A8728ADB}.Release|x64.Build.0 = Release|x64
		{B4F92847-3A03-48A8-8A83-FC14A8728ADB}.Release|x86.ActiveCfg = Release|Win32
		{B4F92847-3A03-48A8-8A83-FC14A8728ADB}.Release|x86.Build.0 = Release|Win32
		{B1D69035-5DAA-4D04-8345-2055C90F4C30}.Debug|x64.ActiveCfg = Debug|x64
		{B1D69035-5DAA-4D04-8345-2055C90F4C30}.Debug|x64.Build.0 = Debug|x64
		{B1D69035-5DAA-4D04-8345-2055C90F4C30}.Debug|x86.ActiveCfg = Debug|Win32
		{B1D69035-5DAA-4D04-8345-2055C90F4C30}.Debug|x86.Build.0 = Debug|Win32
		{B1D69035-5DAA-4D04-8345-2055C90F4C30}.Release|x64.ActiveCfg = Release|x64
		{B1D69035-5DAA-4D04-8345-2055C90F4C30}.Release|x64.Build.0 = Release|x64
		{B1D69035-5DAA-4D04-8345-2055C90F4C30}.Release|x86.ActiveCfg = Release|Win32
		{B1D69035-5DAA-4D04-8345-2055C90F4C30}.Release|x86.Build.0 = Release|Win32
		{887D4CD8-B7E8-488F-BFF4-67F83CED872F}.Debug|x64.ActiveCfg = Debug|x64
		{887D4CD8-B7E8-488F-BFF4-67F83CED872F}.Debug|x64.Build.0 = Debug|x64
		{887D4CD8-B7E8-488F-BFF4-67F83CED872F}.Debug|x86.ActiveCfg = Debug|Win32
		{887D4CD8-B7E8-488F-BFF4-67F83CED872F}.Debug|x86.Build.0 = Debug|Win32
		{887D4CD8-B7E8-488F-BFF4-67F83CED872F}.Release|x64.ActiveCfg = Release|x64
		{887D4CD8-B7E8-488F-BFF4-67F83CED872F}.Release|x64.Build.0 = Release|x64
		{887D4CD8-B7E8-488F-BFF4-67F83CED872F}.Release|x86.ActiveCfg = Release|Win32
		{887D4CD8-B7E8-488F-BFF4-67F83CED872F}.Release|x86.Build.0 = Release|Win32
		{C1861DD1-09E7-4F95-AC5F-C4109A723E23}.Debug|x64.ActiveCfg = Debug|x64
		{C1861DD1-09E7-4F95-AC5F-C4109A723E23}.Debug|x64.Build.0 = Debug|x64
		{C1861DD1-09E7-4F95-AC5F-C4109A723E23}.Debug|x86.ActiveCfg = Debug|Win32
		{C1861DD1-09E7-4F95-AC5F-C4109A723E23}.Debug|x86.Build.0 = Debug|Win32
		{C1861DD1-09E7-4F95-AC5F-C4109A723E23}.Release|x64.ActiveCfg = Release|x64
		{C1861DD1-09E7-4F95-AC5F-C4109A723E23}.Release|x64.Build.0 = Release|x64
		{C1861DD1-09E7-4F95-AC5F-C4109A723E23}.Release|x86.ActiveCfg = Release|Win32
		{C1861DD1-09E7-4F95-AC5F-C4109A723E23}.Release|x86.Build.0 = Release|Win32
		{EE17C32D-A722-4ACC-9535-1EFF373BEEC4}.Debug|x64.ActiveCfg = Debug|x64
		{EE17C32D-A722-4ACC-9535-1EFF373BEEC4}.Debug|x64.Build.0 = Debug|x64
		{EE17C32D-A722-4ACC-9535-1EFF373BEEC4}.Debug|x86.ActiveCfg = Debug|Win32
		{EE17C32D-A722-4ACC-9535-1EFF373BEEC4}.Debug|x86.Build.0 = Debug|Win32
		{EE17C32D-A722-4ACC-9535-1EFF373BEEC4}.Release|x64.ActiveCfg = Release|x64
		{EE17C32D-A722-4ACC-9535-1EFF373BEEC4}.Release|x64.Build.0 = Release|x64
		{EE17C32D-A722-4ACC-9535-1EFF373BEEC4}.Release|x86.ActiveCfg = Release|Win32
		{EE17C32D-A722-4ACC-9535-1EFF373BEEC4}.Release|x86.Build.0 = Release|Win32
		{32A9BD79-3AEA-4F1A-B4CE-6D92DD69E0FA}.Debug|x64.ActiveCfg = Debug|x64
		{32A9BD79-3AEA-4F1A-B4CE-6D92DD69E0FA}.Debug|x64.Build.0 = Debug|x64
		{32A9BD79-3AEA-4F1A-B4CE-6D92DD69E0FA}.Debug|x86.ActiveCfg = Debug|Win32
		{32A9BD79-3AEA-4F1A-B4CE-6D92DD69E0FA}.Debug|x86.Build.0 = Debug|Win32
		{32A9BD79-3AEA-4F1A-B4CE-6D92DD69E0FA}.Release|x64.ActiveCfg = Release|x64
		{32A9BD79-3AEA-4F1A-B4CE-6D92DD69E0FA}.Release|x64.Build.0 = Release|x64
		{32A9BD79-3AEA-4F1A-B4CE-6D92DD69E0FA}.Release|x86.ActiveCfg = Release|Win32
		{32A9BD79-3AEA-4F1A-B4CE-6D92DD69E0FA}.Release|x86.Build.0 = Release|Win32
		{30F5E820-978E-456B-BE45-65197289615D}.Debug|x64.ActiveCfg = Debug|x64
		{30F5E820-978E-456B-BE45-65197289615D}.Debug|x64.Build.0 = Debug|x64
		{30F5E820-978E-456B-BE45-65197289615D}.Debug|x86.ActiveCfg = Debug|Win32
		{30F5E820-978E-456B-BE45-65197289615D}.Debug|x86.Build.0 = Debug|Win32
		{30F5E820-978E-456B-BE45-65197289615D}.Release|x64.ActiveCfg = Release|x64
		{30F5E820-978E-456B-BE45-65197289615D}.Release|x64.Build.0 = Release|x64
		{30F5E820-978E-456B-BE45-65197289615D}.Release|x86.ActiveCfg = Release|Win32
		{30F5E820-978E-456B-BE45-65197289615D}.Release|x86.Build.0 = Release|Win32
		{3BAA493B-BA96-461D-844D-8E952E590722}.Debug|x64.ActiveCfg = Debug|x64
		{3BAA493B-BA96-461D-844D-8E952E590722}.Debug|x64.Build.0 = Debug|x64
		{3BAA493B-BA96-461D-844D-8E952E590722}.Debug|x86.ActiveCfg = Debug|Win32
		{3BAA493B-BA96-461D-844D-8E952E590722}.Debug|x86.Build.0 = Debug|Win32
		{3BAA493B-BA96-461D-844D-8E952E590722}.Release|x64.ActiveCfg = Release|x64
		{3BAA493B-BA96-461D-844D-8E952E590722}.Release|x64.Build.0 = Release|x64
		{3BAA493B-BA96-461D-844D-8E952E590722}.Release|x86.ActiveCfg = Release|Win32
		{3BAA493B-BA96-461D-844D-8E952E590722}.Release|x86.Build.0 = Release|Win32
		{A5AD152C-25A3-4033-AE5E-2D195CB5D9EF}.Debug|x64.ActiveCfg = Debug|x64
		{A5AD152C-25A3-4033-AE5E-2D195CB5D9EF}.Debug|x64.Build.0 = Debug|x64
		{A5AD152C-25A3-4033-AE5E-2D195CB5D9EF}.Debug|x86.ActiveCfg = Debug|Win32
		{A5AD152C-25A3-4033-AE5E-2D195CB5D9EF}.Debug|x86.Build.0 = Debug|Win32
		{A5AD152C-25A3-4033-AE5E-2D195CB5D9EF}.Release|x64.ActiveCfg = Release|x64
		{A5AD152C-25A3-4033-AE5E-2D195CB5D9EF}.Release|x64.Build.0 = Release|x64
		{A5AD152C-25A3-4033-AE5E-2D195CB5D9EF}.Release|x86.ActiveCfg = Release|Win32
		{A5AD152C-25A3-4033-AE5E-2D195CB5D9EF}.Release|x86.Build.0 = Release|Win32
		{507115C7-62EA-435D-8C38-21321BF96BBA}.Debug|x64.ActiveCfg = Debug|x64
		{507115C7-62EA-435D-8C38-21321BF96BBA}.Debug|x64.Build.0 = Debug|x64
		{507115C7-62EA-435D-8C38-21321BF96BBA}.Debug|x86.ActiveCfg = Debug|Win32
		{507115C7-62EA-435D-8C38-21321BF96BBA}.Debug|x86.Build.0 = Debug|Win32
		{507115C7-62EA-435D-8C38-21321BF96BBA}.Release|x64.ActiveCfg = Release|x64
		{507115C7-62EA-435D-8C38-21321BF96BBA}.Release|x64.Build.0 = Release|x64
		{507115C7-62EA-435D-8C38-21321BF96BBA}.Release|x86.ActiveCfg = Release|Win32
		{507115C7-62EA-435D-8C38-21321BF96BBA}.Release|x86.Build.0 = Release|Win32
		{D9F720BB-7B7C-436F-BC66-021F54793EFB}.Debug|x64.ActiveCfg = Debug|x64
		{D9F720BB-7B7C-436F-BC66-021F54793EFB}.Debug|x64.Build.0 = Debug|x64
		{D9F720BB-7B7C-436F-BC66-021F54793EFB}.Debug|x86.ActiveCfg = Debug|Win32
		{D9F720BB-7B7C-436F-BC66-021F54793EFB}.Debug|x86.Build.0 = Debug|Win32
		{D9F720BB-7B7C-436F-BC66-021F54793EFB}.Release|x64.ActiveCfg = Release|x64
		{D9F720BB-7B7C-436F-BC66-021F54793EFB}.Release|x64.Build.0 = Release|x64
		{D9F720BB-7B7C-436F-BC66-021F54793EFB}.Release|x86.ActiveCfg = Release|Win32
		{D9F720BB-7B7C-436F-BC66-021F54793EFB}.Release|x86.Build.0 = Release|Win32
		{F91B991B-05A1-4B07-A3BD-FF459528C4B1}.Debug|x64.ActiveCfg = Debug|x64
		{F91B991B-05A1-4B07-A3BD-FF459528C4B1}.Debug|x64.Build.0 = Debug|x64
		{F91B991B-05A1-4B07-A3BD-FF459528C4B1}.Debug|x86.ActiveCfg = Debug|Win32
		{F91B991B-05A1-4B07-A3BD-FF459528C4B1}.Debug|x86.Build.0 = Debug|Win32
		{F91B991B-05A1-4B07-A3BD-FF459528C4B1}.Release|x64.ActiveCfg = Release|x64
		{F91B991B-05A1-4B07-A3BD-FF459528C4B1}.Release|x64.Build.0 = Release|x64
		{F91B991B-05A1-4B07-A3BD-FF459528C4B1}.Release|x86.ActiveCfg = Release|Win32
		{F91B991B-05A1-4B07-A3BD-FF459528C4B1}.Release|x86.Build.0 = Release|Win32
		{541D241B-9F26-488D-9C21-C8F1505D7760}.Debug|x64.ActiveCfg = Debug|x64
		{541D241B-9F26-488D-9C21-C8F1505D7760}.Debug|x64.Build.0 = Debug|x64
		{541D241B-9F26-488D-9C21-C8F1505D7760}.Debug|x86.ActiveCfg = Debug|Win32
		{541D241B-9F26-488D-9C21-C8F1505D7760}.Debug|x86.Build.0 = Debug|Win32
		{541D241B-9F26-488D-9C21-C8F1505D7760}.Release|x64.ActiveCfg = Release|x64
		{541D241B-9F26-488D-9C21-C8F1505D7760}.Release|x64.Build.0 = Release|x64
		{541D241B-9F26-488D-9C21-C8F1505D7760}.Release|x86.ActiveCfg = Release|Win32
		{541D241B-9F26-488D-9C21-C8F1505D7760}.Release|x86.Build.0 = Release|Win32
		{C812B810-A8E0-4775-8252-612570AA34B8}.Debug|x64.ActiveCfg = Debug|x64
		{C812B810-A8E0-4775-8252-612570AA34B8}.Debug|x64.Build.0 = Debug|x64
		{C812B810-A8E0-4775-8252-612570AA34B8}.Debug|x86.ActiveCfg = Debug|Win32
		{C812B810-A8E0-4775-8252-612570AA34B8}.Debug|x86.Build.0 = Debug|Win32
		{C812B810-A8E0-4775-8252-612570AA34B8}.Release|x64.ActiveCfg = Release|x64
		{C812B810-A8E0-4775-8252-612570AA34B8}.Release|x64.Build.0 = Release|x64
		{C812B810-A8E0-4775-8252-612570AA34B8}.Release|x86.ActiveCfg = Release|Win32
		{C812B810-A8E0-4775-8252-612570AA34B8}.Release|x86.Build.0 = Release|Win32
		{27F8326D-476E-42D0-AAB8-EE6A7D901EAB}.Debug|x64.ActiveCfg = Debug|x64
		{27F8326D-476E-42D0-AAB8-EE6A7D901EAB}.Debug|x64.Build.0 = Debug|x64
		{27F8326D-476E-42D0-AAB8-EE6A7D901EAB}.Debug|x86.ActiveCfg = Debug|Win32
		{27F8326D-476E-42D0-AAB8-EE6A7D901EAB}.Debug|x86.Build.0 = Debug|Win32
		{27F8326D-476E-42D0-AAB8-EE6A7D901EAB}.Release|x64.ActiveCfg = Release|x64
		{27F8326D-476E-42D0-AAB8-EE6A7D901EAB}.Release|x64.Build.0 = Release|x64
		{27F8326D-476E-42D0-AAB8-EE6A7D901EAB}.Release|x86.ActiveCfg = Release|Win32
		{27F8326D-476E-42D0-AAB8-EE6A7D901EAB}.Release|x86.Build.0 = Release|Win32
		{2BFB7675-0B6C-41D1-8408-73C8D4B5B664}.Debug|x64.ActiveCfg = Debug|x64
		{2BFB7675-0B6C-41D1-8408-73C8D4B5B664}.Debug|x64.Build.0 = Debug|x64
		{2BFB7675-0B6C-41D1-8408-73C8D4B5B664}.Debug|x86.ActiveCfg = Debug|Win32
		{2BFB7675-0B6C-41D1-8408-73C8D4B5B664}.Debug|x86.Build.0 = Debug|Win32
		{2BFB7675-0B6C-41D1-8408-73C8D4B5B664}.Release|x64.ActiveCfg = Release|x64
		{2BFB7675-0B6C-41D1-8408-73C8D4B5B664}.Release|x64.Build.0 = Release|x64
		{2BFB7675-0B6C-41D1-8408-73C8D4B5B664}.Release|x86.ActiveCfg = Release|Win32
		{2BFB7675-0B6C-41D1-8408-73C8D4B5B664}.Release|x86.Build.0 = Release|Win32
		{A94B1BE8-F6B3-4418-943C-8FB96E94B6BB}.Debug|x64.ActiveCfg = Debug|x64
		{A94B1BE8-F6B3-4418-943C-8FB96E94B6BB}.Debug|x64.Build.0 = Debug|x64
		{A94B1BE8-F6B3-4418-943C-8FB96E94B6BB}.Debug|x86.ActiveCfg = Debug|Win32
		{A94B1BE8-F6B3-4418-943C-8FB96E94B6BB}.Debug|x86.Build.0 = Debug|Win32
		{A94B1BE8-F6B3-4418-943C-8FB96E94B6BB}.Release|x64.ActiveCfg = Release|x64
		{A94B1BE8-F6B3-4418-943C-8FB96E94B6BB}.Release|x64.Build.0 = Release|x64
		{A94B1BE8-F6B3-4418-943C-8FB96E94B6BB}.Release|x86.ActiveCfg = Release|Win32
		{A94B1BE8-F6B3-4418-943C-8FB96E94B6BB}.Release|x86.Build.0 = Release|Win32
		{AC0107DB-1744-45E7-B1CC-0BE30DDBD303}.Debug|x64.ActiveCfg = Debug|x64
		{AC0107DB-1744-45E7-B1CC-0BE30DDBD303}.Debug|x64.Build.0 = Debug|x64
		{AC0107DB-1744-45E7-B1CC-0BE30DDBD303}.Debug|x86.ActiveCfg = Debug|Win32
		{AC0107DB-1744-45E7-B1CC-0BE30DDBD303}.Debug|x86.Build.0 = Debug|Win32
		{AC0107DB-1744-45E7-B1CC-0BE30DDBD303}.Release|x64.ActiveCfg = Release|x64
		{AC0107DB-1744-45E7-B1CC-0BE30DDBD303}.Release|x64.Build.0 = Release|x64
		{AC0107DB-1744-45E7-B1CC-0BE30DDBD303}.Release|x86.ActiveCfg = Release|Win32
		{AC0107DB-1744-45E7-B1CC-0BE30DDBD303}.Release|x86.Build.0 = Release|Win32
		{FC8129C1-5B99-4350-A3D9-36099FE2B793}.Debug|x64.ActiveCfg = Debug|x64
		{FC8129C1-5B99-4350-A3D9-36099FE2B793}.Debug|x64.Build.0 = Debug|x64
		{FC8129C1-5B99-4350-A3D9-36099FE2B793}.Debug|x86.ActiveCfg = Debug|Win32
		{FC8129C1-5B99-4350-A3D9-36099FE2B793}.Debug|x86.Build.0 = Debug|Win32
		{FC8129C1-5B99-4350-A3D9-36099FE2B793}.Release|x64.ActiveCfg = Release|x64
		{FC8129C1-5B99-4350-A3D9-36099FE2B793}.Release|x64.Build.0 = Release|x64
		{FC8129C1-5B99-4350-A3D9-36099FE2B793}.Release|x86.ActiveCfg = Release|Win32
		{FC8129C1-5B99-4350-A3D9-36099FE2B793}.Release|x86.Build.0 = Release|Win32
		{DA7DDE8A-2D8D-4D54-9E98-4A59492781B6}.Debug|x64.ActiveCfg = Debug|x64
		{DA7DDE8A-2D8D-4D54-9E98-4A59492781B6}.Debug|x64.Build.0 = Debug|x64
		{DA7DDE8A-2D8D-4D54-9E98-4A59492781B6}.Debug|x86.ActiveCfg = Debug|Win32
		{DA7DDE8A-2D8D-4D54-9E98-4A59492781B6}.Debug|x86.Build.0 = Debug|Win32
		{DA7DDE8A-2D8D-4D54-9E98-4A59492781B6}.Release|x64.ActiveCfg = Release|x64
		{DA7DDE8A-2D8D-4D54-9E98-4A59492781B6}.Release|x64.Build.0 = Release|x64
		{DA7DDE8A-2D8D-4D54-9E98-4A59492781B6}.Release|x86.ActiveCfg = Release|Win32
		{DA7DDE8A-2D8D-4D54-9E98-4A59492781B6}.Release|x86.Build.0 = Release|Win32
		{D7500865-40AE-4CF4-A429-A75FB9EE6A0C}.Debug|x64.ActiveCfg = Debug|x64
		{D7500865-40AE-4CF4-A429-A75FB9EE6A0C}.Debug|x64.Build.0 = Debug|x64
		{D7500865-40AE-4CF4-A429-A75FB9EE6A0C}.Debug|x86.ActiveCfg = Debug|Win32
		{D7500865-40AE-4CF4-A429-A75FB9EE6A0C}.Debug|x86.Build.0 = Debug|Win32
		{D7500865-40AE-4CF4-A429-A75FB9EE6A0C}.Release|x64.ActiveCfg = Release|x64
		{D7500865-40AE-4CF4-A429-A75FB9EE6A0C}.Release|x64.Build.0 = Release|x64
		{D7500865-40AE-4CF4-A429-A75FB9EE6A0C}.Release|x86.ActiveCfg = Release|Win32
		{D7500865-40AE-4CF4-A429-A75FB9EE6A0C}.Release|x86.Build.0 = Release|Win32
		{F12049F4-9622-4638-AE9F-E6010DE135D2}.Debug|x64.ActiveCfg = Debug|x64
		{F12049F4-9622-4638-AE9F-E6010DE135D2}.Debug|x64.Build.0 = Debug|x64
		{F12049F4-9622-4638-AE9F-E6010DE135D2}.Debug|x86.ActiveCfg = Debug|Win32
		{F12049F4-9622-4638-AE9F-E6010DE135D2}.Debug|x86.Build.0 = Debug|Win32
		{F12049F4-9622-4638-AE9F-E6010DE135D2}.Release|x64.ActiveCfg = Release|x64
		{F12049F4-9622-4638-AE9F-E6010DE135D2}.Release|x64.Build.0 = Release|x64
		{F12049F4-9622-4638-AE9F-E6010DE135D2}.Release|x86.ActiveCfg = Release|Win32
		{F12049F4-9622-4638-AE9F-E6010DE135D2}.Release|x86.Build.0 = Release|Win32
		{F051B57D-6630-44B5-94B4-A7898EF945BC}.Debug|x64.ActiveCfg = Debug|x64
		{F051B57D-6630-44B5-94B4-A7898EF945BC}.Debug|x64.Build.0 = Debug|x64
		{F051B57D-6630-44B5-94B4-A7898EF945BC}.Debug|x86.ActiveCfg = Debug|Win32
		{F051B57D-6630-44B5-94B4-A7898EF945BC}.Debug|x86.Build.0 = Debug|Win32
		{F051B57D-6630-44B5-94B4-A7898EF945BC}.Release|x64.ActiveCfg = Release|x64
		{F051B57D-6630-44B5-94B4-A7898EF945BC}.Release|x64.Build.0 = Release|x64
		{F051B57D-6630-44B5-94B4-A7898EF945BC}.Release|x86.ActiveCfg = Release|Win32
		{F051B57D-6630-44B5-94B4-A7898EF945BC}.Release|x86.Build.0 = Release|Win32
		{EE6E3924-25E8-44E4-A53D-21CB7DA79CA4}.Debug|x64.ActiveCfg = Debug|x64
		{EE6E3924-25E8-44E4-A53D-21CB7DA79CA4}.Debug|x64.Build.0 = Debug|x64
		{EE6E3924-25E8-44E4-A53D-21CB7DA79CA4}.Debug|x86.ActiveCfg = Debug|Win32
		{EE6E3924-25E8-44E4-A53D-21CB7DA79CA4}.Debug|x86.Build.0 = Debug|Win32
		{EE6E3924-25E8-44E4-A53D-21CB7DA79CA4}.Release|x64.ActiveCfg = Release|x64
		{EE6E3924-25E8-44E4-A53D-21CB7DA79CA4}.Release|x64.Build.0 = Release|x64
		{EE6E3924-25E8-44E4-A53D-21CB7DA79CA4}.Release|x86.ActiveCfg = Release|Win32
		{EE6E3924-25E8-44E4-A53D-21CB7DA79CA4}.Release|x86.Build.0 = Release|Win32
		{19EADDEF-3302-4CF5-8F57-F017359D69EB}.Debug|x64.ActiveCfg = Debug|x64
		{19EADDEF-3302-4CF5-8F57-F017359D69EB}.Debug|x64.Build.0 = Debug|x64
		{19EADDEF-3302-4CF5-8F57-F017359D69EB}.Debug|x86.ActiveCfg = Debug|Win32
		{19EADDEF-3302-4CF5-8F57-F017359D69EB}.Debug|x86.Build.0 = Debug|Win32
		{19EADDEF-3302-4CF5-8F57-F017359D69EB}.Release|x64.ActiveCfg = Release|x64
		{19EADDEF-3302-4CF5-8F57-F017359D69EB}.Release|x64.Build.0 = Release|x64
		{19EADDEF-3302-4CF5-8F57-F017359D69EB}.Release|x86.ActiveCfg = Release|Win32
		{19EADDEF-3302-4CF5-8F57-F017359D69EB}.Release|x86.Build.0 = Release|Win32
		{64E26B9C-6DDC-4FB1-A8F9-0D018FD2E138}.Debug|x64.ActiveCfg = Debug|x64
		{64E26B9C-6DDC-4FB1-A8F9-0D018FD2E138}.Debug|x64.Build.0 = Debug|x64
		{64E26B9C-6DDC-4FB1-A8F9-0D018FD2E138}.Debug|x86.ActiveCfg = Debug|Win32
		{64E26B9C-6DDC-4FB1-A8F9-0D018FD2E138}.Debug|x86.Build.0 = Debug|Win32
		{64E26B9C-6DDC-4FB1-A8F9-0D018FD2E138}.Release|x64.ActiveCfg = Release|x64
		{64E26B9C-6DDC-4FB1-A8F9-0D018FD2E138}.Release|x64.Build.0 = Release|x64
		{64E26B9C-6DDC-4FB1-A8F9-0D018FD2E138}.Release|x86.ActiveCfg = Release|Win32
		{64E26B9C-6DDC-4FB1-A8F9-0D018FD2E138}.Release|x86.Build.0 = Release|Win32
		{A7987CD9-F0D7-46EA-A99F-EA2E901AE926}.Debug|x64.ActiveCfg = Debug|x64
		{A7987CD9-F0D7-46EA-A99F-EA2E901AE926}.Debug|x64.Build.0 = Debug|x64
		{A7987CD9-F0D7-46EA-A99F-EA2E901AE926}.Debug|x86.ActiveCfg = Debug|Win32
		{A7987CD9-F0D7-46EA-A99F-EA2E901AE926}.Debug|x86.Build.0 = Debug|Win32
		{A7987CD9-F0D7-46EA-A99F-EA2E901AE926}.Release|x64.ActiveCfg = Release|x64
		{A7987CD9-F0D7-46EA-A99F-EA2E901AE926}.Release|x64.Build.0 = Release|x64
		{A7987CD9-F0D7-46EA-A99F-EA2E901AE926}.Release|x86.ActiveCfg = Release|Win32
		{A7987CD9-F0D7-46EA-A99F-EA2E901AE926}.Release|x86.Build.0 = Release|Win32
		{57E59665-8151-405E-BEDB-D065D60AB4D6}.Debug|x64.ActiveCfg = Debug|x64
		{57E59665-8151-405E-BEDB-D065D60AB4D6}.Debug|x64.Build.0 = Debug|x64
		{57E59665-8151-405E-BEDB-D065D60AB4D6}.Debug|x86.ActiveCfg = Debug|Win32
		{57E59665-8151-405E-BEDB-D065D60AB4D6}.Debug|x86.Build.0 = Debug|Win32
		{57E59665-8151-405E-BEDB-D065D60AB4D6}.Release|x64.ActiveCfg = Release|x64
		{57E59665-8151-405E-BEDB-D065D60AB4D6}.Release|x64.Build.0 = Release|x64
		{57E59665-8151-405E-BEDB-D065D60AB4D6}.Release|x86.ActiveCfg = Release|Win32
		{57E59665-8151-405E-BEDB-D065D60AB4D6}.Release|x86.Build.0 = Release|Win32
		{E8525E55-BC9A-417E-927A-C04D62E9A5FA}.Debug|x64.ActiveCfg = Debug|x64
		{E8525E55-BC9A-417E-927A-C04D62E9A5FA}.Debug|x64.Build.0 = Debug|x64
		{E8525E55-BC9A-417E-927A-C04D62E9A5FA}.Debug|x86.ActiveCfg = Debug|Win32
		{E8525E55-BC9A-417E-927A-C04D62E9A5FA}.Debug|x86.Build.0 = Debug|Win32
		{E8525E55-BC9A-417E-927A-C04D62E9A5FA}.Release|x64.ActiveCfg = Release|x64
		{E8525E55-BC9A-417E-927A-C04D62E9A5FA}.Release|x64.Build.0 = Release|x64
		{E8525E55-BC9A-417E-927A-C04D62E9A5FA}.Release|x86.ActiveCfg = Release|Win32
		{E8525E55-BC9A-417E-927A-C04D62E9A5FA}.Release|x86.Build.0 = Release|Win32
		{1CB047A2-B7EA-4675-B689-EDB4DBFB02AC}.Debug|x64.ActiveCfg = Debug|x64
		{1CB047A2-B7EA-4675-B689-EDB4DBFB02AC}.Debug|x64.Build.0 = Debug|x64
		{1CB047A2-B7EA-4675-B689-EDB4DBFB02AC}.Debug|x86.ActiveCfg = Debug|Win32
		{1CB047A2-B7EA-4675-B689-EDB4DBFB02AC}.Debug|x86.Build.0 = Debug|Win32
		{1CB047A2-B7EA-4675-B689-EDB4DBFB02AC}.Release|x64.ActiveCfg = Release|x64
		{1CB047A2-B7EA-4675-B689-EDB4DBFB02AC}.Release|x64.Build.0 = Release|x64
		{1CB047A2-B7EA-4675-B689-EDB4DBFB02AC}.Release|x86.ActiveCfg = Release|Win32
		{1CB047A2-B7EA-4675-B689-EDB4DBFB02AC}.Release|x86.Build.0 = Release|Win32
		{28A016A9-92E3-4A18-8DD8-8EEA9F974646}.Debug|x64.ActiveCfg = Debug|x64
		{28A016A9-92E3-4A18-8DD8-8EEA9F974646}.Debug|x64.Build.0 = Debug|x64
		{28A016A9-92E3-4A18-8DD8-8EEA9F974646}.Debug|x86.ActiveCfg = Debug|Win32
		{28A016A9-92E3-4A18-8DD8-8EEA9F974646}.Debug|x86.Build.0 = Debug|Win32
		{28A016A9-92E3-4A18-8DD8-8EEA9F974646}.Release|x64.ActiveCfg = Release|x64
		{28A016A9-92E3-4A18-8DD8-8EEA9F974646}.Release|x64.Build.0 = Release|x64
		{28A016A9-92E3-4A18-8DD8-8EEA9F974646}.Release|x86.ActiveCfg = Release|Win32
		{28A016A9-92E3-4A18-8DD8-8EEA9F974646}.Release|x86.Build.0 = Release|Win32
		{A13E48F1-1E9A-45ED-994F-9A7EF7721219}.Debug|x64.ActiveCfg = Debug|x64
		{A13E48F1-1E9A-45ED-994F-9A7EF7721219}.Debug|x64.Build.0 = Debug|x64
		{A13E48F1-1E9A-45ED-994F-9A7EF7721219}.Debug|x86.ActiveCfg = Debug|Win32
		{A13E48F1-1E9A-45ED-994F-9A7EF7721219}.Debug|x86.Build.0 = Debug|Win32
		{A13E48F1-1E9A-45ED-994F-9A7EF7721219}.Release|x64.ActiveCfg = Release|x64
		{A13E48F1-1E9A-45ED-994F-9A7EF7721219}.Release|x64.Build.0 = Release|x64
		{A13E48F1-1E9A-45ED-994F-9A7EF7721219}.Release|x86.ActiveCfg = Release|Win32
		{A13E48F1-1E9A-45ED-994F-9A7EF7721219}.Release|x86.Build.0 = Release|Win32
		{675DBE98-7BAD-4A4A-83B6-603F4BB0C3E6}.Debug|x64.ActiveCfg = Debug|x64
		{675DBE98-7BAD-4A4A-83B6-603F4BB0C3E6}.Debug|x64.Build.0 = Debug|x64
		{675DBE98-7BAD-4A4A-83B6-603F4BB0C3E6}.Debug|x86.ActiveCfg = Debug|Win32
		{675DBE98-7BAD-4A4A-83B6-603F4BB0C3E6}.Debug|x86.Build.0 = Debug|Win32
		{675DBE98-7BAD-4A4A-83B6-603F4BB0C3E6}.Release|x64.ActiveCfg = Release|x64
		{675DBE98-7BAD-4A4A-83B6-603F4BB0C3E6}.Release|x64.Build.0 = Release|x64
		{675DBE98-7BAD-4A4A-83B6-603F4BB0C3E6}.Release|x86.ActiveCfg = Release|Win32
		{675DBE98-7BAD-4A4A-83B6-603F4BB0C3E6}.Release|x86.Build.0 = Release|Win32
		{9F7BA91E-0402-49D5-AF2D-7F0434E2339C}.Debug|x64.ActiveCfg = Debug|x64
		{9F7BA91E-0402-49D5-AF2D-7F0434E2339C}.Debug|x64.Build.0 = Debug|x64
		{9F7BA91E-0402-49D5-AF2D-7F0434E2339C}.Debug|x86.ActiveCfg = Debug|Win32
		{9F7BA91E-0402-49D5-AF2D-7F0434E2339C}.Debug|x86.Build.0 = Debug|Win32
		{9F7BA91E-0402-49D5-AF2D-7F0434E2339C}.Release|x64.ActiveCfg = Release|x64
		{9F7BA91E-0402-49D5-AF2D-7F0434E2339C}.Release|x64.Build.0 = Release|x64
		{9F7BA91E-0402-49D5-AF2D-7F0434E2339C}.Release|x86.ActiveCfg = Release|Win32
		{9F7BA91E-0402-49D5-AF2D-7F0434E2339C}.Release|x86.Build.0 = Release|Win32
		{6379B0FE-893B-4DFB-AA09-2EF59A519A77}.Debug|x64.ActiveCfg = Debug|x64
		{6379B0FE-893B-4DFB-AA09-2EF59A519A77}.Debug|x64.Build.0 = Debug|x64
		{6379B0FE-893B-4DFB-AA09-2EF59A519A77}.Debug|x86.ActiveCfg = Debug|Win32
		{6379B0FE-893B-4DFB-AA09-2EF59A519A77}.Debug|x86.Build.0 = Debug|Win32
		{6379B0FE-893B-4DFB-AA09-2EF59A519A77}.Release|x64.ActiveCfg = Release|x64
		{6379B0FE-893B-4DFB-AA09-2EF59A519A77}.Release|x64.Build.0 = Release|x64
		{6379B0FE-893B-4DFB-AA09-2EF59A519A77}.Release|x86.ActiveCfg = Release|Win32
		{6379B0FE-893B-4DFB-AA09-2EF59A519A77}.Release|x86.Build.0 = Release|Win32
		{C51CEC90-4870-463F-B789-39D84D2939AB}.Debug|x64.ActiveCfg = Debug|x64
		{C51CEC90-4870-463F-B789-39D84D2939AB}.Debug|x64.Build.0 = Debug|x64
		{C51CEC90-4870-463F-B789-39D84D2939AB}.Debug|x86.ActiveCfg = Debug|Win32
		{C51CEC90-4870-463F-B789-39D84D2939AB}.Debug|x86.Build.0 = Debug|Win32
		{C51CEC90-4870-463F-B789-39D84D2939AB}.Release|x64.ActiveCfg = Release|x64
		{C51CEC90-4870-463F-B789-39D84D2939AB}.Release|x64.Build.0 = Release|x64
		{C51CEC90-4870-463F-B789-39D84D2939AB}.Release|x86.ActiveCfg = Release|Win32
		{C51CEC90-4870-463F-B789-39D84D2939AB}.Release|x86.Build.0 = Release|Win32
		{7A582E72-7231-4598-8C04-118F5077D424}.Debug|x64.ActiveCfg = Debug|x64
		{7A582E72-7231-4598-8C04-118F5077D424}.Debug|x64.Build.0 = Debug|x64
		{7A582E72-7231-4598-8C04-118F5077D424}.Debug|x86.ActiveCfg = Debug|Win32
		{7A582E72-7231-4598-8C04-118F5077D424}.Debug|x86.Build.0 = Debug|Win32
		{7A582E72-7231-4598-8C04-118F5077D424}.Release|x64.ActiveCfg = Release|x64
		{7A582E72-7231-4598-8C04-118F5077D424}.Release|x64.Build.0 = Release|x64
		{7A582E72-7231-4598-8C04-118F5077D424}.Release|x86.ActiveCfg = Release|Win32
		{7A582E72-7231-4598-8C04-118F5077D424}.Release|x86.Build.0 = Release|Win32
		{A1A16BE7-E05C-4771-8245-FB9B3D6A3B00}.Debug|x64.ActiveCfg = Debug|x64
		{A1A16BE7-E05C-4771-8245-FB9B3D6A3B00}.Debug|x64.Build.0 = Debug|x64
		{A1A16BE7-E05C-4771-8245-FB9B3D6A3B00}.Debug|x86.ActiveCfg = Debug|Win32
		{A1A16BE7-E05C-4771-8245-FB9B3D6A3B00}.Debug|x86.Build.0 = Debug|Win32
		{A1A16BE7-E05C-4771-8245-FB9B3D6A3B00}.Release|x64.ActiveCfg = Release|x64
		{A1A16BE7-E05C-4771-8245-FB9B3D6A3B00}.Release|x64.Build.0 = Release|x64
		{A1A16BE7-E05C-4771-8245-FB9B3D6A3B00}.Release|x86.ActiveCfg = Release|Win32
		{A1A16BE7-E05C-4771-8245-FB9B3D6A3B00}.Release|x86.Build.0 = Release|Win32
	EndGlobalSection
	GlobalSection(SolutionProperties) = preSolution
		HideSolutionNode = FALSE
	EndGlobalSection
	GlobalSection(ExtensibilityGlobals) = postSolution
		SolutionGuid = {9DF719F4-EB2F-4478-AABE-00E62CE6A73D}
	EndGlobalSection
EndGlobal
