
Microsoft Visual Studio Solution File, Format Version 12.00
# Visual Studio Version 16
VisualStudioVersion = 16.0.29123.88
MinimumVisualStudioVersion = 10.0.40219.1
Project("{8BC9CEB8-8B4A-11D0-8D11-00A0C91BC942}") = "cowsignal", "cowsignal\cowsignal.vcxproj", "{80E334E4-E502-4C86-9A1E-C4CF7E1D0E76}"
EndProject
Project("{8BC9CEB8-8B4A-11D0-8D11-00A0C91BC942}") = "cowsignaloptimized", "cowsignaloptimized\cowsignaloptimized.vcxproj", "{7D167E1C-5EE0-4AA1-B22B-B778FCEB2932}"
EndProject
Project("{8BC9CEB8-8B4A-11D0-8D11-00A0C91BC942}") = "whycowcross2", "whycowcross2\whycowcross2.vcxproj", "{101D4E4C-DD36-4E9F-84A3-444998D81BF2}"
EndProject
Project("{8BC9CEB8-8B4A-11D0-8D11-00A0C91BC942}") = "cowlineupsol", "cowlineup\cowlineup.vcxproj", "{F4AEBFEA-F7FE-4EFC-8F74-68256120BB02}"
EndProject
Project("{8BC9CEB8-8B4A-11D0-8D11-00A0C91BC942}") = "cowlineuptest", "cowlineuptest\cowlineuptest.vcxproj", "{DF63B16E-119F-4E62-A3F3-B271DD1BBDCE}"
EndProject
Project("{8BC9CEB8-8B4A-11D0-8D11-00A0C91BC942}") = "aggrcow", "aggrcow\aggrcow.vcxproj", "{2B3AFC24-3549-4713-9456-C79809E03C42}"
EndProject
Project("{8BC9CEB8-8B4A-11D0-8D11-00A0C91BC942}") = "sgrazetest", "sgrazetset\sgrazetset.vcxproj", "{269E8FA2-C7DE-4C90-B821-C648267C9D0B}"
EndProject
Project("{8BC9CEB8-8B4A-11D0-8D11-00A0C91BC942}") = "dontbelast", "dontbelast\dontbelast.vcxproj", "{324AEAB3-B770-48A0-8EBE-07026E895AC2}"
EndProject
Project("{8BC9CEB8-8B4A-11D0-8D11-00A0C91BC942}") = "lifeguardst", "lifeguardst\lifeguardst.vcxproj", "{B69C9C6C-31DD-4809-B686-B87A2363C705}"
EndProject
Project("{8BC9CEB8-8B4A-11D0-8D11-00A0C91BC942}") = "backforthtest", "backforthtest\backforthtest.vcxproj", "{4D24CE89-94CD-4101-A697-A9173A7B56F1}"
EndProject
Project("{8BC9CEB8-8B4A-11D0-8D11-00A0C91BC942}") = "aggrcowtest", "aggrcowtest\aggrcowtest.vcxproj", "{002526FA-BD91-4772-A164-BDDDFA837095}"
EndProject
Project("{8BC9CEB8-8B4A-11D0-8D11-00A0C91BC942}") = "blistest", "blistest\blistest.vcxproj", "{D507E074-5254-43BD-A3EF-F18A5A4FACC7}"
EndProject
Project("{8BC9CEB8-8B4A-11D0-8D11-00A0C91BC942}") = "sandprimend3", "sandprimend3\sandprimend3.vcxproj", "{48A8C799-A750-4C3E-B5DD-60BBC98C28C6}"
EndProject
Project("{8BC9CEB8-8B4A-11D0-8D11-00A0C91BC942}") = "numaftermean", "numaftermean\numaftermean.vcxproj", "{FF7497AD-9EE8-40D7-9BE7-DB7DD60FF341}"
EndProject
Project("{8BC9CEB8-8B4A-11D0-8D11-00A0C91BC942}") = "lifguards", "lifguards\lifguards.vcxproj", "{F27C0715-C882-4A97-AF7F-231FCCFFB415}"
EndProject
Project("{8BC9CEB8-8B4A-11D0-8D11-00A0C91BC942}") = "test", "test\test.vcxproj", "{CCC8B65B-E7E1-4536-847E-79CAFF01CCA1}"
EndProject
Global
	GlobalSection(SolutionConfigurationPlatforms) = preSolution
		Debug|x64 = Debug|x64
		Debug|x86 = Debug|x86
		Release|x64 = Release|x64
		Release|x86 = Release|x86
	EndGlobalSection
	GlobalSection(ProjectConfigurationPlatforms) = postSolution
		{80E334E4-E502-4C86-9A1E-C4CF7E1D0E76}.Debug|x64.ActiveCfg = Debug|x64
		{80E334E4-E502-4C86-9A1E-C4CF7E1D0E76}.Debug|x64.Build.0 = Debug|x64
		{80E334E4-E502-4C86-9A1E-C4CF7E1D0E76}.Debug|x86.ActiveCfg = Debug|Win32
		{80E334E4-E502-4C86-9A1E-C4CF7E1D0E76}.Debug|x86.Build.0 = Debug|Win32
		{80E334E4-E502-4C86-9A1E-C4CF7E1D0E76}.Release|x64.ActiveCfg = Release|x64
		{80E334E4-E502-4C86-9A1E-C4CF7E1D0E76}.Release|x64.Build.0 = Release|x64
		{80E334E4-E502-4C86-9A1E-C4CF7E1D0E76}.Release|x86.ActiveCfg = Release|Win32
		{80E334E4-E502-4C86-9A1E-C4CF7E1D0E76}.Release|x86.Build.0 = Release|Win32
		{7D167E1C-5EE0-4AA1-B22B-B778FCEB2932}.Debug|x64.ActiveCfg = Debug|x64
		{7D167E1C-5EE0-4AA1-B22B-B778FCEB2932}.Debug|x64.Build.0 = Debug|x64
		{7D167E1C-5EE0-4AA1-B22B-B778FCEB2932}.Debug|x86.ActiveCfg = Debug|Win32
		{7D167E1C-5EE0-4AA1-B22B-B778FCEB2932}.Debug|x86.Build.0 = Debug|Win32
		{7D167E1C-5EE0-4AA1-B22B-B778FCEB2932}.Release|x64.ActiveCfg = Release|x64
		{7D167E1C-5EE0-4AA1-B22B-B778FCEB2932}.Release|x64.Build.0 = Release|x64
		{7D167E1C-5EE0-4AA1-B22B-B778FCEB2932}.Release|x86.ActiveCfg = Release|Win32
		{7D167E1C-5EE0-4AA1-B22B-B778FCEB2932}.Release|x86.Build.0 = Release|Win32
		{101D4E4C-DD36-4E9F-84A3-444998D81BF2}.Debug|x64.ActiveCfg = Debug|x64
		{101D4E4C-DD36-4E9F-84A3-444998D81BF2}.Debug|x64.Build.0 = Debug|x64
		{101D4E4C-DD36-4E9F-84A3-444998D81BF2}.Debug|x86.ActiveCfg = Debug|Win32
		{101D4E4C-DD36-4E9F-84A3-444998D81BF2}.Debug|x86.Build.0 = Debug|Win32
		{101D4E4C-DD36-4E9F-84A3-444998D81BF2}.Release|x64.ActiveCfg = Release|x64
		{101D4E4C-DD36-4E9F-84A3-444998D81BF2}.Release|x64.Build.0 = Release|x64
		{101D4E4C-DD36-4E9F-84A3-444998D81BF2}.Release|x86.ActiveCfg = Release|Win32
		{101D4E4C-DD36-4E9F-84A3-444998D81BF2}.Release|x86.Build.0 = Release|Win32
		{F4AEBFEA-F7FE-4EFC-8F74-68256120BB02}.Debug|x64.ActiveCfg = Debug|x64
		{F4AEBFEA-F7FE-4EFC-8F74-68256120BB02}.Debug|x64.Build.0 = Debug|x64
		{F4AEBFEA-F7FE-4EFC-8F74-68256120BB02}.Debug|x86.ActiveCfg = Debug|Win32
		{F4AEBFEA-F7FE-4EFC-8F74-68256120BB02}.Debug|x86.Build.0 = Debug|Win32
		{F4AEBFEA-F7FE-4EFC-8F74-68256120BB02}.Release|x64.ActiveCfg = Release|x64
		{F4AEBFEA-F7FE-4EFC-8F74-68256120BB02}.Release|x64.Build.0 = Release|x64
		{F4AEBFEA-F7FE-4EFC-8F74-68256120BB02}.Release|x86.ActiveCfg = Release|Win32
		{F4AEBFEA-F7FE-4EFC-8F74-68256120BB02}.Release|x86.Build.0 = Release|Win32
		{DF63B16E-119F-4E62-A3F3-B271DD1BBDCE}.Debug|x64.ActiveCfg = Debug|x64
		{DF63B16E-119F-4E62-A3F3-B271DD1BBDCE}.Debug|x64.Build.0 = Debug|x64
		{DF63B16E-119F-4E62-A3F3-B271DD1BBDCE}.Debug|x86.ActiveCfg = Debug|Win32
		{DF63B16E-119F-4E62-A3F3-B271DD1BBDCE}.Debug|x86.Build.0 = Debug|Win32
		{DF63B16E-119F-4E62-A3F3-B271DD1BBDCE}.Release|x64.ActiveCfg = Release|x64
		{DF63B16E-119F-4E62-A3F3-B271DD1BBDCE}.Release|x64.Build.0 = Release|x64
		{DF63B16E-119F-4E62-A3F3-B271DD1BBDCE}.Release|x86.ActiveCfg = Release|Win32
		{DF63B16E-119F-4E62-A3F3-B271DD1BBDCE}.Release|x86.Build.0 = Release|Win32
		{2B3AFC24-3549-4713-9456-C79809E03C42}.Debug|x64.ActiveCfg = Debug|x64
		{2B3AFC24-3549-4713-9456-C79809E03C42}.Debug|x64.Build.0 = Debug|x64
		{2B3AFC24-3549-4713-9456-C79809E03C42}.Debug|x86.ActiveCfg = Debug|Win32
		{2B3AFC24-3549-4713-9456-C79809E03C42}.Debug|x86.Build.0 = Debug|Win32
		{2B3AFC24-3549-4713-9456-C79809E03C42}.Release|x64.ActiveCfg = Release|x64
		{2B3AFC24-3549-4713-9456-C79809E03C42}.Release|x64.Build.0 = Release|x64
		{2B3AFC24-3549-4713-9456-C79809E03C42}.Release|x86.ActiveCfg = Release|Win32
		{2B3AFC24-3549-4713-9456-C79809E03C42}.Release|x86.Build.0 = Release|Win32
		{269E8FA2-C7DE-4C90-B821-C648267C9D0B}.Debug|x64.ActiveCfg = Debug|x64
		{269E8FA2-C7DE-4C90-B821-C648267C9D0B}.Debug|x64.Build.0 = Debug|x64
		{269E8FA2-C7DE-4C90-B821-C648267C9D0B}.Debug|x86.ActiveCfg = Debug|Win32
		{269E8FA2-C7DE-4C90-B821-C648267C9D0B}.Debug|x86.Build.0 = Debug|Win32
		{269E8FA2-C7DE-4C90-B821-C648267C9D0B}.Release|x64.ActiveCfg = Release|x64
		{269E8FA2-C7DE-4C90-B821-C648267C9D0B}.Release|x64.Build.0 = Release|x64
		{269E8FA2-C7DE-4C90-B821-C648267C9D0B}.Release|x86.ActiveCfg = Release|Win32
		{269E8FA2-C7DE-4C90-B821-C648267C9D0B}.Release|x86.Build.0 = Release|Win32
		{324AEAB3-B770-48A0-8EBE-07026E895AC2}.Debug|x64.ActiveCfg = Debug|x64
		{324AEAB3-B770-48A0-8EBE-07026E895AC2}.Debug|x64.Build.0 = Debug|x64
		{324AEAB3-B770-48A0-8EBE-07026E895AC2}.Debug|x86.ActiveCfg = Debug|Win32
		{324AEAB3-B770-48A0-8EBE-07026E895AC2}.Debug|x86.Build.0 = Debug|Win32
		{324AEAB3-B770-48A0-8EBE-07026E895AC2}.Release|x64.ActiveCfg = Release|x64
		{324AEAB3-B770-48A0-8EBE-07026E895AC2}.Release|x64.Build.0 = Release|x64
		{324AEAB3-B770-48A0-8EBE-07026E895AC2}.Release|x86.ActiveCfg = Release|Win32
		{324AEAB3-B770-48A0-8EBE-07026E895AC2}.Release|x86.Build.0 = Release|Win32
		{B69C9C6C-31DD-4809-B686-B87A2363C705}.Debug|x64.ActiveCfg = Debug|x64
		{B69C9C6C-31DD-4809-B686-B87A2363C705}.Debug|x64.Build.0 = Debug|x64
		{B69C9C6C-31DD-4809-B686-B87A2363C705}.Debug|x86.ActiveCfg = Debug|Win32
		{B69C9C6C-31DD-4809-B686-B87A2363C705}.Debug|x86.Build.0 = Debug|Win32
		{B69C9C6C-31DD-4809-B686-B87A2363C705}.Release|x64.ActiveCfg = Release|x64
		{B69C9C6C-31DD-4809-B686-B87A2363C705}.Release|x64.Build.0 = Release|x64
		{B69C9C6C-31DD-4809-B686-B87A2363C705}.Release|x86.ActiveCfg = Release|Win32
		{B69C9C6C-31DD-4809-B686-B87A2363C705}.Release|x86.Build.0 = Release|Win32
		{4D24CE89-94CD-4101-A697-A9173A7B56F1}.Debug|x64.ActiveCfg = Debug|x64
		{4D24CE89-94CD-4101-A697-A9173A7B56F1}.Debug|x64.Build.0 = Debug|x64
		{4D24CE89-94CD-4101-A697-A9173A7B56F1}.Debug|x86.ActiveCfg = Debug|Win32
		{4D24CE89-94CD-4101-A697-A9173A7B56F1}.Debug|x86.Build.0 = Debug|Win32
		{4D24CE89-94CD-4101-A697-A9173A7B56F1}.Release|x64.ActiveCfg = Release|x64
		{4D24CE89-94CD-4101-A697-A9173A7B56F1}.Release|x64.Build.0 = Release|x64
		{4D24CE89-94CD-4101-A697-A9173A7B56F1}.Release|x86.ActiveCfg = Release|Win32
		{4D24CE89-94CD-4101-A697-A9173A7B56F1}.Release|x86.Build.0 = Release|Win32
		{002526FA-BD91-4772-A164-BDDDFA837095}.Debug|x64.ActiveCfg = Debug|x64
		{002526FA-BD91-4772-A164-BDDDFA837095}.Debug|x64.Build.0 = Debug|x64
		{002526FA-BD91-4772-A164-BDDDFA837095}.Debug|x86.ActiveCfg = Debug|Win32
		{002526FA-BD91-4772-A164-BDDDFA837095}.Debug|x86.Build.0 = Debug|Win32
		{002526FA-BD91-4772-A164-BDDDFA837095}.Release|x64.ActiveCfg = Release|x64
		{002526FA-BD91-4772-A164-BDDDFA837095}.Release|x64.Build.0 = Release|x64
		{002526FA-BD91-4772-A164-BDDDFA837095}.Release|x86.ActiveCfg = Release|Win32
		{002526FA-BD91-4772-A164-BDDDFA837095}.Release|x86.Build.0 = Release|Win32
		{D507E074-5254-43BD-A3EF-F18A5A4FACC7}.Debug|x64.ActiveCfg = Debug|x64
		{D507E074-5254-43BD-A3EF-F18A5A4FACC7}.Debug|x64.Build.0 = Debug|x64
		{D507E074-5254-43BD-A3EF-F18A5A4FACC7}.Debug|x86.ActiveCfg = Debug|Win32
		{D507E074-5254-43BD-A3EF-F18A5A4FACC7}.Debug|x86.Build.0 = Debug|Win32
		{D507E074-5254-43BD-A3EF-F18A5A4FACC7}.Release|x64.ActiveCfg = Release|x64
		{D507E074-5254-43BD-A3EF-F18A5A4FACC7}.Release|x64.Build.0 = Release|x64
		{D507E074-5254-43BD-A3EF-F18A5A4FACC7}.Release|x86.ActiveCfg = Release|Win32
		{D507E074-5254-43BD-A3EF-F18A5A4FACC7}.Release|x86.Build.0 = Release|Win32
		{48A8C799-A750-4C3E-B5DD-60BBC98C28C6}.Debug|x64.ActiveCfg = Debug|x64
		{48A8C799-A750-4C3E-B5DD-60BBC98C28C6}.Debug|x64.Build.0 = Debug|x64
		{48A8C799-A750-4C3E-B5DD-60BBC98C28C6}.Debug|x86.ActiveCfg = Debug|Win32
		{48A8C799-A750-4C3E-B5DD-60BBC98C28C6}.Debug|x86.Build.0 = Debug|Win32
		{48A8C799-A750-4C3E-B5DD-60BBC98C28C6}.Release|x64.ActiveCfg = Release|x64
		{48A8C799-A750-4C3E-B5DD-60BBC98C28C6}.Release|x64.Build.0 = Release|x64
		{48A8C799-A750-4C3E-B5DD-60BBC98C28C6}.Release|x86.ActiveCfg = Release|Win32
		{48A8C799-A750-4C3E-B5DD-60BBC98C28C6}.Release|x86.Build.0 = Release|Win32
		{FF7497AD-9EE8-40D7-9BE7-DB7DD60FF341}.Debug|x64.ActiveCfg = Debug|x64
		{FF7497AD-9EE8-40D7-9BE7-DB7DD60FF341}.Debug|x64.Build.0 = Debug|x64
		{FF7497AD-9EE8-40D7-9BE7-DB7DD60FF341}.Debug|x86.ActiveCfg = Debug|Win32
		{FF7497AD-9EE8-40D7-9BE7-DB7DD60FF341}.Debug|x86.Build.0 = Debug|Win32
		{FF7497AD-9EE8-40D7-9BE7-DB7DD60FF341}.Release|x64.ActiveCfg = Release|x64
		{FF7497AD-9EE8-40D7-9BE7-DB7DD60FF341}.Release|x64.Build.0 = Release|x64
		{FF7497AD-9EE8-40D7-9BE7-DB7DD60FF341}.Release|x86.ActiveCfg = Release|Win32
		{FF7497AD-9EE8-40D7-9BE7-DB7DD60FF341}.Release|x86.Build.0 = Release|Win32
		{F27C0715-C882-4A97-AF7F-231FCCFFB415}.Debug|x64.ActiveCfg = Debug|x64
		{F27C0715-C882-4A97-AF7F-231FCCFFB415}.Debug|x64.Build.0 = Debug|x64
		{F27C0715-C882-4A97-AF7F-231FCCFFB415}.Debug|x86.ActiveCfg = Debug|Win32
		{F27C0715-C882-4A97-AF7F-231FCCFFB415}.Debug|x86.Build.0 = Debug|Win32
		{F27C0715-C882-4A97-AF7F-231FCCFFB415}.Release|x64.ActiveCfg = Release|x64
		{F27C0715-C882-4A97-AF7F-231FCCFFB415}.Release|x64.Build.0 = Release|x64
		{F27C0715-C882-4A97-AF7F-231FCCFFB415}.Release|x86.ActiveCfg = Release|Win32
		{F27C0715-C882-4A97-AF7F-231FCCFFB415}.Release|x86.Build.0 = Release|Win32
		{CCC8B65B-E7E1-4536-847E-79CAFF01CCA1}.Debug|x64.ActiveCfg = Debug|x64
		{CCC8B65B-E7E1-4536-847E-79CAFF01CCA1}.Debug|x64.Build.0 = Debug|x64
		{CCC8B65B-E7E1-4536-847E-79CAFF01CCA1}.Debug|x86.ActiveCfg = Debug|Win32
		{CCC8B65B-E7E1-4536-847E-79CAFF01CCA1}.Debug|x86.Build.0 = Debug|Win32
		{CCC8B65B-E7E1-4536-847E-79CAFF01CCA1}.Release|x64.ActiveCfg = Release|x64
		{CCC8B65B-E7E1-4536-847E-79CAFF01CCA1}.Release|x64.Build.0 = Release|x64
		{CCC8B65B-E7E1-4536-847E-79CAFF01CCA1}.Release|x86.ActiveCfg = Release|Win32
		{CCC8B65B-E7E1-4536-847E-79CAFF01CCA1}.Release|x86.Build.0 = Release|Win32
	EndGlobalSection
	GlobalSection(SolutionProperties) = preSolution
		HideSolutionNode = FALSE
	EndGlobalSection
	GlobalSection(ExtensibilityGlobals) = postSolution
		SolutionGuid = {D6F2863E-D24E-406A-8514-89DCC5BC53E6}
	EndGlobalSection
EndGlobal
