
Microsoft Visual Studio Solution File, Format Version 12.00
# Visual Studio Version 16
VisualStudioVersion = 16.0.28606.126
MinimumVisualStudioVersion = 10.0.40219.1
Project("{8BC9CEB8-8B4A-11D0-8D11-00A0C91BC942}") = "trapped", "hopscotch\hopscotch.vcxproj", "{679A8A29-DE7A-4356-9B7D-0DA43B08A3FB}"
EndProject
Project("{8BC9CEB8-8B4A-11D0-8D11-00A0C91BC942}") = "sleepy", "sleepy\sleepy.vcxproj", "{9E3D770D-24EA-4A17-807F-604548E49CF5}"
EndProject
Project("{8BC9CEB8-8B4A-11D0-8D11-00A0C91BC942}") = "snakes", "snakes\snakes.vcxproj", "{C7E81F0E-B569-46F2-B98C-B427C107700B}"
EndProject
Project("{8BC9CEB8-8B4A-11D0-8D11-00A0C91BC942}") = "cowland", "cowland\cowland.vcxproj", "{84EB1DFB-DC03-439D-862F-29D096A00D6F}"
EndProject
Project("{8BC9CEB8-8B4A-11D0-8D11-00A0C91BC942}") = "shortcut", "shortcut\shortcut.vcxproj", "{313A3BD4-47CA-4ABB-A9EB-31BF4EAAAE1A}"
EndProject
Project("{8BC9CEB8-8B4A-11D0-8D11-00A0C91BC942}") = "dishwash", "dishwash\dishwash.vcxproj", "{8F403CB6-D0AF-4048-9A5B-1CF6A3B3DC8D}"
EndProject
Project("{8BC9CEB8-8B4A-11D0-8D11-00A0C91BC942}") = "moocast", "moocast\moocast.vcxproj", "{A15574E1-3449-435E-9A1D-1EF1B6E74508}"
EndProject
Project("{8BC9CEB8-8B4A-11D0-8D11-00A0C91BC942}") = "teamwork", "teamwork\teamwork.vcxproj", "{0568A1A5-7DB8-4930-BAAA-C9FAAFB97EB4}"
EndProject
Project("{8BC9CEB8-8B4A-11D0-8D11-00A0C91BC942}") = "platestlifeg", "platestlifeg\platestlifeg.vcxproj", "{0F13D888-2D06-4338-AB29-470E7BF5181B}"
EndProject
Project("{8BC9CEB8-8B4A-11D0-8D11-00A0C91BC942}") = "radio", "radio\radio.vcxproj", "{C5A71764-AB48-4701-8DF4-AEBAD31069A6}"
EndProject
Project("{8BC9CEB8-8B4A-11D0-8D11-00A0C91BC942}") = "poetry", "poetry\poetry.vcxproj", "{866A0A86-CB87-4A3F-A11D-5196E51DB2F0}"
EndProject
Project("{8BC9CEB8-8B4A-11D0-8D11-00A0C91BC942}") = "compatibilty", "compatibilty\compatibilty.vcxproj", "{0ABB0636-1C37-4045-8170-2D3E2842A302}"
EndProject
Project("{8BC9CEB8-8B4A-11D0-8D11-00A0C91BC942}") = "sort", "sort\sort.vcxproj", "{3672B06D-51C4-4A62-B759-4BCEB656C4B6}"
EndProject
Project("{8BC9CEB8-8B4A-11D0-8D11-00A0C91BC942}") = "0BINSEARCH", "binsearch_final\binsearch_final.vcxproj", "{FBCAA084-5FB5-4667-A226-50C30E3628DA}"
EndProject
Project("{8BC9CEB8-8B4A-11D0-8D11-00A0C91BC942}") = "0MINSEGMENTREE", "MINSEGMENTREE\MINSEGMENTREE.vcxproj", "{0D1A6236-41C0-4216-9517-865BEB284B0F}"
EndProject
Project("{8BC9CEB8-8B4A-11D0-8D11-00A0C91BC942}") = "0BESTBFS", "BESTBFS\BESTBFS.vcxproj", "{609CD170-1D29-4412-8F9F-BCCC09E8E337}"
EndProject
Project("{8BC9CEB8-8B4A-11D0-8D11-00A0C91BC942}") = "0UNIONFIND", "UNIONFIND\UNIONFIND.vcxproj", "{C5F50DB3-0711-49DF-BA68-D5895BB9E331}"
EndProject
Project("{8BC9CEB8-8B4A-11D0-8D11-00A0C91BC942}") = "0DIJKSTRA", "0dijkstra\0dijkstra.vcxproj", "{74763173-ADC3-43C1-A8CC-17041AD009F6}"
EndProject
Global
	GlobalSection(SolutionConfigurationPlatforms) = preSolution
		Debug|x64 = Debug|x64
		Debug|x86 = Debug|x86
		Release|x64 = Release|x64
		Release|x86 = Release|x86
	EndGlobalSection
	GlobalSection(ProjectConfigurationPlatforms) = postSolution
		{679A8A29-DE7A-4356-9B7D-0DA43B08A3FB}.Debug|x64.ActiveCfg = Debug|x64
		{679A8A29-DE7A-4356-9B7D-0DA43B08A3FB}.Debug|x64.Build.0 = Debug|x64
		{679A8A29-DE7A-4356-9B7D-0DA43B08A3FB}.Debug|x86.ActiveCfg = Debug|Win32
		{679A8A29-DE7A-4356-9B7D-0DA43B08A3FB}.Debug|x86.Build.0 = Debug|Win32
		{679A8A29-DE7A-4356-9B7D-0DA43B08A3FB}.Release|x64.ActiveCfg = Release|x64
		{679A8A29-DE7A-4356-9B7D-0DA43B08A3FB}.Release|x64.Build.0 = Release|x64
		{679A8A29-DE7A-4356-9B7D-0DA43B08A3FB}.Release|x86.ActiveCfg = Release|Win32
		{679A8A29-DE7A-4356-9B7D-0DA43B08A3FB}.Release|x86.Build.0 = Release|Win32
		{9E3D770D-24EA-4A17-807F-604548E49CF5}.Debug|x64.ActiveCfg = Debug|x64
		{9E3D770D-24EA-4A17-807F-604548E49CF5}.Debug|x64.Build.0 = Debug|x64
		{9E3D770D-24EA-4A17-807F-604548E49CF5}.Debug|x86.ActiveCfg = Debug|Win32
		{9E3D770D-24EA-4A17-807F-604548E49CF5}.Debug|x86.Build.0 = Debug|Win32
		{9E3D770D-24EA-4A17-807F-604548E49CF5}.Release|x64.ActiveCfg = Release|x64
		{9E3D770D-24EA-4A17-807F-604548E49CF5}.Release|x64.Build.0 = Release|x64
		{9E3D770D-24EA-4A17-807F-604548E49CF5}.Release|x86.ActiveCfg = Release|Win32
		{9E3D770D-24EA-4A17-807F-604548E49CF5}.Release|x86.Build.0 = Release|Win32
		{C7E81F0E-B569-46F2-B98C-B427C107700B}.Debug|x64.ActiveCfg = Debug|x64
		{C7E81F0E-B569-46F2-B98C-B427C107700B}.Debug|x64.Build.0 = Debug|x64
		{C7E81F0E-B569-46F2-B98C-B427C107700B}.Debug|x86.ActiveCfg = Debug|Win32
		{C7E81F0E-B569-46F2-B98C-B427C107700B}.Debug|x86.Build.0 = Debug|Win32
		{C7E81F0E-B569-46F2-B98C-B427C107700B}.Release|x64.ActiveCfg = Release|x64
		{C7E81F0E-B569-46F2-B98C-B427C107700B}.Release|x64.Build.0 = Release|x64
		{C7E81F0E-B569-46F2-B98C-B427C107700B}.Release|x86.ActiveCfg = Release|Win32
		{C7E81F0E-B569-46F2-B98C-B427C107700B}.Release|x86.Build.0 = Release|Win32
		{84EB1DFB-DC03-439D-862F-29D096A00D6F}.Debug|x64.ActiveCfg = Debug|x64
		{84EB1DFB-DC03-439D-862F-29D096A00D6F}.Debug|x64.Build.0 = Debug|x64
		{84EB1DFB-DC03-439D-862F-29D096A00D6F}.Debug|x86.ActiveCfg = Debug|Win32
		{84EB1DFB-DC03-439D-862F-29D096A00D6F}.Debug|x86.Build.0 = Debug|Win32
		{84EB1DFB-DC03-439D-862F-29D096A00D6F}.Release|x64.ActiveCfg = Release|x64
		{84EB1DFB-DC03-439D-862F-29D096A00D6F}.Release|x64.Build.0 = Release|x64
		{84EB1DFB-DC03-439D-862F-29D096A00D6F}.Release|x86.ActiveCfg = Release|Win32
		{84EB1DFB-DC03-439D-862F-29D096A00D6F}.Release|x86.Build.0 = Release|Win32
		{313A3BD4-47CA-4ABB-A9EB-31BF4EAAAE1A}.Debug|x64.ActiveCfg = Debug|x64
		{313A3BD4-47CA-4ABB-A9EB-31BF4EAAAE1A}.Debug|x64.Build.0 = Debug|x64
		{313A3BD4-47CA-4ABB-A9EB-31BF4EAAAE1A}.Debug|x86.ActiveCfg = Debug|Win32
		{313A3BD4-47CA-4ABB-A9EB-31BF4EAAAE1A}.Debug|x86.Build.0 = Debug|Win32
		{313A3BD4-47CA-4ABB-A9EB-31BF4EAAAE1A}.Release|x64.ActiveCfg = Release|x64
		{313A3BD4-47CA-4ABB-A9EB-31BF4EAAAE1A}.Release|x64.Build.0 = Release|x64
		{313A3BD4-47CA-4ABB-A9EB-31BF4EAAAE1A}.Release|x86.ActiveCfg = Release|Win32
		{313A3BD4-47CA-4ABB-A9EB-31BF4EAAAE1A}.Release|x86.Build.0 = Release|Win32
		{8F403CB6-D0AF-4048-9A5B-1CF6A3B3DC8D}.Debug|x64.ActiveCfg = Debug|x64
		{8F403CB6-D0AF-4048-9A5B-1CF6A3B3DC8D}.Debug|x64.Build.0 = Debug|x64
		{8F403CB6-D0AF-4048-9A5B-1CF6A3B3DC8D}.Debug|x86.ActiveCfg = Debug|Win32
		{8F403CB6-D0AF-4048-9A5B-1CF6A3B3DC8D}.Debug|x86.Build.0 = Debug|Win32
		{8F403CB6-D0AF-4048-9A5B-1CF6A3B3DC8D}.Release|x64.ActiveCfg = Release|x64
		{8F403CB6-D0AF-4048-9A5B-1CF6A3B3DC8D}.Release|x64.Build.0 = Release|x64
		{8F403CB6-D0AF-4048-9A5B-1CF6A3B3DC8D}.Release|x86.ActiveCfg = Release|Win32
		{8F403CB6-D0AF-4048-9A5B-1CF6A3B3DC8D}.Release|x86.Build.0 = Release|Win32
		{A15574E1-3449-435E-9A1D-1EF1B6E74508}.Debug|x64.ActiveCfg = Debug|x64
		{A15574E1-3449-435E-9A1D-1EF1B6E74508}.Debug|x64.Build.0 = Debug|x64
		{A15574E1-3449-435E-9A1D-1EF1B6E74508}.Debug|x86.ActiveCfg = Debug|Win32
		{A15574E1-3449-435E-9A1D-1EF1B6E74508}.Debug|x86.Build.0 = Debug|Win32
		{A15574E1-3449-435E-9A1D-1EF1B6E74508}.Release|x64.ActiveCfg = Release|x64
		{A15574E1-3449-435E-9A1D-1EF1B6E74508}.Release|x64.Build.0 = Release|x64
		{A15574E1-3449-435E-9A1D-1EF1B6E74508}.Release|x86.ActiveCfg = Release|Win32
		{A15574E1-3449-435E-9A1D-1EF1B6E74508}.Release|x86.Build.0 = Release|Win32
		{0568A1A5-7DB8-4930-BAAA-C9FAAFB97EB4}.Debug|x64.ActiveCfg = Debug|x64
		{0568A1A5-7DB8-4930-BAAA-C9FAAFB97EB4}.Debug|x64.Build.0 = Debug|x64
		{0568A1A5-7DB8-4930-BAAA-C9FAAFB97EB4}.Debug|x86.ActiveCfg = Debug|Win32
		{0568A1A5-7DB8-4930-BAAA-C9FAAFB97EB4}.Debug|x86.Build.0 = Debug|Win32
		{0568A1A5-7DB8-4930-BAAA-C9FAAFB97EB4}.Release|x64.ActiveCfg = Release|x64
		{0568A1A5-7DB8-4930-BAAA-C9FAAFB97EB4}.Release|x64.Build.0 = Release|x64
		{0568A1A5-7DB8-4930-BAAA-C9FAAFB97EB4}.Release|x86.ActiveCfg = Release|Win32
		{0568A1A5-7DB8-4930-BAAA-C9FAAFB97EB4}.Release|x86.Build.0 = Release|Win32
		{0F13D888-2D06-4338-AB29-470E7BF5181B}.Debug|x64.ActiveCfg = Debug|x64
		{0F13D888-2D06-4338-AB29-470E7BF5181B}.Debug|x64.Build.0 = Debug|x64
		{0F13D888-2D06-4338-AB29-470E7BF5181B}.Debug|x86.ActiveCfg = Debug|Win32
		{0F13D888-2D06-4338-AB29-470E7BF5181B}.Debug|x86.Build.0 = Debug|Win32
		{0F13D888-2D06-4338-AB29-470E7BF5181B}.Release|x64.ActiveCfg = Release|x64
		{0F13D888-2D06-4338-AB29-470E7BF5181B}.Release|x64.Build.0 = Release|x64
		{0F13D888-2D06-4338-AB29-470E7BF5181B}.Release|x86.ActiveCfg = Release|Win32
		{0F13D888-2D06-4338-AB29-470E7BF5181B}.Release|x86.Build.0 = Release|Win32
		{C5A71764-AB48-4701-8DF4-AEBAD31069A6}.Debug|x64.ActiveCfg = Debug|x64
		{C5A71764-AB48-4701-8DF4-AEBAD31069A6}.Debug|x64.Build.0 = Debug|x64
		{C5A71764-AB48-4701-8DF4-AEBAD31069A6}.Debug|x86.ActiveCfg = Debug|Win32
		{C5A71764-AB48-4701-8DF4-AEBAD31069A6}.Debug|x86.Build.0 = Debug|Win32
		{C5A71764-AB48-4701-8DF4-AEBAD31069A6}.Release|x64.ActiveCfg = Release|x64
		{C5A71764-AB48-4701-8DF4-AEBAD31069A6}.Release|x64.Build.0 = Release|x64
		{C5A71764-AB48-4701-8DF4-AEBAD31069A6}.Release|x86.ActiveCfg = Release|Win32
		{C5A71764-AB48-4701-8DF4-AEBAD31069A6}.Release|x86.Build.0 = Release|Win32
		{866A0A86-CB87-4A3F-A11D-5196E51DB2F0}.Debug|x64.ActiveCfg = Debug|x64
		{866A0A86-CB87-4A3F-A11D-5196E51DB2F0}.Debug|x64.Build.0 = Debug|x64
		{866A0A86-CB87-4A3F-A11D-5196E51DB2F0}.Debug|x86.ActiveCfg = Debug|Win32
		{866A0A86-CB87-4A3F-A11D-5196E51DB2F0}.Debug|x86.Build.0 = Debug|Win32
		{866A0A86-CB87-4A3F-A11D-5196E51DB2F0}.Release|x64.ActiveCfg = Release|x64
		{866A0A86-CB87-4A3F-A11D-5196E51DB2F0}.Release|x64.Build.0 = Release|x64
		{866A0A86-CB87-4A3F-A11D-5196E51DB2F0}.Release|x86.ActiveCfg = Release|Win32
		{866A0A86-CB87-4A3F-A11D-5196E51DB2F0}.Release|x86.Build.0 = Release|Win32
		{0ABB0636-1C37-4045-8170-2D3E2842A302}.Debug|x64.ActiveCfg = Debug|x64
		{0ABB0636-1C37-4045-8170-2D3E2842A302}.Debug|x64.Build.0 = Debug|x64
		{0ABB0636-1C37-4045-8170-2D3E2842A302}.Debug|x86.ActiveCfg = Debug|Win32
		{0ABB0636-1C37-4045-8170-2D3E2842A302}.Debug|x86.Build.0 = Debug|Win32
		{0ABB0636-1C37-4045-8170-2D3E2842A302}.Release|x64.ActiveCfg = Release|x64
		{0ABB0636-1C37-4045-8170-2D3E2842A302}.Release|x64.Build.0 = Release|x64
		{0ABB0636-1C37-4045-8170-2D3E2842A302}.Release|x86.ActiveCfg = Release|Win32
		{0ABB0636-1C37-4045-8170-2D3E2842A302}.Release|x86.Build.0 = Release|Win32
		{3672B06D-51C4-4A62-B759-4BCEB656C4B6}.Debug|x64.ActiveCfg = Debug|x64
		{3672B06D-51C4-4A62-B759-4BCEB656C4B6}.Debug|x64.Build.0 = Debug|x64
		{3672B06D-51C4-4A62-B759-4BCEB656C4B6}.Debug|x86.ActiveCfg = Debug|Win32
		{3672B06D-51C4-4A62-B759-4BCEB656C4B6}.Debug|x86.Build.0 = Debug|Win32
		{3672B06D-51C4-4A62-B759-4BCEB656C4B6}.Release|x64.ActiveCfg = Release|x64
		{3672B06D-51C4-4A62-B759-4BCEB656C4B6}.Release|x64.Build.0 = Release|x64
		{3672B06D-51C4-4A62-B759-4BCEB656C4B6}.Release|x86.ActiveCfg = Release|Win32
		{3672B06D-51C4-4A62-B759-4BCEB656C4B6}.Release|x86.Build.0 = Release|Win32
		{FBCAA084-5FB5-4667-A226-50C30E3628DA}.Debug|x64.ActiveCfg = Debug|x64
		{FBCAA084-5FB5-4667-A226-50C30E3628DA}.Debug|x64.Build.0 = Debug|x64
		{FBCAA084-5FB5-4667-A226-50C30E3628DA}.Debug|x86.ActiveCfg = Debug|Win32
		{FBCAA084-5FB5-4667-A226-50C30E3628DA}.Debug|x86.Build.0 = Debug|Win32
		{FBCAA084-5FB5-4667-A226-50C30E3628DA}.Release|x64.ActiveCfg = Release|x64
		{FBCAA084-5FB5-4667-A226-50C30E3628DA}.Release|x64.Build.0 = Release|x64
		{FBCAA084-5FB5-4667-A226-50C30E3628DA}.Release|x86.ActiveCfg = Release|Win32
		{FBCAA084-5FB5-4667-A226-50C30E3628DA}.Release|x86.Build.0 = Release|Win32
		{0D1A6236-41C0-4216-9517-865BEB284B0F}.Debug|x64.ActiveCfg = Debug|x64
		{0D1A6236-41C0-4216-9517-865BEB284B0F}.Debug|x64.Build.0 = Debug|x64
		{0D1A6236-41C0-4216-9517-865BEB284B0F}.Debug|x86.ActiveCfg = Debug|Win32
		{0D1A6236-41C0-4216-9517-865BEB284B0F}.Debug|x86.Build.0 = Debug|Win32
		{0D1A6236-41C0-4216-9517-865BEB284B0F}.Release|x64.ActiveCfg = Release|x64
		{0D1A6236-41C0-4216-9517-865BEB284B0F}.Release|x64.Build.0 = Release|x64
		{0D1A6236-41C0-4216-9517-865BEB284B0F}.Release|x86.ActiveCfg = Release|Win32
		{0D1A6236-41C0-4216-9517-865BEB284B0F}.Release|x86.Build.0 = Release|Win32
		{609CD170-1D29-4412-8F9F-BCCC09E8E337}.Debug|x64.ActiveCfg = Debug|x64
		{609CD170-1D29-4412-8F9F-BCCC09E8E337}.Debug|x64.Build.0 = Debug|x64
		{609CD170-1D29-4412-8F9F-BCCC09E8E337}.Debug|x86.ActiveCfg = Debug|Win32
		{609CD170-1D29-4412-8F9F-BCCC09E8E337}.Debug|x86.Build.0 = Debug|Win32
		{609CD170-1D29-4412-8F9F-BCCC09E8E337}.Release|x64.ActiveCfg = Release|x64
		{609CD170-1D29-4412-8F9F-BCCC09E8E337}.Release|x64.Build.0 = Release|x64
		{609CD170-1D29-4412-8F9F-BCCC09E8E337}.Release|x86.ActiveCfg = Release|Win32
		{609CD170-1D29-4412-8F9F-BCCC09E8E337}.Release|x86.Build.0 = Release|Win32
		{C5F50DB3-0711-49DF-BA68-D5895BB9E331}.Debug|x64.ActiveCfg = Debug|x64
		{C5F50DB3-0711-49DF-BA68-D5895BB9E331}.Debug|x64.Build.0 = Debug|x64
		{C5F50DB3-0711-49DF-BA68-D5895BB9E331}.Debug|x86.ActiveCfg = Debug|Win32
		{C5F50DB3-0711-49DF-BA68-D5895BB9E331}.Debug|x86.Build.0 = Debug|Win32
		{C5F50DB3-0711-49DF-BA68-D5895BB9E331}.Release|x64.ActiveCfg = Release|x64
		{C5F50DB3-0711-49DF-BA68-D5895BB9E331}.Release|x64.Build.0 = Release|x64
		{C5F50DB3-0711-49DF-BA68-D5895BB9E331}.Release|x86.ActiveCfg = Release|Win32
		{C5F50DB3-0711-49DF-BA68-D5895BB9E331}.Release|x86.Build.0 = Release|Win32
		{74763173-ADC3-43C1-A8CC-17041AD009F6}.Debug|x64.ActiveCfg = Debug|x64
		{74763173-ADC3-43C1-A8CC-17041AD009F6}.Debug|x64.Build.0 = Debug|x64
		{74763173-ADC3-43C1-A8CC-17041AD009F6}.Debug|x86.ActiveCfg = Debug|Win32
		{74763173-ADC3-43C1-A8CC-17041AD009F6}.Debug|x86.Build.0 = Debug|Win32
		{74763173-ADC3-43C1-A8CC-17041AD009F6}.Release|x64.ActiveCfg = Release|x64
		{74763173-ADC3-43C1-A8CC-17041AD009F6}.Release|x64.Build.0 = Release|x64
		{74763173-ADC3-43C1-A8CC-17041AD009F6}.Release|x86.ActiveCfg = Release|Win32
		{74763173-ADC3-43C1-A8CC-17041AD009F6}.Release|x86.Build.0 = Release|Win32
	EndGlobalSection
	GlobalSection(SolutionProperties) = preSolution
		HideSolutionNode = FALSE
	EndGlobalSection
	GlobalSection(ExtensibilityGlobals) = postSolution
		SolutionGuid = {161D61BB-51FB-485F-8519-288F61392FFD}
	EndGlobalSection
EndGlobal
