
Microsoft Visual Studio Solution File, Format Version 12.00
# Visual Studio 15
VisualStudioVersion = 15.0.27703.2047
MinimumVisualStudioVersion = 10.0.40219.1
Project("{8BC9CEB8-8B4A-11D0-8D11-00A0C91BC942}") = "USACO_Bronze_and_Silver_Problems", "USACO_Bronze_and_Silver_Problems\USACO_Bronze_and_Silver_Problems.vcxproj", "{59185467-AA87-40BE-AC26-F1D025569705}"
EndProject
Project("{8BC9CEB8-8B4A-11D0-8D11-00A0C91BC942}") = "HW4_Problem_A", "HW4_Problem_A\HW4_Problem_A.vcxproj", "{8FD5F5A9-29D2-4E5B-B66F-9F654D9DE854}"
EndProject
Project("{8BC9CEB8-8B4A-11D0-8D11-00A0C91BC942}") = "Week5", "Week5\Week5.vcxproj", "{D8CFBCA3-77A7-424A-A9EC-D4290EF618CE}"
EndProject
Project("{8BC9CEB8-8B4A-11D0-8D11-00A0C91BC942}") = "Teleporter", "Teleporter\Teleporter.vcxproj", "{709E20E0-5027-41F1-828A-0B403185CDE2}"
EndProject
Project("{8BC9CEB8-8B4A-11D0-8D11-00A0C91BC942}") = "Friday_the_13th", "Friday_the_13th\Friday_the_13th.vcxproj", "{BE40EF74-E69F-4524-B93E-81C79EE49716}"
EndProject
Project("{8BC9CEB8-8B4A-11D0-8D11-00A0C91BC942}") = "Taming", "Taming\Taming.vcxproj", "{5066C98A-DC1C-47F7-AFDF-CF4BA26BADFB}"
EndProject
Project("{8BC9CEB8-8B4A-11D0-8D11-00A0C91BC942}") = "Crossroad1", "Crossroad1\Crossroad1.vcxproj", "{26D5C86A-3749-4208-BBD1-0C0E58997BA0}"
EndProject
Project("{8BC9CEB8-8B4A-11D0-8D11-00A0C91BC942}") = "Hoofball", "Hoofball\Hoofball.vcxproj", "{DD631A6C-F91B-4241-AD05-B00C2CA2343B}"
EndProject
Project("{8BC9CEB8-8B4A-11D0-8D11-00A0C91BC942}") = "Speeding", "Speeding\Speeding.vcxproj", "{A4EBB587-F2F1-4816-AD23-526A320CF4DC}"
EndProject
Project("{8BC9CEB8-8B4A-11D0-8D11-00A0C91BC942}") = "BillBoard", "BillBoard\BillBoard.vcxproj", "{EA8DF971-8E6D-4E82-A344-B65D3937BFF2}"
EndProject
Project("{8BC9CEB8-8B4A-11D0-8D11-00A0C91BC942}") = "Dont_Be_Last", "Dont_Be_Last\Dont_Be_Last.vcxproj", "{26212683-7E20-477C-AAFF-20CA51390D21}"
EndProject
Project("{8BC9CEB8-8B4A-11D0-8D11-00A0C91BC942}") = "HPS", "HPS\HPS.vcxproj", "{2DFAD8F5-791C-47F3-9DAC-32013C65D275}"
EndProject
Project("{8BC9CEB8-8B4A-11D0-8D11-00A0C91BC942}") = "CrossroadIII", "CrossroadIII\CrossroadIII.vcxproj", "{80BB70ED-607F-45EA-9FA0-E050A0489B88}"
EndProject
Project("{8BC9CEB8-8B4A-11D0-8D11-00A0C91BC942}") = "Milking_Order", "Milking_Order\Milking_Order.vcxproj", "{32875005-CFFB-480D-B02E-F2623496F5A8}"
EndProject
Project("{8BC9CEB8-8B4A-11D0-8D11-00A0C91BC942}") = "Lifeguard", "OutofOrder\OutofOrder.vcxproj", "{40254BB6-4B85-4489-BC49-A1BD65EA8F2A}"
EndProject
Project("{8BC9CEB8-8B4A-11D0-8D11-00A0C91BC942}") = "lostcow", "lostcow\lostcow.vcxproj", "{F05CD652-0521-4BDF-BD22-5155D9FA66EB}"
EndProject
Project("{8BC9CEB8-8B4A-11D0-8D11-00A0C91BC942}") = "cownomics", "cownomics\cownomics.vcxproj", "{F5619EDD-D02F-46BF-9DEE-4C060755298F}"
EndProject
Project("{8BC9CEB8-8B4A-11D0-8D11-00A0C91BC942}") = "pairup", "pairup\pairup.vcxproj", "{CC402B2B-C210-4867-968D-8E271B241EC0}"
EndProject
Project("{8BC9CEB8-8B4A-11D0-8D11-00A0C91BC942}") = "helpcross_inprogress", "helpcross\helpcross.vcxproj", "{A04BA7A5-3803-474F-9ADD-18B9C2D4F4FF}"
EndProject
Project("{8BC9CEB8-8B4A-11D0-8D11-00A0C91BC942}") = "haybales", "haybales\haybales.vcxproj", "{368503E5-42EF-4C70-94D9-1E973F233175}"
EndProject
Project("{8BC9CEB8-8B4A-11D0-8D11-00A0C91BC942}") = "macross", "macross\macross.vcxproj", "{EF6F475E-83CB-42E1-9C20-DEBAB3F8B37C}"
EndProject
Project("{8BC9CEB8-8B4A-11D0-8D11-00A0C91BC942}") = "bphoto", "bphoto\bphoto.vcxproj", "{69110E39-E09B-40EA-9AC1-D86C088FBE59}"
EndProject
Project("{8BC9CEB8-8B4A-11D0-8D11-00A0C91BC942}") = "hfpss", "hfpss\hfpss.vcxproj", "{56BA3631-EEE5-4BE7-95D4-00CF7B52FCBF}"
EndProject
Project("{8BC9CEB8-8B4A-11D0-8D11-00A0C91BC942}") = "Billboard2", "Billboard2\Billboard2.vcxproj", "{EA257658-7DBE-486B-814E-28A739739D5B}"
EndProject
Project("{8BC9CEB8-8B4A-11D0-8D11-00A0C91BC942}") = "badmilk", "badmilk\badmilk.vcxproj", "{576546D9-A2C2-42EA-80E3-F5F545D33461}"
EndProject
Project("{8BC9CEB8-8B4A-11D0-8D11-00A0C91BC942}") = "citystate", "citystate\citystate.vcxproj", "{8FBEA1A7-60D9-4CB9-9CD2-1787CB6853F6}"
EndProject
Project("{8BC9CEB8-8B4A-11D0-8D11-00A0C91BC942}") = "moocrypt", "moocrypt\moocrypt.vcxproj", "{A34AA66B-32EA-4BA2-9C02-A6E7F868F9B0}"
EndProject
Project("{8BC9CEB8-8B4A-11D0-8D11-00A0C91BC942}") = "geteven", "geteven\geteven.vcxproj", "{CF9452FB-233F-4A5E-913A-B5C6FC04AE36}"
EndProject
Project("{8BC9CEB8-8B4A-11D0-8D11-00A0C91BC942}") = "outofplace", "outofplace\outofplace.vcxproj", "{0ACE207A-0FED-4E8E-AB63-A514265B60D7}"
EndProject
Project("{8BC9CEB8-8B4A-11D0-8D11-00A0C91BC942}") = "homework", "homework\homework.vcxproj", "{8547C514-7D04-4513-8A00-E0EF9A13B6C4}"
EndProject
Project("{8BC9CEB8-8B4A-11D0-8D11-00A0C91BC942}") = "censor", "censor\censor.vcxproj", "{50DBFF5F-AC12-4773-AF39-100DE7AC9266}"
EndProject
Project("{8BC9CEB8-8B4A-11D0-8D11-00A0C91BC942}") = "cow", "cow\cow.vcxproj", "{A5A0BEEE-4FAD-4006-B2E5-0301ECA875AE}"
EndProject
Project("{8BC9CEB8-8B4A-11D0-8D11-00A0C91BC942}") = "Lab1", "Lab1\Lab1.vcxproj", "{DC2BD48E-020F-4C57-89A5-F8765C07474C}"
EndProject
Project("{8BC9CEB8-8B4A-11D0-8D11-00A0C91BC942}") = "hopscotch", "hopscotch\hopscotch.vcxproj", "{D130D202-55D3-4AF9-8F71-B369648EA237}"
EndProject
Global
	GlobalSection(SolutionConfigurationPlatforms) = preSolution
		Debug|x64 = Debug|x64
		Debug|x86 = Debug|x86
		Release|x64 = Release|x64
		Release|x86 = Release|x86
	EndGlobalSection
	GlobalSection(ProjectConfigurationPlatforms) = postSolution
		{59185467-AA87-40BE-AC26-F1D025569705}.Debug|x64.ActiveCfg = Debug|x64
		{59185467-AA87-40BE-AC26-F1D025569705}.Debug|x64.Build.0 = Debug|x64
		{59185467-AA87-40BE-AC26-F1D025569705}.Debug|x86.ActiveCfg = Debug|Win32
		{59185467-AA87-40BE-AC26-F1D025569705}.Debug|x86.Build.0 = Debug|Win32
		{59185467-AA87-40BE-AC26-F1D025569705}.Release|x64.ActiveCfg = Release|x64
		{59185467-AA87-40BE-AC26-F1D025569705}.Release|x64.Build.0 = Release|x64
		{59185467-AA87-40BE-AC26-F1D025569705}.Release|x86.ActiveCfg = Release|Win32
		{59185467-AA87-40BE-AC26-F1D025569705}.Release|x86.Build.0 = Release|Win32
		{8FD5F5A9-29D2-4E5B-B66F-9F654D9DE854}.Debug|x64.ActiveCfg = Debug|x64
		{8FD5F5A9-29D2-4E5B-B66F-9F654D9DE854}.Debug|x64.Build.0 = Debug|x64
		{8FD5F5A9-29D2-4E5B-B66F-9F654D9DE854}.Debug|x86.ActiveCfg = Debug|Win32
		{8FD5F5A9-29D2-4E5B-B66F-9F654D9DE854}.Debug|x86.Build.0 = Debug|Win32
		{8FD5F5A9-29D2-4E5B-B66F-9F654D9DE854}.Release|x64.ActiveCfg = Release|x64
		{8FD5F5A9-29D2-4E5B-B66F-9F654D9DE854}.Release|x64.Build.0 = Release|x64
		{8FD5F5A9-29D2-4E5B-B66F-9F654D9DE854}.Release|x86.ActiveCfg = Release|Win32
		{8FD5F5A9-29D2-4E5B-B66F-9F654D9DE854}.Release|x86.Build.0 = Release|Win32
		{D8CFBCA3-77A7-424A-A9EC-D4290EF618CE}.Debug|x64.ActiveCfg = Debug|x64
		{D8CFBCA3-77A7-424A-A9EC-D4290EF618CE}.Debug|x64.Build.0 = Debug|x64
		{D8CFBCA3-77A7-424A-A9EC-D4290EF618CE}.Debug|x86.ActiveCfg = Debug|Win32
		{D8CFBCA3-77A7-424A-A9EC-D4290EF618CE}.Debug|x86.Build.0 = Debug|Win32
		{D8CFBCA3-77A7-424A-A9EC-D4290EF618CE}.Release|x64.ActiveCfg = Release|x64
		{D8CFBCA3-77A7-424A-A9EC-D4290EF618CE}.Release|x64.Build.0 = Release|x64
		{D8CFBCA3-77A7-424A-A9EC-D4290EF618CE}.Release|x86.ActiveCfg = Release|Win32
		{D8CFBCA3-77A7-424A-A9EC-D4290EF618CE}.Release|x86.Build.0 = Release|Win32
		{709E20E0-5027-41F1-828A-0B403185CDE2}.Debug|x64.ActiveCfg = Debug|x64
		{709E20E0-5027-41F1-828A-0B403185CDE2}.Debug|x64.Build.0 = Debug|x64
		{709E20E0-5027-41F1-828A-0B403185CDE2}.Debug|x86.ActiveCfg = Debug|Win32
		{709E20E0-5027-41F1-828A-0B403185CDE2}.Debug|x86.Build.0 = Debug|Win32
		{709E20E0-5027-41F1-828A-0B403185CDE2}.Release|x64.ActiveCfg = Release|x64
		{709E20E0-5027-41F1-828A-0B403185CDE2}.Release|x64.Build.0 = Release|x64
		{709E20E0-5027-41F1-828A-0B403185CDE2}.Release|x86.ActiveCfg = Release|Win32
		{709E20E0-5027-41F1-828A-0B403185CDE2}.Release|x86.Build.0 = Release|Win32
		{BE40EF74-E69F-4524-B93E-81C79EE49716}.Debug|x64.ActiveCfg = Debug|x64
		{BE40EF74-E69F-4524-B93E-81C79EE49716}.Debug|x64.Build.0 = Debug|x64
		{BE40EF74-E69F-4524-B93E-81C79EE49716}.Debug|x86.ActiveCfg = Debug|Win32
		{BE40EF74-E69F-4524-B93E-81C79EE49716}.Debug|x86.Build.0 = Debug|Win32
		{BE40EF74-E69F-4524-B93E-81C79EE49716}.Release|x64.ActiveCfg = Release|x64
		{BE40EF74-E69F-4524-B93E-81C79EE49716}.Release|x64.Build.0 = Release|x64
		{BE40EF74-E69F-4524-B93E-81C79EE49716}.Release|x86.ActiveCfg = Release|Win32
		{BE40EF74-E69F-4524-B93E-81C79EE49716}.Release|x86.Build.0 = Release|Win32
		{5066C98A-DC1C-47F7-AFDF-CF4BA26BADFB}.Debug|x64.ActiveCfg = Debug|x64
		{5066C98A-DC1C-47F7-AFDF-CF4BA26BADFB}.Debug|x64.Build.0 = Debug|x64
		{5066C98A-DC1C-47F7-AFDF-CF4BA26BADFB}.Debug|x86.ActiveCfg = Debug|Win32
		{5066C98A-DC1C-47F7-AFDF-CF4BA26BADFB}.Debug|x86.Build.0 = Debug|Win32
		{5066C98A-DC1C-47F7-AFDF-CF4BA26BADFB}.Release|x64.ActiveCfg = Release|x64
		{5066C98A-DC1C-47F7-AFDF-CF4BA26BADFB}.Release|x64.Build.0 = Release|x64
		{5066C98A-DC1C-47F7-AFDF-CF4BA26BADFB}.Release|x86.ActiveCfg = Release|Win32
		{5066C98A-DC1C-47F7-AFDF-CF4BA26BADFB}.Release|x86.Build.0 = Release|Win32
		{26D5C86A-3749-4208-BBD1-0C0E58997BA0}.Debug|x64.ActiveCfg = Debug|x64
		{26D5C86A-3749-4208-BBD1-0C0E58997BA0}.Debug|x64.Build.0 = Debug|x64
		{26D5C86A-3749-4208-BBD1-0C0E58997BA0}.Debug|x86.ActiveCfg = Debug|Win32
		{26D5C86A-3749-4208-BBD1-0C0E58997BA0}.Debug|x86.Build.0 = Debug|Win32
		{26D5C86A-3749-4208-BBD1-0C0E58997BA0}.Release|x64.ActiveCfg = Release|x64
		{26D5C86A-3749-4208-BBD1-0C0E58997BA0}.Release|x64.Build.0 = Release|x64
		{26D5C86A-3749-4208-BBD1-0C0E58997BA0}.Release|x86.ActiveCfg = Release|Win32
		{26D5C86A-3749-4208-BBD1-0C0E58997BA0}.Release|x86.Build.0 = Release|Win32
		{DD631A6C-F91B-4241-AD05-B00C2CA2343B}.Debug|x64.ActiveCfg = Debug|x64
		{DD631A6C-F91B-4241-AD05-B00C2CA2343B}.Debug|x64.Build.0 = Debug|x64
		{DD631A6C-F91B-4241-AD05-B00C2CA2343B}.Debug|x86.ActiveCfg = Debug|Win32
		{DD631A6C-F91B-4241-AD05-B00C2CA2343B}.Debug|x86.Build.0 = Debug|Win32
		{DD631A6C-F91B-4241-AD05-B00C2CA2343B}.Release|x64.ActiveCfg = Release|x64
		{DD631A6C-F91B-4241-AD05-B00C2CA2343B}.Release|x64.Build.0 = Release|x64
		{DD631A6C-F91B-4241-AD05-B00C2CA2343B}.Release|x86.ActiveCfg = Release|Win32
		{DD631A6C-F91B-4241-AD05-B00C2CA2343B}.Release|x86.Build.0 = Release|Win32
		{A4EBB587-F2F1-4816-AD23-526A320CF4DC}.Debug|x64.ActiveCfg = Debug|x64
		{A4EBB587-F2F1-4816-AD23-526A320CF4DC}.Debug|x64.Build.0 = Debug|x64
		{A4EBB587-F2F1-4816-AD23-526A320CF4DC}.Debug|x86.ActiveCfg = Debug|Win32
		{A4EBB587-F2F1-4816-AD23-526A320CF4DC}.Debug|x86.Build.0 = Debug|Win32
		{A4EBB587-F2F1-4816-AD23-526A320CF4DC}.Release|x64.ActiveCfg = Release|x64
		{A4EBB587-F2F1-4816-AD23-526A320CF4DC}.Release|x64.Build.0 = Release|x64
		{A4EBB587-F2F1-4816-AD23-526A320CF4DC}.Release|x86.ActiveCfg = Release|Win32
		{A4EBB587-F2F1-4816-AD23-526A320CF4DC}.Release|x86.Build.0 = Release|Win32
		{EA8DF971-8E6D-4E82-A344-B65D3937BFF2}.Debug|x64.ActiveCfg = Debug|x64
		{EA8DF971-8E6D-4E82-A344-B65D3937BFF2}.Debug|x64.Build.0 = Debug|x64
		{EA8DF971-8E6D-4E82-A344-B65D3937BFF2}.Debug|x86.ActiveCfg = Debug|Win32
		{EA8DF971-8E6D-4E82-A344-B65D3937BFF2}.Debug|x86.Build.0 = Debug|Win32
		{EA8DF971-8E6D-4E82-A344-B65D3937BFF2}.Release|x64.ActiveCfg = Release|x64
		{EA8DF971-8E6D-4E82-A344-B65D3937BFF2}.Release|x64.Build.0 = Release|x64
		{EA8DF971-8E6D-4E82-A344-B65D3937BFF2}.Release|x86.ActiveCfg = Release|Win32
		{EA8DF971-8E6D-4E82-A344-B65D3937BFF2}.Release|x86.Build.0 = Release|Win32
		{26212683-7E20-477C-AAFF-20CA51390D21}.Debug|x64.ActiveCfg = Debug|x64
		{26212683-7E20-477C-AAFF-20CA51390D21}.Debug|x64.Build.0 = Debug|x64
		{26212683-7E20-477C-AAFF-20CA51390D21}.Debug|x86.ActiveCfg = Debug|Win32
		{26212683-7E20-477C-AAFF-20CA51390D21}.Debug|x86.Build.0 = Debug|Win32
		{26212683-7E20-477C-AAFF-20CA51390D21}.Release|x64.ActiveCfg = Release|x64
		{26212683-7E20-477C-AAFF-20CA51390D21}.Release|x64.Build.0 = Release|x64
		{26212683-7E20-477C-AAFF-20CA51390D21}.Release|x86.ActiveCfg = Release|Win32
		{26212683-7E20-477C-AAFF-20CA51390D21}.Release|x86.Build.0 = Release|Win32
		{2DFAD8F5-791C-47F3-9DAC-32013C65D275}.Debug|x64.ActiveCfg = Debug|x64
		{2DFAD8F5-791C-47F3-9DAC-32013C65D275}.Debug|x64.Build.0 = Debug|x64
		{2DFAD8F5-791C-47F3-9DAC-32013C65D275}.Debug|x86.ActiveCfg = Debug|Win32
		{2DFAD8F5-791C-47F3-9DAC-32013C65D275}.Debug|x86.Build.0 = Debug|Win32
		{2DFAD8F5-791C-47F3-9DAC-32013C65D275}.Release|x64.ActiveCfg = Release|x64
		{2DFAD8F5-791C-47F3-9DAC-32013C65D275}.Release|x64.Build.0 = Release|x64
		{2DFAD8F5-791C-47F3-9DAC-32013C65D275}.Release|x86.ActiveCfg = Release|Win32
		{2DFAD8F5-791C-47F3-9DAC-32013C65D275}.Release|x86.Build.0 = Release|Win32
		{80BB70ED-607F-45EA-9FA0-E050A0489B88}.Debug|x64.ActiveCfg = Debug|x64
		{80BB70ED-607F-45EA-9FA0-E050A0489B88}.Debug|x64.Build.0 = Debug|x64
		{80BB70ED-607F-45EA-9FA0-E050A0489B88}.Debug|x86.ActiveCfg = Debug|Win32
		{80BB70ED-607F-45EA-9FA0-E050A0489B88}.Debug|x86.Build.0 = Debug|Win32
		{80BB70ED-607F-45EA-9FA0-E050A0489B88}.Release|x64.ActiveCfg = Release|x64
		{80BB70ED-607F-45EA-9FA0-E050A0489B88}.Release|x64.Build.0 = Release|x64
		{80BB70ED-607F-45EA-9FA0-E050A0489B88}.Release|x86.ActiveCfg = Release|Win32
		{80BB70ED-607F-45EA-9FA0-E050A0489B88}.Release|x86.Build.0 = Release|Win32
		{32875005-CFFB-480D-B02E-F2623496F5A8}.Debug|x64.ActiveCfg = Debug|x64
		{32875005-CFFB-480D-B02E-F2623496F5A8}.Debug|x64.Build.0 = Debug|x64
		{32875005-CFFB-480D-B02E-F2623496F5A8}.Debug|x86.ActiveCfg = Debug|Win32
		{32875005-CFFB-480D-B02E-F2623496F5A8}.Debug|x86.Build.0 = Debug|Win32
		{32875005-CFFB-480D-B02E-F2623496F5A8}.Release|x64.ActiveCfg = Release|x64
		{32875005-CFFB-480D-B02E-F2623496F5A8}.Release|x64.Build.0 = Release|x64
		{32875005-CFFB-480D-B02E-F2623496F5A8}.Release|x86.ActiveCfg = Release|Win32
		{32875005-CFFB-480D-B02E-F2623496F5A8}.Release|x86.Build.0 = Release|Win32
		{40254BB6-4B85-4489-BC49-A1BD65EA8F2A}.Debug|x64.ActiveCfg = Debug|x64
		{40254BB6-4B85-4489-BC49-A1BD65EA8F2A}.Debug|x64.Build.0 = Debug|x64
		{40254BB6-4B85-4489-BC49-A1BD65EA8F2A}.Debug|x86.ActiveCfg = Debug|Win32
		{40254BB6-4B85-4489-BC49-A1BD65EA8F2A}.Debug|x86.Build.0 = Debug|Win32
		{40254BB6-4B85-4489-BC49-A1BD65EA8F2A}.Release|x64.ActiveCfg = Release|x64
		{40254BB6-4B85-4489-BC49-A1BD65EA8F2A}.Release|x64.Build.0 = Release|x64
		{40254BB6-4B85-4489-BC49-A1BD65EA8F2A}.Release|x86.ActiveCfg = Release|Win32
		{40254BB6-4B85-4489-BC49-A1BD65EA8F2A}.Release|x86.Build.0 = Release|Win32
		{F05CD652-0521-4BDF-BD22-5155D9FA66EB}.Debug|x64.ActiveCfg = Debug|x64
		{F05CD652-0521-4BDF-BD22-5155D9FA66EB}.Debug|x64.Build.0 = Debug|x64
		{F05CD652-0521-4BDF-BD22-5155D9FA66EB}.Debug|x86.ActiveCfg = Debug|Win32
		{F05CD652-0521-4BDF-BD22-5155D9FA66EB}.Debug|x86.Build.0 = Debug|Win32
		{F05CD652-0521-4BDF-BD22-5155D9FA66EB}.Release|x64.ActiveCfg = Release|x64
		{F05CD652-0521-4BDF-BD22-5155D9FA66EB}.Release|x64.Build.0 = Release|x64
		{F05CD652-0521-4BDF-BD22-5155D9FA66EB}.Release|x86.ActiveCfg = Release|Win32
		{F05CD652-0521-4BDF-BD22-5155D9FA66EB}.Release|x86.Build.0 = Release|Win32
		{F5619EDD-D02F-46BF-9DEE-4C060755298F}.Debug|x64.ActiveCfg = Debug|x64
		{F5619EDD-D02F-46BF-9DEE-4C060755298F}.Debug|x64.Build.0 = Debug|x64
		{F5619EDD-D02F-46BF-9DEE-4C060755298F}.Debug|x86.ActiveCfg = Debug|Win32
		{F5619EDD-D02F-46BF-9DEE-4C060755298F}.Debug|x86.Build.0 = Debug|Win32
		{F5619EDD-D02F-46BF-9DEE-4C060755298F}.Release|x64.ActiveCfg = Release|x64
		{F5619EDD-D02F-46BF-9DEE-4C060755298F}.Release|x64.Build.0 = Release|x64
		{F5619EDD-D02F-46BF-9DEE-4C060755298F}.Release|x86.ActiveCfg = Release|Win32
		{F5619EDD-D02F-46BF-9DEE-4C060755298F}.Release|x86.Build.0 = Release|Win32
		{CC402B2B-C210-4867-968D-8E271B241EC0}.Debug|x64.ActiveCfg = Debug|x64
		{CC402B2B-C210-4867-968D-8E271B241EC0}.Debug|x64.Build.0 = Debug|x64
		{CC402B2B-C210-4867-968D-8E271B241EC0}.Debug|x86.ActiveCfg = Debug|Win32
		{CC402B2B-C210-4867-968D-8E271B241EC0}.Debug|x86.Build.0 = Debug|Win32
		{CC402B2B-C210-4867-968D-8E271B241EC0}.Release|x64.ActiveCfg = Release|x64
		{CC402B2B-C210-4867-968D-8E271B241EC0}.Release|x64.Build.0 = Release|x64
		{CC402B2B-C210-4867-968D-8E271B241EC0}.Release|x86.ActiveCfg = Release|Win32
		{CC402B2B-C210-4867-968D-8E271B241EC0}.Release|x86.Build.0 = Release|Win32
		{A04BA7A5-3803-474F-9ADD-18B9C2D4F4FF}.Debug|x64.ActiveCfg = Debug|x64
		{A04BA7A5-3803-474F-9ADD-18B9C2D4F4FF}.Debug|x64.Build.0 = Debug|x64
		{A04BA7A5-3803-474F-9ADD-18B9C2D4F4FF}.Debug|x86.ActiveCfg = Debug|Win32
		{A04BA7A5-3803-474F-9ADD-18B9C2D4F4FF}.Debug|x86.Build.0 = Debug|Win32
		{A04BA7A5-3803-474F-9ADD-18B9C2D4F4FF}.Release|x64.ActiveCfg = Release|x64
		{A04BA7A5-3803-474F-9ADD-18B9C2D4F4FF}.Release|x64.Build.0 = Release|x64
		{A04BA7A5-3803-474F-9ADD-18B9C2D4F4FF}.Release|x86.ActiveCfg = Release|Win32
		{A04BA7A5-3803-474F-9ADD-18B9C2D4F4FF}.Release|x86.Build.0 = Release|Win32
		{368503E5-42EF-4C70-94D9-1E973F233175}.Debug|x64.ActiveCfg = Debug|x64
		{368503E5-42EF-4C70-94D9-1E973F233175}.Debug|x64.Build.0 = Debug|x64
		{368503E5-42EF-4C70-94D9-1E973F233175}.Debug|x86.ActiveCfg = Debug|Win32
		{368503E5-42EF-4C70-94D9-1E973F233175}.Debug|x86.Build.0 = Debug|Win32
		{368503E5-42EF-4C70-94D9-1E973F233175}.Release|x64.ActiveCfg = Release|x64
		{368503E5-42EF-4C70-94D9-1E973F233175}.Release|x64.Build.0 = Release|x64
		{368503E5-42EF-4C70-94D9-1E973F233175}.Release|x86.ActiveCfg = Release|Win32
		{368503E5-42EF-4C70-94D9-1E973F233175}.Release|x86.Build.0 = Release|Win32
		{EF6F475E-83CB-42E1-9C20-DEBAB3F8B37C}.Debug|x64.ActiveCfg = Debug|x64
		{EF6F475E-83CB-42E1-9C20-DEBAB3F8B37C}.Debug|x64.Build.0 = Debug|x64
		{EF6F475E-83CB-42E1-9C20-DEBAB3F8B37C}.Debug|x86.ActiveCfg = Debug|Win32
		{EF6F475E-83CB-42E1-9C20-DEBAB3F8B37C}.Debug|x86.Build.0 = Debug|Win32
		{EF6F475E-83CB-42E1-9C20-DEBAB3F8B37C}.Release|x64.ActiveCfg = Release|x64
		{EF6F475E-83CB-42E1-9C20-DEBAB3F8B37C}.Release|x64.Build.0 = Release|x64
		{EF6F475E-83CB-42E1-9C20-DEBAB3F8B37C}.Release|x86.ActiveCfg = Release|Win32
		{EF6F475E-83CB-42E1-9C20-DEBAB3F8B37C}.Release|x86.Build.0 = Release|Win32
		{69110E39-E09B-40EA-9AC1-D86C088FBE59}.Debug|x64.ActiveCfg = Debug|x64
		{69110E39-E09B-40EA-9AC1-D86C088FBE59}.Debug|x64.Build.0 = Debug|x64
		{69110E39-E09B-40EA-9AC1-D86C088FBE59}.Debug|x86.ActiveCfg = Debug|Win32
		{69110E39-E09B-40EA-9AC1-D86C088FBE59}.Debug|x86.Build.0 = Debug|Win32
		{69110E39-E09B-40EA-9AC1-D86C088FBE59}.Release|x64.ActiveCfg = Release|x64
		{69110E39-E09B-40EA-9AC1-D86C088FBE59}.Release|x64.Build.0 = Release|x64
		{69110E39-E09B-40EA-9AC1-D86C088FBE59}.Release|x86.ActiveCfg = Release|Win32
		{69110E39-E09B-40EA-9AC1-D86C088FBE59}.Release|x86.Build.0 = Release|Win32
		{56BA3631-EEE5-4BE7-95D4-00CF7B52FCBF}.Debug|x64.ActiveCfg = Debug|x64
		{56BA3631-EEE5-4BE7-95D4-00CF7B52FCBF}.Debug|x64.Build.0 = Debug|x64
		{56BA3631-EEE5-4BE7-95D4-00CF7B52FCBF}.Debug|x86.ActiveCfg = Debug|Win32
		{56BA3631-EEE5-4BE7-95D4-00CF7B52FCBF}.Debug|x86.Build.0 = Debug|Win32
		{56BA3631-EEE5-4BE7-95D4-00CF7B52FCBF}.Release|x64.ActiveCfg = Release|x64
		{56BA3631-EEE5-4BE7-95D4-00CF7B52FCBF}.Release|x64.Build.0 = Release|x64
		{56BA3631-EEE5-4BE7-95D4-00CF7B52FCBF}.Release|x86.ActiveCfg = Release|Win32
		{56BA3631-EEE5-4BE7-95D4-00CF7B52FCBF}.Release|x86.Build.0 = Release|Win32
		{EA257658-7DBE-486B-814E-28A739739D5B}.Debug|x64.ActiveCfg = Debug|x64
		{EA257658-7DBE-486B-814E-28A739739D5B}.Debug|x64.Build.0 = Debug|x64
		{EA257658-7DBE-486B-814E-28A739739D5B}.Debug|x86.ActiveCfg = Debug|Win32
		{EA257658-7DBE-486B-814E-28A739739D5B}.Debug|x86.Build.0 = Debug|Win32
		{EA257658-7DBE-486B-814E-28A739739D5B}.Release|x64.ActiveCfg = Release|x64
		{EA257658-7DBE-486B-814E-28A739739D5B}.Release|x64.Build.0 = Release|x64
		{EA257658-7DBE-486B-814E-28A739739D5B}.Release|x86.ActiveCfg = Release|Win32
		{EA257658-7DBE-486B-814E-28A739739D5B}.Release|x86.Build.0 = Release|Win32
		{576546D9-A2C2-42EA-80E3-F5F545D33461}.Debug|x64.ActiveCfg = Debug|x64
		{576546D9-A2C2-42EA-80E3-F5F545D33461}.Debug|x64.Build.0 = Debug|x64
		{576546D9-A2C2-42EA-80E3-F5F545D33461}.Debug|x86.ActiveCfg = Debug|Win32
		{576546D9-A2C2-42EA-80E3-F5F545D33461}.Debug|x86.Build.0 = Debug|Win32
		{576546D9-A2C2-42EA-80E3-F5F545D33461}.Release|x64.ActiveCfg = Release|x64
		{576546D9-A2C2-42EA-80E3-F5F545D33461}.Release|x64.Build.0 = Release|x64
		{576546D9-A2C2-42EA-80E3-F5F545D33461}.Release|x86.ActiveCfg = Release|Win32
		{576546D9-A2C2-42EA-80E3-F5F545D33461}.Release|x86.Build.0 = Release|Win32
		{8FBEA1A7-60D9-4CB9-9CD2-1787CB6853F6}.Debug|x64.ActiveCfg = Debug|x64
		{8FBEA1A7-60D9-4CB9-9CD2-1787CB6853F6}.Debug|x64.Build.0 = Debug|x64
		{8FBEA1A7-60D9-4CB9-9CD2-1787CB6853F6}.Debug|x86.ActiveCfg = Debug|Win32
		{8FBEA1A7-60D9-4CB9-9CD2-1787CB6853F6}.Debug|x86.Build.0 = Debug|Win32
		{8FBEA1A7-60D9-4CB9-9CD2-1787CB6853F6}.Release|x64.ActiveCfg = Release|x64
		{8FBEA1A7-60D9-4CB9-9CD2-1787CB6853F6}.Release|x64.Build.0 = Release|x64
		{8FBEA1A7-60D9-4CB9-9CD2-1787CB6853F6}.Release|x86.ActiveCfg = Release|Win32
		{8FBEA1A7-60D9-4CB9-9CD2-1787CB6853F6}.Release|x86.Build.0 = Release|Win32
		{A34AA66B-32EA-4BA2-9C02-A6E7F868F9B0}.Debug|x64.ActiveCfg = Debug|x64
		{A34AA66B-32EA-4BA2-9C02-A6E7F868F9B0}.Debug|x64.Build.0 = Debug|x64
		{A34AA66B-32EA-4BA2-9C02-A6E7F868F9B0}.Debug|x86.ActiveCfg = Debug|Win32
		{A34AA66B-32EA-4BA2-9C02-A6E7F868F9B0}.Debug|x86.Build.0 = Debug|Win32
		{A34AA66B-32EA-4BA2-9C02-A6E7F868F9B0}.Release|x64.ActiveCfg = Release|x64
		{A34AA66B-32EA-4BA2-9C02-A6E7F868F9B0}.Release|x64.Build.0 = Release|x64
		{A34AA66B-32EA-4BA2-9C02-A6E7F868F9B0}.Release|x86.ActiveCfg = Release|Win32
		{A34AA66B-32EA-4BA2-9C02-A6E7F868F9B0}.Release|x86.Build.0 = Release|Win32
		{CF9452FB-233F-4A5E-913A-B5C6FC04AE36}.Debug|x64.ActiveCfg = Debug|x64
		{CF9452FB-233F-4A5E-913A-B5C6FC04AE36}.Debug|x64.Build.0 = Debug|x64
		{CF9452FB-233F-4A5E-913A-B5C6FC04AE36}.Debug|x86.ActiveCfg = Debug|Win32
		{CF9452FB-233F-4A5E-913A-B5C6FC04AE36}.Debug|x86.Build.0 = Debug|Win32
		{CF9452FB-233F-4A5E-913A-B5C6FC04AE36}.Release|x64.ActiveCfg = Release|x64
		{CF9452FB-233F-4A5E-913A-B5C6FC04AE36}.Release|x64.Build.0 = Release|x64
		{CF9452FB-233F-4A5E-913A-B5C6FC04AE36}.Release|x86.ActiveCfg = Release|Win32
		{CF9452FB-233F-4A5E-913A-B5C6FC04AE36}.Release|x86.Build.0 = Release|Win32
		{0ACE207A-0FED-4E8E-AB63-A514265B60D7}.Debug|x64.ActiveCfg = Debug|x64
		{0ACE207A-0FED-4E8E-AB63-A514265B60D7}.Debug|x64.Build.0 = Debug|x64
		{0ACE207A-0FED-4E8E-AB63-A514265B60D7}.Debug|x86.ActiveCfg = Debug|Win32
		{0ACE207A-0FED-4E8E-AB63-A514265B60D7}.Debug|x86.Build.0 = Debug|Win32
		{0ACE207A-0FED-4E8E-AB63-A514265B60D7}.Release|x64.ActiveCfg = Release|x64
		{0ACE207A-0FED-4E8E-AB63-A514265B60D7}.Release|x64.Build.0 = Release|x64
		{0ACE207A-0FED-4E8E-AB63-A514265B60D7}.Release|x86.ActiveCfg = Release|Win32
		{0ACE207A-0FED-4E8E-AB63-A514265B60D7}.Release|x86.Build.0 = Release|Win32
		{8547C514-7D04-4513-8A00-E0EF9A13B6C4}.Debug|x64.ActiveCfg = Debug|x64
		{8547C514-7D04-4513-8A00-E0EF9A13B6C4}.Debug|x64.Build.0 = Debug|x64
		{8547C514-7D04-4513-8A00-E0EF9A13B6C4}.Debug|x86.ActiveCfg = Debug|Win32
		{8547C514-7D04-4513-8A00-E0EF9A13B6C4}.Debug|x86.Build.0 = Debug|Win32
		{8547C514-7D04-4513-8A00-E0EF9A13B6C4}.Release|x64.ActiveCfg = Release|x64
		{8547C514-7D04-4513-8A00-E0EF9A13B6C4}.Release|x64.Build.0 = Release|x64
		{8547C514-7D04-4513-8A00-E0EF9A13B6C4}.Release|x86.ActiveCfg = Release|Win32
		{8547C514-7D04-4513-8A00-E0EF9A13B6C4}.Release|x86.Build.0 = Release|Win32
		{50DBFF5F-AC12-4773-AF39-100DE7AC9266}.Debug|x64.ActiveCfg = Debug|x64
		{50DBFF5F-AC12-4773-AF39-100DE7AC9266}.Debug|x64.Build.0 = Debug|x64
		{50DBFF5F-AC12-4773-AF39-100DE7AC9266}.Debug|x86.ActiveCfg = Debug|Win32
		{50DBFF5F-AC12-4773-AF39-100DE7AC9266}.Debug|x86.Build.0 = Debug|Win32
		{50DBFF5F-AC12-4773-AF39-100DE7AC9266}.Release|x64.ActiveCfg = Release|x64
		{50DBFF5F-AC12-4773-AF39-100DE7AC9266}.Release|x64.Build.0 = Release|x64
		{50DBFF5F-AC12-4773-AF39-100DE7AC9266}.Release|x86.ActiveCfg = Release|Win32
		{50DBFF5F-AC12-4773-AF39-100DE7AC9266}.Release|x86.Build.0 = Release|Win32
		{A5A0BEEE-4FAD-4006-B2E5-0301ECA875AE}.Debug|x64.ActiveCfg = Debug|x64
		{A5A0BEEE-4FAD-4006-B2E5-0301ECA875AE}.Debug|x64.Build.0 = Debug|x64
		{A5A0BEEE-4FAD-4006-B2E5-0301ECA875AE}.Debug|x86.ActiveCfg = Debug|Win32
		{A5A0BEEE-4FAD-4006-B2E5-0301ECA875AE}.Debug|x86.Build.0 = Debug|Win32
		{A5A0BEEE-4FAD-4006-B2E5-0301ECA875AE}.Release|x64.ActiveCfg = Release|x64
		{A5A0BEEE-4FAD-4006-B2E5-0301ECA875AE}.Release|x64.Build.0 = Release|x64
		{A5A0BEEE-4FAD-4006-B2E5-0301ECA875AE}.Release|x86.ActiveCfg = Release|Win32
		{A5A0BEEE-4FAD-4006-B2E5-0301ECA875AE}.Release|x86.Build.0 = Release|Win32
		{DC2BD48E-020F-4C57-89A5-F8765C07474C}.Debug|x64.ActiveCfg = Debug|x64
		{DC2BD48E-020F-4C57-89A5-F8765C07474C}.Debug|x64.Build.0 = Debug|x64
		{DC2BD48E-020F-4C57-89A5-F8765C07474C}.Debug|x86.ActiveCfg = Debug|Win32
		{DC2BD48E-020F-4C57-89A5-F8765C07474C}.Debug|x86.Build.0 = Debug|Win32
		{DC2BD48E-020F-4C57-89A5-F8765C07474C}.Release|x64.ActiveCfg = Release|x64
		{DC2BD48E-020F-4C57-89A5-F8765C07474C}.Release|x64.Build.0 = Release|x64
		{DC2BD48E-020F-4C57-89A5-F8765C07474C}.Release|x86.ActiveCfg = Release|Win32
		{DC2BD48E-020F-4C57-89A5-F8765C07474C}.Release|x86.Build.0 = Release|Win32
		{D130D202-55D3-4AF9-8F71-B369648EA237}.Debug|x64.ActiveCfg = Debug|x64
		{D130D202-55D3-4AF9-8F71-B369648EA237}.Debug|x64.Build.0 = Debug|x64
		{D130D202-55D3-4AF9-8F71-B369648EA237}.Debug|x86.ActiveCfg = Debug|Win32
		{D130D202-55D3-4AF9-8F71-B369648EA237}.Debug|x86.Build.0 = Debug|Win32
		{D130D202-55D3-4AF9-8F71-B369648EA237}.Release|x64.ActiveCfg = Release|x64
		{D130D202-55D3-4AF9-8F71-B369648EA237}.Release|x64.Build.0 = Release|x64
		{D130D202-55D3-4AF9-8F71-B369648EA237}.Release|x86.ActiveCfg = Release|Win32
		{D130D202-55D3-4AF9-8F71-B369648EA237}.Release|x86.Build.0 = Release|Win32
	EndGlobalSection
	GlobalSection(SolutionProperties) = preSolution
		HideSolutionNode = FALSE
	EndGlobalSection
	GlobalSection(ExtensibilityGlobals) = postSolution
		SolutionGuid = {5A27A652-8FAB-411F-96CE-312F818B668B}
	EndGlobalSection
EndGlobal
